// !$*UTF8*$!
{
	archiveVersion = 1;
	classes = {
	};
	objectVersion = 46;
	objects = {

/* Begin PBXBuildFile section */
		2E15DD1519E15AE300A29E82 /* ForthViewController.m in Sources */ = {isa = PBXBuildFile; fileRef = 2E15DD1319E15AE300A29E82 /* ForthViewController.m */; };
		2E15DD1819E15B2D00A29E82 /* ForthViewController.storyboard in Resources */ = {isa = PBXBuildFile; fileRef = 2E15DD1719E15B2D00A29E82 /* ForthViewController.storyboard */; };
		2E4ACFD719C9B932000E9726 /* Foundation.framework in Frameworks */ = {isa = PBXBuildFile; fileRef = 2E4ACFD619C9B932000E9726 /* Foundation.framework */; };
		2E4ACFD919C9B932000E9726 /* CoreGraphics.framework in Frameworks */ = {isa = PBXBuildFile; fileRef = 2E4ACFD819C9B932000E9726 /* CoreGraphics.framework */; };
		2E4ACFDB19C9B932000E9726 /* UIKit.framework in Frameworks */ = {isa = PBXBuildFile; fileRef = 2E4ACFDA19C9B932000E9726 /* UIKit.framework */; };
		2E4ACFE119C9B932000E9726 /* InfoPlist.strings in Resources */ = {isa = PBXBuildFile; fileRef = 2E4ACFDF19C9B932000E9726 /* InfoPlist.strings */; };
		2E4ACFE319C9B932000E9726 /* main.m in Sources */ = {isa = PBXBuildFile; fileRef = 2E4ACFE219C9B932000E9726 /* main.m */; };
		2E4ACFE719C9B932000E9726 /* ViewMasterAppDelegate.m in Sources */ = {isa = PBXBuildFile; fileRef = 2E4ACFE619C9B932000E9726 /* ViewMasterAppDelegate.m */; };
		2E4ACFE919C9B932000E9726 /* Images.xcassets in Resources */ = {isa = PBXBuildFile; fileRef = 2E4ACFE819C9B932000E9726 /* Images.xcassets */; };
		2E4ACFF019C9B933000E9726 /* XCTest.framework in Frameworks */ = {isa = PBXBuildFile; fileRef = 2E4ACFEF19C9B933000E9726 /* XCTest.framework */; };
		2E4ACFF119C9B933000E9726 /* Foundation.framework in Frameworks */ = {isa = PBXBuildFile; fileRef = 2E4ACFD619C9B932000E9726 /* Foundation.framework */; };
		2E4ACFF219C9B933000E9726 /* UIKit.framework in Frameworks */ = {isa = PBXBuildFile; fileRef = 2E4ACFDA19C9B932000E9726 /* UIKit.framework */; };
		2E4ACFFA19C9B933000E9726 /* InfoPlist.strings in Resources */ = {isa = PBXBuildFile; fileRef = 2E4ACFF819C9B933000E9726 /* InfoPlist.strings */; };
		2E4ACFFC19C9B933000E9726 /* ViewMasterTests.m in Sources */ = {isa = PBXBuildFile; fileRef = 2E4ACFFB19C9B933000E9726 /* ViewMasterTests.m */; };
		2E4AD00B19C9BE47000E9726 /* FirstViewController.m in Sources */ = {isa = PBXBuildFile; fileRef = 2E4AD00919C9BE47000E9726 /* FirstViewController.m */; };
		2E4AD00C19C9BE47000E9726 /* FirstViewController.xib in Resources */ = {isa = PBXBuildFile; fileRef = 2E4AD00A19C9BE47000E9726 /* FirstViewController.xib */; };
		2E4AD01019C9D4B7000E9726 /* ZeroViewController.m in Sources */ = {isa = PBXBuildFile; fileRef = 2E4AD00E19C9D4B7000E9726 /* ZeroViewController.m */; };
		2E4AD01119C9D4B7000E9726 /* ZeroViewController.xib in Resources */ = {isa = PBXBuildFile; fileRef = 2E4AD00F19C9D4B7000E9726 /* ZeroViewController.xib */; };
		2E4AD01519C9D8DF000E9726 /* FirstFirstViewController.m in Sources */ = {isa = PBXBuildFile; fileRef = 2E4AD01319C9D8DF000E9726 /* FirstFirstViewController.m */; };
		2E4AD01619C9D8DF000E9726 /* FirstFirstViewController.xib in Resources */ = {isa = PBXBuildFile; fileRef = 2E4AD01419C9D8DF000E9726 /* FirstFirstViewController.xib */; };
		FD0AFD6919F4BD5000F7A41C /* AddPage.png in Resources */ = {isa = PBXBuildFile; fileRef = FD0AFD5C19F4BD5000F7A41C /* AddPage.png */; };
		FD0AFD6A19F4BD5000F7A41C /* AddPage@2x.png in Resources */ = {isa = PBXBuildFile; fileRef = FD0AFD5D19F4BD5000F7A41C /* AddPage@2x.png */; };
		FD0AFD6B19F4BD5000F7A41C /* Dir.png in Resources */ = {isa = PBXBuildFile; fileRef = FD0AFD5E19F4BD5000F7A41C /* Dir.png */; };
		FD0AFD6C19F4BD5000F7A41C /* Dir@2x.png in Resources */ = {isa = PBXBuildFile; fileRef = FD0AFD5F19F4BD5000F7A41C /* Dir@2x.png */; };
		FD0AFD6D19F4BD5000F7A41C /* jpg.png in Resources */ = {isa = PBXBuildFile; fileRef = FD0AFD6019F4BD5000F7A41C /* jpg.png */; };
		FD0AFD6E19F4BD5000F7A41C /* jpg@2x.png in Resources */ = {isa = PBXBuildFile; fileRef = FD0AFD6119F4BD5000F7A41C /* jpg@2x.png */; };
		FD0AFD6F19F4BD5000F7A41C /* pdf.png in Resources */ = {isa = PBXBuildFile; fileRef = FD0AFD6219F4BD5000F7A41C /* pdf.png */; };
		FD0AFD7019F4BD5000F7A41C /* pdf@2x.png in Resources */ = {isa = PBXBuildFile; fileRef = FD0AFD6319F4BD5000F7A41C /* pdf@2x.png */; };
		FD0AFD7119F4BD5000F7A41C /* png.png in Resources */ = {isa = PBXBuildFile; fileRef = FD0AFD6419F4BD5000F7A41C /* png.png */; };
		FD0AFD7219F4BD5000F7A41C /* png@2x.png in Resources */ = {isa = PBXBuildFile; fileRef = FD0AFD6519F4BD5000F7A41C /* png@2x.png */; };
		FD0AFD7319F4BD5000F7A41C /* third@2x.png in Resources */ = {isa = PBXBuildFile; fileRef = FD0AFD6619F4BD5000F7A41C /* third@2x.png */; };
		FD0AFD7419F4BD5000F7A41C /* Top_Settings.png in Resources */ = {isa = PBXBuildFile; fileRef = FD0AFD6719F4BD5000F7A41C /* Top_Settings.png */; };
		FD0AFD7519F4BD5000F7A41C /* Top_Settings@2x.png in Resources */ = {isa = PBXBuildFile; fileRef = FD0AFD6819F4BD5000F7A41C /* Top_Settings@2x.png */; };
		FD0AFD9719F4BDC600F7A41C /* bearbrick.jpg in Resources */ = {isa = PBXBuildFile; fileRef = FD0AFD7619F4BDC600F7A41C /* bearbrick.jpg */; };
		FD0AFD9819F4BDC600F7A41C /* bearbrick1.jpg in Resources */ = {isa = PBXBuildFile; fileRef = FD0AFD7719F4BDC600F7A41C /* bearbrick1.jpg */; };
		FD0AFD9919F4BDC600F7A41C /* bearbrick2.jpg in Resources */ = {isa = PBXBuildFile; fileRef = FD0AFD7819F4BDC600F7A41C /* bearbrick2.jpg */; };
		FD0AFD9A19F4BDC600F7A41C /* sample_3s.doc in Resources */ = {isa = PBXBuildFile; fileRef = FD0AFD7919F4BDC600F7A41C /* sample_3s.doc */; };
		FD0AFD9B19F4BDC600F7A41C /* sample_3s.xls in Resources */ = {isa = PBXBuildFile; fileRef = FD0AFD7A19F4BDC600F7A41C /* sample_3s.xls */; };
		FD0AFD9C19F4BDC600F7A41C /* sample_pass.pdf in Resources */ = {isa = PBXBuildFile; fileRef = FD0AFD7B19F4BDC600F7A41C /* sample_pass.pdf */; };
		FD0AFD9D19F4BDC600F7A41C /* sample.broken in Resources */ = {isa = PBXBuildFile; fileRef = FD0AFD7C19F4BDC600F7A41C /* sample.broken */; };
		FD0AFD9E19F4BDC600F7A41C /* sample.csv in Resources */ = {isa = PBXBuildFile; fileRef = FD0AFD7D19F4BDC600F7A41C /* sample.csv */; };
		FD0AFD9F19F4BDC600F7A41C /* sample.doc in Resources */ = {isa = PBXBuildFile; fileRef = FD0AFD7E19F4BDC600F7A41C /* sample.doc */; };
		FD0AFDA019F4BDC600F7A41C /* sample.docx in Resources */ = {isa = PBXBuildFile; fileRef = FD0AFD7F19F4BDC600F7A41C /* sample.docx */; };
		FD0AFDA119F4BDC600F7A41C /* sample.gif in Resources */ = {isa = PBXBuildFile; fileRef = FD0AFD8019F4BDC600F7A41C /* sample.gif */; };
		FD0AFDA219F4BDC600F7A41C /* sample.html in Resources */ = {isa = PBXBuildFile; fileRef = FD0AFD8119F4BDC600F7A41C /* sample.html */; };
		FD0AFDA319F4BDC600F7A41C /* sample.jpe in Resources */ = {isa = PBXBuildFile; fileRef = FD0AFD8219F4BDC600F7A41C /* sample.jpe */; };
		FD0AFDA419F4BDC600F7A41C /* sample.jpeg in Resources */ = {isa = PBXBuildFile; fileRef = FD0AFD8319F4BDC600F7A41C /* sample.jpeg */; };
		FD0AFDA519F4BDC600F7A41C /* sample.jpg in Resources */ = {isa = PBXBuildFile; fileRef = FD0AFD8419F4BDC600F7A41C /* sample.jpg */; };
		FD0AFDA619F4BDC600F7A41C /* sample.key in Resources */ = {isa = PBXBuildFile; fileRef = FD0AFD8519F4BDC600F7A41C /* sample.key */; };
		FD0AFDA719F4BDC600F7A41C /* sample.key.zip in Resources */ = {isa = PBXBuildFile; fileRef = FD0AFD8619F4BDC600F7A41C /* sample.key.zip */; };
		FD0AFDA819F4BDC600F7A41C /* sample.pages in Resources */ = {isa = PBXBuildFile; fileRef = FD0AFD8719F4BDC600F7A41C /* sample.pages */; };
		FD0AFDA919F4BDC600F7A41C /* sample.pages.zip in Resources */ = {isa = PBXBuildFile; fileRef = FD0AFD8819F4BDC600F7A41C /* sample.pages.zip */; };
		FD0AFDAA19F4BDC600F7A41C /* sample.pdf in Resources */ = {isa = PBXBuildFile; fileRef = FD0AFD8919F4BDC600F7A41C /* sample.pdf */; };
		FD0AFDAB19F4BDC600F7A41C /* sample.ppt in Resources */ = {isa = PBXBuildFile; fileRef = FD0AFD8A19F4BDC600F7A41C /* sample.ppt */; };
		FD0AFDAC19F4BDC600F7A41C /* sample.pptx in Resources */ = {isa = PBXBuildFile; fileRef = FD0AFD8B19F4BDC600F7A41C /* sample.pptx */; };
		FD0AFDAD19F4BDC600F7A41C /* sample.rtf in Resources */ = {isa = PBXBuildFile; fileRef = FD0AFD8C19F4BDC600F7A41C /* sample.rtf */; };
		FD0AFDAE19F4BDC600F7A41C /* sample.rtfd in Resources */ = {isa = PBXBuildFile; fileRef = FD0AFD8D19F4BDC600F7A41C /* sample.rtfd */; };
		FD0AFDAF19F4BDC600F7A41C /* sample.rtfd.zip in Resources */ = {isa = PBXBuildFile; fileRef = FD0AFD8E19F4BDC600F7A41C /* sample.rtfd.zip */; };
		FD0AFDB019F4BDC600F7A41C /* sample.tif in Resources */ = {isa = PBXBuildFile; fileRef = FD0AFD8F19F4BDC600F7A41C /* sample.tif */; };
		FD0AFDB119F4BDC600F7A41C /* sample.tiff in Resources */ = {isa = PBXBuildFile; fileRef = FD0AFD9019F4BDC600F7A41C /* sample.tiff */; };
		FD0AFDB219F4BDC600F7A41C /* sample.txt in Resources */ = {isa = PBXBuildFile; fileRef = FD0AFD9119F4BDC600F7A41C /* sample.txt */; };
		FD0AFDB319F4BDC600F7A41C /* sample.xls in Resources */ = {isa = PBXBuildFile; fileRef = FD0AFD9219F4BDC600F7A41C /* sample.xls */; };
		FD0AFDB419F4BDC600F7A41C /* sample.xlsx in Resources */ = {isa = PBXBuildFile; fileRef = FD0AFD9319F4BDC600F7A41C /* sample.xlsx */; };
		FD0AFDB519F4BDC600F7A41C /* samplea.numbers in Resources */ = {isa = PBXBuildFile; fileRef = FD0AFD9419F4BDC600F7A41C /* samplea.numbers */; };
		FD0AFDB619F4BDC600F7A41C /* samplea.numbers.zip in Resources */ = {isa = PBXBuildFile; fileRef = FD0AFD9519F4BDC600F7A41C /* samplea.numbers.zip */; };
		FD0AFDD019F5FD7000F7A41C /* QuartzCore.framework in Frameworks */ = {isa = PBXBuildFile; fileRef = FD0AFDCF19F5FD7000F7A41C /* QuartzCore.framework */; };
		FD0AFDD419F5FF3900F7A41C /* EGOlibraryViewController.m in Sources */ = {isa = PBXBuildFile; fileRef = FD0AFDD219F5FF3900F7A41C /* EGOlibraryViewController.m */; };
		FD0AFDD519F5FF3900F7A41C /* EGOlibraryViewController.xib in Resources */ = {isa = PBXBuildFile; fileRef = FD0AFDD319F5FF3900F7A41C /* EGOlibraryViewController.xib */; };
		FD0AFDE419F616AF00F7A41C /* EGORefreshTableHeaderView.m in Sources */ = {isa = PBXBuildFile; fileRef = FD0AFDDA19F616AF00F7A41C /* EGORefreshTableHeaderView.m */; settings = {COMPILER_FLAGS = "-fno-objc-arc"; }; };
		FD0AFDE519F616AF00F7A41C /* blackArrow.png in Resources */ = {isa = PBXBuildFile; fileRef = FD0AFDDC19F616AF00F7A41C /* blackArrow.png */; };
		FD0AFDE619F616AF00F7A41C /* blackArrow@2x.png in Resources */ = {isa = PBXBuildFile; fileRef = FD0AFDDD19F616AF00F7A41C /* blackArrow@2x.png */; };
		FD0AFDE719F616AF00F7A41C /* blueArrow.png in Resources */ = {isa = PBXBuildFile; fileRef = FD0AFDDE19F616AF00F7A41C /* blueArrow.png */; };
		FD0AFDE819F616AF00F7A41C /* blueArrow@2x.png in Resources */ = {isa = PBXBuildFile; fileRef = FD0AFDDF19F616AF00F7A41C /* blueArrow@2x.png */; };
		FD0AFDE919F616AF00F7A41C /* grayArrow.png in Resources */ = {isa = PBXBuildFile; fileRef = FD0AFDE019F616AF00F7A41C /* grayArrow.png */; };
		FD0AFDEA19F616AF00F7A41C /* grayArrow@2x.png in Resources */ = {isa = PBXBuildFile; fileRef = FD0AFDE119F616AF00F7A41C /* grayArrow@2x.png */; };
		FD0AFDEB19F616AF00F7A41C /* whiteArrow.png in Resources */ = {isa = PBXBuildFile; fileRef = FD0AFDE219F616AF00F7A41C /* whiteArrow.png */; };
		FD0AFDEC19F616AF00F7A41C /* whiteArrow@2x.png in Resources */ = {isa = PBXBuildFile; fileRef = FD0AFDE319F616AF00F7A41C /* whiteArrow@2x.png */; };
		FD0AFDEF19F61E6900F7A41C /* EGOlibraryTableViewController.m in Sources */ = {isa = PBXBuildFile; fileRef = FD0AFDEE19F61E6900F7A41C /* EGOlibraryTableViewController.m */; };
		FD0AFE3619F7460300F7A41C /* JASidePanelController.m in Sources */ = {isa = PBXBuildFile; fileRef = FD0AFE3319F7460300F7A41C /* JASidePanelController.m */; };
		FD0AFE3719F7460300F7A41C /* UIViewController+JASidePanel.m in Sources */ = {isa = PBXBuildFile; fileRef = FD0AFE3519F7460300F7A41C /* UIViewController+JASidePanel.m */; };
		FD0AFE3B19F7466900F7A41C /* FBTableViewController.m in Sources */ = {isa = PBXBuildFile; fileRef = FD0AFE3919F7466900F7A41C /* FBTableViewController.m */; };
		FD0AFE3C19F7466900F7A41C /* FBTableViewController.xib in Resources */ = {isa = PBXBuildFile; fileRef = FD0AFE3A19F7466900F7A41C /* FBTableViewController.xib */; };
		FD0AFEEA19F7927100F7A41C /* ReMenuViewController.m in Sources */ = {isa = PBXBuildFile; fileRef = FD0AFEE819F7927100F7A41C /* ReMenuViewController.m */; };
		FD0AFEEB19F7927100F7A41C /* ReMenuViewController.xib in Resources */ = {isa = PBXBuildFile; fileRef = FD0AFEE919F7927100F7A41C /* ReMenuViewController.xib */; };
		FD0AFEEF19F7979100F7A41C /* NavigationViewController.m in Sources */ = {isa = PBXBuildFile; fileRef = FD0AFEEE19F7979100F7A41C /* NavigationViewController.m */; };
		FD0AFEFB19F7997F00F7A41C /* RECommonFunctions.m in Sources */ = {isa = PBXBuildFile; fileRef = FD0AFEF219F7997F00F7A41C /* RECommonFunctions.m */; };
		FD0AFEFC19F7997F00F7A41C /* REMenu.m in Sources */ = {isa = PBXBuildFile; fileRef = FD0AFEF419F7997F00F7A41C /* REMenu.m */; };
		FD0AFEFD19F7997F00F7A41C /* REMenuContainerView.m in Sources */ = {isa = PBXBuildFile; fileRef = FD0AFEF619F7997F00F7A41C /* REMenuContainerView.m */; };
		FD0AFEFE19F7997F00F7A41C /* REMenuItem.m in Sources */ = {isa = PBXBuildFile; fileRef = FD0AFEF819F7997F00F7A41C /* REMenuItem.m */; };
		FD0AFEFF19F7997F00F7A41C /* REMenuItemView.m in Sources */ = {isa = PBXBuildFile; fileRef = FD0AFEFA19F7997F00F7A41C /* REMenuItemView.m */; };
		FD0AFF0219F8997700F7A41C /* HomeViewController.m in Sources */ = {isa = PBXBuildFile; fileRef = FD0AFF0119F8997700F7A41C /* HomeViewController.m */; };
		FD0AFF0519F89A5500F7A41C /* ActivityView.m in Sources */ = {isa = PBXBuildFile; fileRef = FD0AFF0419F89A5500F7A41C /* ActivityView.m */; };
		FD0AFF0819F8A10B00F7A41C /* DeleteView.m in Sources */ = {isa = PBXBuildFile; fileRef = FD0AFF0719F8A10B00F7A41C /* DeleteView.m */; };
		FD0F7DA019ECE7CE003CC5B1 /* WebViewController.m in Sources */ = {isa = PBXBuildFile; fileRef = FD0F7D9E19ECE7CE003CC5B1 /* WebViewController.m */; };
		FD0F7DA119ECE7CE003CC5B1 /* WebViewController.xib in Resources */ = {isa = PBXBuildFile; fileRef = FD0F7D9F19ECE7CE003CC5B1 /* WebViewController.xib */; };
		FD2CE6E019EDF93300963174 /* QuickLookViewController.m in Sources */ = {isa = PBXBuildFile; fileRef = FD2CE6DE19EDF93300963174 /* QuickLookViewController.m */; };
		FD2CE6E119EDF93300963174 /* QuickLookViewController.xib in Resources */ = {isa = PBXBuildFile; fileRef = FD2CE6DF19EDF93300963174 /* QuickLookViewController.xib */; };
		FD2CE6E619EDF9EC00963174 /* SnoopyViewController.xib in Resources */ = {isa = PBXBuildFile; fileRef = FD2CE6E819EDF9EC00963174 /* SnoopyViewController.xib */; };
		FD2CE6EE19EE2B6D00963174 /* FileManageHelp.m in Sources */ = {isa = PBXBuildFile; fileRef = FD2CE6ED19EE2B6D00963174 /* FileManageHelp.m */; };
		FD2CF2DF19CAF346005DC7C5 /* SnoopyViewController.m in Sources */ = {isa = PBXBuildFile; fileRef = FD2CF2DD19CAF346005DC7C5 /* SnoopyViewController.m */; };
		FD33E01719FE221200C2A16A /* SectionTableViewController.m in Sources */ = {isa = PBXBuildFile; fileRef = FD33E01519FE221200C2A16A /* SectionTableViewController.m */; };
		FD33E01819FE221200C2A16A /* SectionTableViewController.xib in Resources */ = {isa = PBXBuildFile; fileRef = FD33E01619FE221200C2A16A /* SectionTableViewController.xib */; };
		FD33E01D19FE31BB00C2A16A /* OneViewController.m in Sources */ = {isa = PBXBuildFile; fileRef = FD33E01B19FE31BB00C2A16A /* OneViewController.m */; };
		FD33E01E19FE31BB00C2A16A /* OneViewController.xib in Resources */ = {isa = PBXBuildFile; fileRef = FD33E01C19FE31BB00C2A16A /* OneViewController.xib */; };
		FD3E804319E21F5500AB37A6 /* ForAlertDialog.m in Sources */ = {isa = PBXBuildFile; fileRef = FD3E804219E21F5500AB37A6 /* ForAlertDialog.m */; };
		FD3E804619E227D300AB37A6 /* CommonUtil.m in Sources */ = {isa = PBXBuildFile; fileRef = FD3E804519E227D300AB37A6 /* CommonUtil.m */; };
		FD9F219019DD12210094C4A5 /* Localizable.strings in Resources */ = {isa = PBXBuildFile; fileRef = FD9F219219DD12210094C4A5 /* Localizable.strings */; };
		FD9F219519DD2B950094C4A5 /* CreateFolderViewController.xib in Resources */ = {isa = PBXBuildFile; fileRef = FD9F219719DD2B950094C4A5 /* CreateFolderViewController.xib */; };
		FDCA7FF419D0305A00EC5CBB /* CreateFolderViewController.m in Sources */ = {isa = PBXBuildFile; fileRef = FDCA7FF219D0305A00EC5CBB /* CreateFolderViewController.m */; };
		FDEDE4CF19DE878300B4151A /* EditViewController.m in Sources */ = {isa = PBXBuildFile; fileRef = FDEDE4CD19DE878300B4151A /* EditViewController.m */; };
/* End PBXBuildFile section */

/* Begin PBXContainerItemProxy section */
		2E4ACFF319C9B933000E9726 /* PBXContainerItemProxy */ = {
			isa = PBXContainerItemProxy;
			containerPortal = 2E4ACFCB19C9B932000E9726 /* Project object */;
			proxyType = 1;
			remoteGlobalIDString = 2E4ACFD219C9B932000E9726;
			remoteInfo = ViewMaster;
		};
/* End PBXContainerItemProxy section */

/* Begin PBXFileReference section */
		2E15DD1219E15AE300A29E82 /* ForthViewController.h */ = {isa = PBXFileReference; fileEncoding = 4; lastKnownFileType = sourcecode.c.h; path = ForthViewController.h; sourceTree = "<group>"; };
		2E15DD1319E15AE300A29E82 /* ForthViewController.m */ = {isa = PBXFileReference; fileEncoding = 4; lastKnownFileType = sourcecode.c.objc; path = ForthViewController.m; sourceTree = "<group>"; };
		2E15DD1719E15B2D00A29E82 /* ForthViewController.storyboard */ = {isa = PBXFileReference; fileEncoding = 4; lastKnownFileType = file.storyboard; path = ForthViewController.storyboard; sourceTree = "<group>"; };
		2E4ACFD319C9B932000E9726 /* ViewMaster.app */ = {isa = PBXFileReference; explicitFileType = wrapper.application; includeInIndex = 0; path = ViewMaster.app; sourceTree = BUILT_PRODUCTS_DIR; };
		2E4ACFD619C9B932000E9726 /* Foundation.framework */ = {isa = PBXFileReference; lastKnownFileType = wrapper.framework; name = Foundation.framework; path = System/Library/Frameworks/Foundation.framework; sourceTree = SDKROOT; };
		2E4ACFD819C9B932000E9726 /* CoreGraphics.framework */ = {isa = PBXFileReference; lastKnownFileType = wrapper.framework; name = CoreGraphics.framework; path = System/Library/Frameworks/CoreGraphics.framework; sourceTree = SDKROOT; };
		2E4ACFDA19C9B932000E9726 /* UIKit.framework */ = {isa = PBXFileReference; lastKnownFileType = wrapper.framework; name = UIKit.framework; path = System/Library/Frameworks/UIKit.framework; sourceTree = SDKROOT; };
		2E4ACFDE19C9B932000E9726 /* ViewMaster-Info.plist */ = {isa = PBXFileReference; lastKnownFileType = text.plist.xml; path = "ViewMaster-Info.plist"; sourceTree = "<group>"; };
		2E4ACFE019C9B932000E9726 /* en */ = {isa = PBXFileReference; lastKnownFileType = text.plist.strings; name = en; path = en.lproj/InfoPlist.strings; sourceTree = "<group>"; };
		2E4ACFE219C9B932000E9726 /* main.m */ = {isa = PBXFileReference; lastKnownFileType = sourcecode.c.objc; path = main.m; sourceTree = "<group>"; };
		2E4ACFE419C9B932000E9726 /* ViewMaster-Prefix.pch */ = {isa = PBXFileReference; lastKnownFileType = sourcecode.c.h; path = "ViewMaster-Prefix.pch"; sourceTree = "<group>"; };
		2E4ACFE519C9B932000E9726 /* ViewMasterAppDelegate.h */ = {isa = PBXFileReference; lastKnownFileType = sourcecode.c.h; path = ViewMasterAppDelegate.h; sourceTree = "<group>"; };
		2E4ACFE619C9B932000E9726 /* ViewMasterAppDelegate.m */ = {isa = PBXFileReference; lastKnownFileType = sourcecode.c.objc; path = ViewMasterAppDelegate.m; sourceTree = "<group>"; };
		2E4ACFE819C9B932000E9726 /* Images.xcassets */ = {isa = PBXFileReference; lastKnownFileType = folder.assetcatalog; path = Images.xcassets; sourceTree = "<group>"; };
		2E4ACFEE19C9B933000E9726 /* ViewMasterTests.xctest */ = {isa = PBXFileReference; explicitFileType = wrapper.cfbundle; includeInIndex = 0; path = ViewMasterTests.xctest; sourceTree = BUILT_PRODUCTS_DIR; };
		2E4ACFEF19C9B933000E9726 /* XCTest.framework */ = {isa = PBXFileReference; lastKnownFileType = wrapper.framework; name = XCTest.framework; path = Library/Frameworks/XCTest.framework; sourceTree = DEVELOPER_DIR; };
		2E4ACFF719C9B933000E9726 /* ViewMasterTests-Info.plist */ = {isa = PBXFileReference; lastKnownFileType = text.plist.xml; path = "ViewMasterTests-Info.plist"; sourceTree = "<group>"; };
		2E4ACFF919C9B933000E9726 /* en */ = {isa = PBXFileReference; lastKnownFileType = text.plist.strings; name = en; path = en.lproj/InfoPlist.strings; sourceTree = "<group>"; };
		2E4ACFFB19C9B933000E9726 /* ViewMasterTests.m */ = {isa = PBXFileReference; lastKnownFileType = sourcecode.c.objc; path = ViewMasterTests.m; sourceTree = "<group>"; };
		2E4AD00819C9BE47000E9726 /* FirstViewController.h */ = {isa = PBXFileReference; fileEncoding = 4; lastKnownFileType = sourcecode.c.h; name = FirstViewController.h; path = ../FirstViewController.h; sourceTree = "<group>"; };
		2E4AD00919C9BE47000E9726 /* FirstViewController.m */ = {isa = PBXFileReference; fileEncoding = 4; lastKnownFileType = sourcecode.c.objc; name = FirstViewController.m; path = ../FirstViewController.m; sourceTree = "<group>"; };
		2E4AD00A19C9BE47000E9726 /* FirstViewController.xib */ = {isa = PBXFileReference; fileEncoding = 4; lastKnownFileType = file.xib; name = FirstViewController.xib; path = ../FirstViewController.xib; sourceTree = "<group>"; };
		2E4AD00D19C9D4B7000E9726 /* ZeroViewController.h */ = {isa = PBXFileReference; fileEncoding = 4; lastKnownFileType = sourcecode.c.h; path = ZeroViewController.h; sourceTree = "<group>"; };
		2E4AD00E19C9D4B7000E9726 /* ZeroViewController.m */ = {isa = PBXFileReference; fileEncoding = 4; lastKnownFileType = sourcecode.c.objc; path = ZeroViewController.m; sourceTree = "<group>"; };
		2E4AD00F19C9D4B7000E9726 /* ZeroViewController.xib */ = {isa = PBXFileReference; fileEncoding = 4; lastKnownFileType = file.xib; path = ZeroViewController.xib; sourceTree = "<group>"; };
		2E4AD01219C9D8DF000E9726 /* FirstFirstViewController.h */ = {isa = PBXFileReference; fileEncoding = 4; lastKnownFileType = sourcecode.c.h; name = FirstFirstViewController.h; path = ../FirstFirstViewController.h; sourceTree = "<group>"; };
		2E4AD01319C9D8DF000E9726 /* FirstFirstViewController.m */ = {isa = PBXFileReference; fileEncoding = 4; lastKnownFileType = sourcecode.c.objc; name = FirstFirstViewController.m; path = ../FirstFirstViewController.m; sourceTree = "<group>"; };
		2E4AD01419C9D8DF000E9726 /* FirstFirstViewController.xib */ = {isa = PBXFileReference; fileEncoding = 4; lastKnownFileType = file.xib; name = FirstFirstViewController.xib; path = ../FirstFirstViewController.xib; sourceTree = "<group>"; };
		FD0AFD5C19F4BD5000F7A41C /* AddPage.png */ = {isa = PBXFileReference; lastKnownFileType = image.png; name = AddPage.png; path = images/icon/AddPage.png; sourceTree = "<group>"; };
		FD0AFD5D19F4BD5000F7A41C /* AddPage@2x.png */ = {isa = PBXFileReference; lastKnownFileType = image.png; name = "AddPage@2x.png"; path = "images/icon/AddPage@2x.png"; sourceTree = "<group>"; };
		FD0AFD5E19F4BD5000F7A41C /* Dir.png */ = {isa = PBXFileReference; lastKnownFileType = image.png; name = Dir.png; path = images/icon/Dir.png; sourceTree = "<group>"; };
		FD0AFD5F19F4BD5000F7A41C /* Dir@2x.png */ = {isa = PBXFileReference; lastKnownFileType = image.png; name = "Dir@2x.png"; path = "images/icon/Dir@2x.png"; sourceTree = "<group>"; };
		FD0AFD6019F4BD5000F7A41C /* jpg.png */ = {isa = PBXFileReference; lastKnownFileType = image.png; name = jpg.png; path = images/icon/jpg.png; sourceTree = "<group>"; };
		FD0AFD6119F4BD5000F7A41C /* jpg@2x.png */ = {isa = PBXFileReference; lastKnownFileType = image.png; name = "jpg@2x.png"; path = "images/icon/jpg@2x.png"; sourceTree = "<group>"; };
		FD0AFD6219F4BD5000F7A41C /* pdf.png */ = {isa = PBXFileReference; lastKnownFileType = image.png; name = pdf.png; path = images/icon/pdf.png; sourceTree = "<group>"; };
		FD0AFD6319F4BD5000F7A41C /* pdf@2x.png */ = {isa = PBXFileReference; lastKnownFileType = image.png; name = "pdf@2x.png"; path = "images/icon/pdf@2x.png"; sourceTree = "<group>"; };
		FD0AFD6419F4BD5000F7A41C /* png.png */ = {isa = PBXFileReference; lastKnownFileType = image.png; name = png.png; path = images/icon/png.png; sourceTree = "<group>"; };
		FD0AFD6519F4BD5000F7A41C /* png@2x.png */ = {isa = PBXFileReference; lastKnownFileType = image.png; name = "png@2x.png"; path = "images/icon/png@2x.png"; sourceTree = "<group>"; };
		FD0AFD6619F4BD5000F7A41C /* third@2x.png */ = {isa = PBXFileReference; lastKnownFileType = image.png; name = "third@2x.png"; path = "images/icon/third@2x.png"; sourceTree = "<group>"; };
		FD0AFD6719F4BD5000F7A41C /* Top_Settings.png */ = {isa = PBXFileReference; lastKnownFileType = image.png; name = Top_Settings.png; path = images/icon/Top_Settings.png; sourceTree = "<group>"; };
		FD0AFD6819F4BD5000F7A41C /* Top_Settings@2x.png */ = {isa = PBXFileReference; lastKnownFileType = image.png; name = "Top_Settings@2x.png"; path = "images/icon/Top_Settings@2x.png"; sourceTree = "<group>"; };
		FD0AFD7619F4BDC600F7A41C /* bearbrick.jpg */ = {isa = PBXFileReference; lastKnownFileType = image.jpeg; name = bearbrick.jpg; path = images/bearbrick.jpg; sourceTree = "<group>"; };
		FD0AFD7719F4BDC600F7A41C /* bearbrick1.jpg */ = {isa = PBXFileReference; lastKnownFileType = image.jpeg; name = bearbrick1.jpg; path = images/bearbrick1.jpg; sourceTree = "<group>"; };
		FD0AFD7819F4BDC600F7A41C /* bearbrick2.jpg */ = {isa = PBXFileReference; lastKnownFileType = image.jpeg; name = bearbrick2.jpg; path = images/bearbrick2.jpg; sourceTree = "<group>"; };
		FD0AFD7919F4BDC600F7A41C /* sample_3s.doc */ = {isa = PBXFileReference; lastKnownFileType = file; name = sample_3s.doc; path = images/sample_3s.doc; sourceTree = "<group>"; };
		FD0AFD7A19F4BDC600F7A41C /* sample_3s.xls */ = {isa = PBXFileReference; lastKnownFileType = file; name = sample_3s.xls; path = images/sample_3s.xls; sourceTree = "<group>"; };
		FD0AFD7B19F4BDC600F7A41C /* sample_pass.pdf */ = {isa = PBXFileReference; lastKnownFileType = image.pdf; name = sample_pass.pdf; path = images/sample_pass.pdf; sourceTree = "<group>"; };
		FD0AFD7C19F4BDC600F7A41C /* sample.broken */ = {isa = PBXFileReference; lastKnownFileType = file; name = sample.broken; path = images/sample.broken; sourceTree = "<group>"; };
		FD0AFD7D19F4BDC600F7A41C /* sample.csv */ = {isa = PBXFileReference; fileEncoding = 4; lastKnownFileType = text; name = sample.csv; path = images/sample.csv; sourceTree = "<group>"; };
		FD0AFD7E19F4BDC600F7A41C /* sample.doc */ = {isa = PBXFileReference; lastKnownFileType = file; name = sample.doc; path = images/sample.doc; sourceTree = "<group>"; };
		FD0AFD7F19F4BDC600F7A41C /* sample.docx */ = {isa = PBXFileReference; lastKnownFileType = file; name = sample.docx; path = images/sample.docx; sourceTree = "<group>"; };
		FD0AFD8019F4BDC600F7A41C /* sample.gif */ = {isa = PBXFileReference; lastKnownFileType = image.gif; name = sample.gif; path = images/sample.gif; sourceTree = "<group>"; };
		FD0AFD8119F4BDC600F7A41C /* sample.html */ = {isa = PBXFileReference; fileEncoding = 4; lastKnownFileType = text.html; name = sample.html; path = images/sample.html; sourceTree = "<group>"; };
		FD0AFD8219F4BDC600F7A41C /* sample.jpe */ = {isa = PBXFileReference; lastKnownFileType = file; name = sample.jpe; path = images/sample.jpe; sourceTree = "<group>"; };
		FD0AFD8319F4BDC600F7A41C /* sample.jpeg */ = {isa = PBXFileReference; lastKnownFileType = image.jpeg; name = sample.jpeg; path = images/sample.jpeg; sourceTree = "<group>"; };
		FD0AFD8419F4BDC600F7A41C /* sample.jpg */ = {isa = PBXFileReference; lastKnownFileType = image.jpeg; name = sample.jpg; path = images/sample.jpg; sourceTree = "<group>"; };
		FD0AFD8519F4BDC600F7A41C /* sample.key */ = {isa = PBXFileReference; lastKnownFileType = wrapper; name = sample.key; path = images/sample.key; sourceTree = "<group>"; };
		FD0AFD8619F4BDC600F7A41C /* sample.key.zip */ = {isa = PBXFileReference; lastKnownFileType = archive.zip; name = sample.key.zip; path = images/sample.key.zip; sourceTree = "<group>"; };
		FD0AFD8719F4BDC600F7A41C /* sample.pages */ = {isa = PBXFileReference; lastKnownFileType = wrapper; name = sample.pages; path = images/sample.pages; sourceTree = "<group>"; };
		FD0AFD8819F4BDC600F7A41C /* sample.pages.zip */ = {isa = PBXFileReference; lastKnownFileType = archive.zip; name = sample.pages.zip; path = images/sample.pages.zip; sourceTree = "<group>"; };
		FD0AFD8919F4BDC600F7A41C /* sample.pdf */ = {isa = PBXFileReference; lastKnownFileType = image.pdf; name = sample.pdf; path = images/sample.pdf; sourceTree = "<group>"; };
		FD0AFD8A19F4BDC600F7A41C /* sample.ppt */ = {isa = PBXFileReference; lastKnownFileType = file; name = sample.ppt; path = images/sample.ppt; sourceTree = "<group>"; };
		FD0AFD8B19F4BDC600F7A41C /* sample.pptx */ = {isa = PBXFileReference; lastKnownFileType = file; name = sample.pptx; path = images/sample.pptx; sourceTree = "<group>"; };
		FD0AFD8C19F4BDC600F7A41C /* sample.rtf */ = {isa = PBXFileReference; fileEncoding = 4; lastKnownFileType = text.rtf; name = sample.rtf; path = images/sample.rtf; sourceTree = "<group>"; };
		FD0AFD8D19F4BDC600F7A41C /* sample.rtfd */ = {isa = PBXFileReference; lastKnownFileType = wrapper.rtfd; name = sample.rtfd; path = images/sample.rtfd; sourceTree = "<group>"; };
		FD0AFD8E19F4BDC600F7A41C /* sample.rtfd.zip */ = {isa = PBXFileReference; lastKnownFileType = archive.zip; name = sample.rtfd.zip; path = images/sample.rtfd.zip; sourceTree = "<group>"; };
		FD0AFD8F19F4BDC600F7A41C /* sample.tif */ = {isa = PBXFileReference; lastKnownFileType = image.tiff; name = sample.tif; path = images/sample.tif; sourceTree = "<group>"; };
		FD0AFD9019F4BDC600F7A41C /* sample.tiff */ = {isa = PBXFileReference; lastKnownFileType = image.tiff; name = sample.tiff; path = images/sample.tiff; sourceTree = "<group>"; };
		FD0AFD9119F4BDC600F7A41C /* sample.txt */ = {isa = PBXFileReference; fileEncoding = 4; lastKnownFileType = text; name = sample.txt; path = images/sample.txt; sourceTree = "<group>"; };
		FD0AFD9219F4BDC600F7A41C /* sample.xls */ = {isa = PBXFileReference; lastKnownFileType = file; name = sample.xls; path = images/sample.xls; sourceTree = "<group>"; };
		FD0AFD9319F4BDC600F7A41C /* sample.xlsx */ = {isa = PBXFileReference; lastKnownFileType = file; name = sample.xlsx; path = images/sample.xlsx; sourceTree = "<group>"; };
		FD0AFD9419F4BDC600F7A41C /* samplea.numbers */ = {isa = PBXFileReference; lastKnownFileType = wrapper; name = samplea.numbers; path = images/samplea.numbers; sourceTree = "<group>"; };
		FD0AFD9519F4BDC600F7A41C /* samplea.numbers.zip */ = {isa = PBXFileReference; lastKnownFileType = archive.zip; name = samplea.numbers.zip; path = images/samplea.numbers.zip; sourceTree = "<group>"; };
		FD0AFDCF19F5FD7000F7A41C /* QuartzCore.framework */ = {isa = PBXFileReference; lastKnownFileType = wrapper.framework; name = QuartzCore.framework; path = System/Library/Frameworks/QuartzCore.framework; sourceTree = SDKROOT; };
		FD0AFDD119F5FF3900F7A41C /* EGOlibraryViewController.h */ = {isa = PBXFileReference; fileEncoding = 4; lastKnownFileType = sourcecode.c.h; path = EGOlibraryViewController.h; sourceTree = "<group>"; };
		FD0AFDD219F5FF3900F7A41C /* EGOlibraryViewController.m */ = {isa = PBXFileReference; fileEncoding = 4; lastKnownFileType = sourcecode.c.objc; path = EGOlibraryViewController.m; sourceTree = "<group>"; };
		FD0AFDD319F5FF3900F7A41C /* EGOlibraryViewController.xib */ = {isa = PBXFileReference; fileEncoding = 4; lastKnownFileType = file.xib; path = EGOlibraryViewController.xib; sourceTree = "<group>"; };
		FD0AFDD919F616AF00F7A41C /* EGORefreshTableHeaderView.h */ = {isa = PBXFileReference; fileEncoding = 4; lastKnownFileType = sourcecode.c.h; path = EGORefreshTableHeaderView.h; sourceTree = "<group>"; };
		FD0AFDDA19F616AF00F7A41C /* EGORefreshTableHeaderView.m */ = {isa = PBXFileReference; fileEncoding = 4; lastKnownFileType = sourcecode.c.objc; path = EGORefreshTableHeaderView.m; sourceTree = "<group>"; };
		FD0AFDDC19F616AF00F7A41C /* blackArrow.png */ = {isa = PBXFileReference; lastKnownFileType = image.png; path = blackArrow.png; sourceTree = "<group>"; };
		FD0AFDDD19F616AF00F7A41C /* blackArrow@2x.png */ = {isa = PBXFileReference; lastKnownFileType = image.png; path = "blackArrow@2x.png"; sourceTree = "<group>"; };
		FD0AFDDE19F616AF00F7A41C /* blueArrow.png */ = {isa = PBXFileReference; lastKnownFileType = image.png; path = blueArrow.png; sourceTree = "<group>"; };
		FD0AFDDF19F616AF00F7A41C /* blueArrow@2x.png */ = {isa = PBXFileReference; lastKnownFileType = image.png; path = "blueArrow@2x.png"; sourceTree = "<group>"; };
		FD0AFDE019F616AF00F7A41C /* grayArrow.png */ = {isa = PBXFileReference; lastKnownFileType = image.png; path = grayArrow.png; sourceTree = "<group>"; };
		FD0AFDE119F616AF00F7A41C /* grayArrow@2x.png */ = {isa = PBXFileReference; lastKnownFileType = image.png; path = "grayArrow@2x.png"; sourceTree = "<group>"; };
		FD0AFDE219F616AF00F7A41C /* whiteArrow.png */ = {isa = PBXFileReference; lastKnownFileType = image.png; path = whiteArrow.png; sourceTree = "<group>"; };
		FD0AFDE319F616AF00F7A41C /* whiteArrow@2x.png */ = {isa = PBXFileReference; lastKnownFileType = image.png; path = "whiteArrow@2x.png"; sourceTree = "<group>"; };
		FD0AFDED19F61E6900F7A41C /* EGOlibraryTableViewController.h */ = {isa = PBXFileReference; fileEncoding = 4; lastKnownFileType = sourcecode.c.h; path = EGOlibraryTableViewController.h; sourceTree = "<group>"; };
		FD0AFDEE19F61E6900F7A41C /* EGOlibraryTableViewController.m */ = {isa = PBXFileReference; fileEncoding = 4; lastKnownFileType = sourcecode.c.objc; path = EGOlibraryTableViewController.m; sourceTree = "<group>"; };
		FD0AFE3219F7460300F7A41C /* JASidePanelController.h */ = {isa = PBXFileReference; fileEncoding = 4; lastKnownFileType = sourcecode.c.h; path = JASidePanelController.h; sourceTree = "<group>"; };
		FD0AFE3319F7460300F7A41C /* JASidePanelController.m */ = {isa = PBXFileReference; fileEncoding = 4; lastKnownFileType = sourcecode.c.objc; path = JASidePanelController.m; sourceTree = "<group>"; };
		FD0AFE3419F7460300F7A41C /* UIViewController+JASidePanel.h */ = {isa = PBXFileReference; fileEncoding = 4; lastKnownFileType = sourcecode.c.h; path = "UIViewController+JASidePanel.h"; sourceTree = "<group>"; };
		FD0AFE3519F7460300F7A41C /* UIViewController+JASidePanel.m */ = {isa = PBXFileReference; fileEncoding = 4; lastKnownFileType = sourcecode.c.objc; path = "UIViewController+JASidePanel.m"; sourceTree = "<group>"; };
		FD0AFE3819F7466900F7A41C /* FBTableViewController.h */ = {isa = PBXFileReference; fileEncoding = 4; lastKnownFileType = sourcecode.c.h; path = FBTableViewController.h; sourceTree = "<group>"; };
		FD0AFE3919F7466900F7A41C /* FBTableViewController.m */ = {isa = PBXFileReference; fileEncoding = 4; lastKnownFileType = sourcecode.c.objc; path = FBTableViewController.m; sourceTree = "<group>"; };
		FD0AFE3A19F7466900F7A41C /* FBTableViewController.xib */ = {isa = PBXFileReference; fileEncoding = 4; lastKnownFileType = file.xib; path = FBTableViewController.xib; sourceTree = "<group>"; };
		FD0AFEE719F7927100F7A41C /* ReMenuViewController.h */ = {isa = PBXFileReference; fileEncoding = 4; lastKnownFileType = sourcecode.c.h; path = ReMenuViewController.h; sourceTree = "<group>"; };
		FD0AFEE819F7927100F7A41C /* ReMenuViewController.m */ = {isa = PBXFileReference; fileEncoding = 4; lastKnownFileType = sourcecode.c.objc; path = ReMenuViewController.m; sourceTree = "<group>"; };
		FD0AFEE919F7927100F7A41C /* ReMenuViewController.xib */ = {isa = PBXFileReference; fileEncoding = 4; lastKnownFileType = file.xib; path = ReMenuViewController.xib; sourceTree = "<group>"; };
		FD0AFEED19F7979100F7A41C /* NavigationViewController.h */ = {isa = PBXFileReference; fileEncoding = 4; lastKnownFileType = sourcecode.c.h; path = NavigationViewController.h; sourceTree = "<group>"; };
		FD0AFEEE19F7979100F7A41C /* NavigationViewController.m */ = {isa = PBXFileReference; fileEncoding = 4; lastKnownFileType = sourcecode.c.objc; path = NavigationViewController.m; sourceTree = "<group>"; };
		FD0AFEF119F7997F00F7A41C /* RECommonFunctions.h */ = {isa = PBXFileReference; fileEncoding = 4; lastKnownFileType = sourcecode.c.h; path = RECommonFunctions.h; sourceTree = "<group>"; };
		FD0AFEF219F7997F00F7A41C /* RECommonFunctions.m */ = {isa = PBXFileReference; fileEncoding = 4; lastKnownFileType = sourcecode.c.objc; path = RECommonFunctions.m; sourceTree = "<group>"; };
		FD0AFEF319F7997F00F7A41C /* REMenu.h */ = {isa = PBXFileReference; fileEncoding = 4; lastKnownFileType = sourcecode.c.h; path = REMenu.h; sourceTree = "<group>"; };
		FD0AFEF419F7997F00F7A41C /* REMenu.m */ = {isa = PBXFileReference; fileEncoding = 4; lastKnownFileType = sourcecode.c.objc; path = REMenu.m; sourceTree = "<group>"; };
		FD0AFEF519F7997F00F7A41C /* REMenuContainerView.h */ = {isa = PBXFileReference; fileEncoding = 4; lastKnownFileType = sourcecode.c.h; path = REMenuContainerView.h; sourceTree = "<group>"; };
		FD0AFEF619F7997F00F7A41C /* REMenuContainerView.m */ = {isa = PBXFileReference; fileEncoding = 4; lastKnownFileType = sourcecode.c.objc; path = REMenuContainerView.m; sourceTree = "<group>"; };
		FD0AFEF719F7997F00F7A41C /* REMenuItem.h */ = {isa = PBXFileReference; fileEncoding = 4; lastKnownFileType = sourcecode.c.h; path = REMenuItem.h; sourceTree = "<group>"; };
		FD0AFEF819F7997F00F7A41C /* REMenuItem.m */ = {isa = PBXFileReference; fileEncoding = 4; lastKnownFileType = sourcecode.c.objc; path = REMenuItem.m; sourceTree = "<group>"; };
		FD0AFEF919F7997F00F7A41C /* REMenuItemView.h */ = {isa = PBXFileReference; fileEncoding = 4; lastKnownFileType = sourcecode.c.h; path = REMenuItemView.h; sourceTree = "<group>"; };
		FD0AFEFA19F7997F00F7A41C /* REMenuItemView.m */ = {isa = PBXFileReference; fileEncoding = 4; lastKnownFileType = sourcecode.c.objc; path = REMenuItemView.m; sourceTree = "<group>"; };
		FD0AFF0019F8997700F7A41C /* HomeViewController.h */ = {isa = PBXFileReference; fileEncoding = 4; lastKnownFileType = sourcecode.c.h; path = HomeViewController.h; sourceTree = "<group>"; };
		FD0AFF0119F8997700F7A41C /* HomeViewController.m */ = {isa = PBXFileReference; fileEncoding = 4; lastKnownFileType = sourcecode.c.objc; path = HomeViewController.m; sourceTree = "<group>"; };
		FD0AFF0319F89A5500F7A41C /* ActivityView.h */ = {isa = PBXFileReference; fileEncoding = 4; lastKnownFileType = sourcecode.c.h; path = ActivityView.h; sourceTree = "<group>"; };
		FD0AFF0419F89A5500F7A41C /* ActivityView.m */ = {isa = PBXFileReference; fileEncoding = 4; lastKnownFileType = sourcecode.c.objc; path = ActivityView.m; sourceTree = "<group>"; };
		FD0AFF0619F8A10B00F7A41C /* DeleteView.h */ = {isa = PBXFileReference; fileEncoding = 4; lastKnownFileType = sourcecode.c.h; path = DeleteView.h; sourceTree = "<group>"; };
		FD0AFF0719F8A10B00F7A41C /* DeleteView.m */ = {isa = PBXFileReference; fileEncoding = 4; lastKnownFileType = sourcecode.c.objc; path = DeleteView.m; sourceTree = "<group>"; };
		FD0F7D9D19ECE7CE003CC5B1 /* WebViewController.h */ = {isa = PBXFileReference; fileEncoding = 4; lastKnownFileType = sourcecode.c.h; path = WebViewController.h; sourceTree = "<group>"; };
		FD0F7D9E19ECE7CE003CC5B1 /* WebViewController.m */ = {isa = PBXFileReference; fileEncoding = 4; lastKnownFileType = sourcecode.c.objc; path = WebViewController.m; sourceTree = "<group>"; };
		FD0F7D9F19ECE7CE003CC5B1 /* WebViewController.xib */ = {isa = PBXFileReference; fileEncoding = 4; lastKnownFileType = file.xib; path = WebViewController.xib; sourceTree = "<group>"; };
		FD2CE6DD19EDF93300963174 /* QuickLookViewController.h */ = {isa = PBXFileReference; fileEncoding = 4; lastKnownFileType = sourcecode.c.h; path = QuickLookViewController.h; sourceTree = "<group>"; };
		FD2CE6DE19EDF93300963174 /* QuickLookViewController.m */ = {isa = PBXFileReference; fileEncoding = 4; lastKnownFileType = sourcecode.c.objc; path = QuickLookViewController.m; sourceTree = "<group>"; };
		FD2CE6DF19EDF93300963174 /* QuickLookViewController.xib */ = {isa = PBXFileReference; fileEncoding = 4; lastKnownFileType = file.xib; path = QuickLookViewController.xib; sourceTree = "<group>"; };
		FD2CE6E219EDF9D500963174 /* de */ = {isa = PBXFileReference; lastKnownFileType = file.xib; name = de; path = de.lproj/CreateFolderViewController.xib; sourceTree = "<group>"; };
		FD2CE6E319EDF9D500963174 /* de */ = {isa = PBXFileReference; lastKnownFileType = text.plist.strings; name = de; path = de.lproj/InfoPlist.strings; sourceTree = "<group>"; };
		FD2CE6E419EDF9D500963174 /* de */ = {isa = PBXFileReference; lastKnownFileType = text.plist.strings; name = de; path = de.lproj/Localizable.strings; sourceTree = "<group>"; };
		FD2CE6E519EDF9D500963174 /* de */ = {isa = PBXFileReference; lastKnownFileType = text.plist.strings; name = de; path = de.lproj/InfoPlist.strings; sourceTree = "<group>"; };
		FD2CE6E719EDF9EC00963174 /* en */ = {isa = PBXFileReference; lastKnownFileType = file.xib; name = en; path = en.lproj/SnoopyViewController.xib; sourceTree = "<group>"; };
		FD2CE6E919EDF9F200963174 /* ja */ = {isa = PBXFileReference; lastKnownFileType = file.xib; name = ja; path = ja.lproj/SnoopyViewController.xib; sourceTree = "<group>"; };
		FD2CE6EC19EE2B6D00963174 /* FileManageHelp.h */ = {isa = PBXFileReference; fileEncoding = 4; lastKnownFileType = sourcecode.c.h; path = FileManageHelp.h; sourceTree = "<group>"; };
		FD2CE6ED19EE2B6D00963174 /* FileManageHelp.m */ = {isa = PBXFileReference; fileEncoding = 4; lastKnownFileType = sourcecode.c.objc; path = FileManageHelp.m; sourceTree = "<group>"; };
		FD2CF2DC19CAF346005DC7C5 /* SnoopyViewController.h */ = {isa = PBXFileReference; fileEncoding = 4; lastKnownFileType = sourcecode.c.h; path = SnoopyViewController.h; sourceTree = "<group>"; };
		FD2CF2DD19CAF346005DC7C5 /* SnoopyViewController.m */ = {isa = PBXFileReference; fileEncoding = 4; lastKnownFileType = sourcecode.c.objc; path = SnoopyViewController.m; sourceTree = "<group>"; };
		FD33E01419FE221200C2A16A /* SectionTableViewController.h */ = {isa = PBXFileReference; fileEncoding = 4; lastKnownFileType = sourcecode.c.h; path = SectionTableViewController.h; sourceTree = "<group>"; };
		FD33E01519FE221200C2A16A /* SectionTableViewController.m */ = {isa = PBXFileReference; fileEncoding = 4; lastKnownFileType = sourcecode.c.objc; path = SectionTableViewController.m; sourceTree = "<group>"; };
		FD33E01619FE221200C2A16A /* SectionTableViewController.xib */ = {isa = PBXFileReference; fileEncoding = 4; lastKnownFileType = file.xib; path = SectionTableViewController.xib; sourceTree = "<group>"; };
		FD33E01A19FE31BB00C2A16A /* OneViewController.h */ = {isa = PBXFileReference; fileEncoding = 4; lastKnownFileType = sourcecode.c.h; path = OneViewController.h; sourceTree = "<group>"; };
		FD33E01B19FE31BB00C2A16A /* OneViewController.m */ = {isa = PBXFileReference; fileEncoding = 4; lastKnownFileType = sourcecode.c.objc; path = OneViewController.m; sourceTree = "<group>"; };
		FD33E01C19FE31BB00C2A16A /* OneViewController.xib */ = {isa = PBXFileReference; fileEncoding = 4; lastKnownFileType = file.xib; path = OneViewController.xib; sourceTree = "<group>"; };
		FD3E804119E21F5500AB37A6 /* ForAlertDialog.h */ = {isa = PBXFileReference; fileEncoding = 4; lastKnownFileType = sourcecode.c.h; name = ForAlertDialog.h; path = ../ForAlertDialog.h; sourceTree = "<group>"; };
		FD3E804219E21F5500AB37A6 /* ForAlertDialog.m */ = {isa = PBXFileReference; fileEncoding = 4; lastKnownFileType = sourcecode.c.objc; name = ForAlertDialog.m; path = ../ForAlertDialog.m; sourceTree = "<group>"; };
		FD3E804419E227D300AB37A6 /* CommonUtil.h */ = {isa = PBXFileReference; fileEncoding = 4; lastKnownFileType = sourcecode.c.h; path = CommonUtil.h; sourceTree = "<group>"; };
		FD3E804519E227D300AB37A6 /* CommonUtil.m */ = {isa = PBXFileReference; fileEncoding = 4; lastKnownFileType = sourcecode.c.objc; path = CommonUtil.m; sourceTree = "<group>"; };
		FD9F218919DD11730094C4A5 /* Define.h */ = {isa = PBXFileReference; fileEncoding = 4; lastKnownFileType = sourcecode.c.h; path = Define.h; sourceTree = "<group>"; };
		FD9F218C19DD12010094C4A5 /* ja */ = {isa = PBXFileReference; lastKnownFileType = text.plist.strings; name = ja; path = ja.lproj/InfoPlist.strings; sourceTree = "<group>"; };
		FD9F218D19DD12010094C4A5 /* ja */ = {isa = PBXFileReference; lastKnownFileType = text.plist.strings; name = ja; path = ja.lproj/InfoPlist.strings; sourceTree = "<group>"; };
		FD9F218E19DD12130094C4A5 /* fr */ = {isa = PBXFileReference; lastKnownFileType = text.plist.strings; name = fr; path = fr.lproj/InfoPlist.strings; sourceTree = "<group>"; };
		FD9F218F19DD12130094C4A5 /* fr */ = {isa = PBXFileReference; lastKnownFileType = text.plist.strings; name = fr; path = fr.lproj/InfoPlist.strings; sourceTree = "<group>"; };
		FD9F219119DD12210094C4A5 /* en */ = {isa = PBXFileReference; lastKnownFileType = text.plist.strings; name = en; path = en.lproj/Localizable.strings; sourceTree = "<group>"; };
		FD9F219319DD12240094C4A5 /* ja */ = {isa = PBXFileReference; lastKnownFileType = text.plist.strings; name = ja; path = ja.lproj/Localizable.strings; sourceTree = "<group>"; };
		FD9F219419DD12260094C4A5 /* fr */ = {isa = PBXFileReference; lastKnownFileType = text.plist.strings; name = fr; path = fr.lproj/Localizable.strings; sourceTree = "<group>"; };
		FD9F219619DD2B950094C4A5 /* en */ = {isa = PBXFileReference; lastKnownFileType = file.xib; name = en; path = en.lproj/CreateFolderViewController.xib; sourceTree = "<group>"; };
		FD9F219819DD2B9C0094C4A5 /* ja */ = {isa = PBXFileReference; lastKnownFileType = file.xib; name = ja; path = ja.lproj/CreateFolderViewController.xib; sourceTree = "<group>"; };
		FD9F219919DD2BA60094C4A5 /* fr */ = {isa = PBXFileReference; lastKnownFileType = file.xib; name = fr; path = fr.lproj/CreateFolderViewController.xib; sourceTree = "<group>"; };
		FDCA7FF119D0305A00EC5CBB /* CreateFolderViewController.h */ = {isa = PBXFileReference; fileEncoding = 4; lastKnownFileType = sourcecode.c.h; path = CreateFolderViewController.h; sourceTree = "<group>"; };
		FDCA7FF219D0305A00EC5CBB /* CreateFolderViewController.m */ = {isa = PBXFileReference; fileEncoding = 4; lastKnownFileType = sourcecode.c.objc; path = CreateFolderViewController.m; sourceTree = "<group>"; };
		FDEDE4CC19DE878300B4151A /* EditViewController.h */ = {isa = PBXFileReference; fileEncoding = 4; lastKnownFileType = sourcecode.c.h; name = EditViewController.h; path = ../EditViewController.h; sourceTree = "<group>"; };
		FDEDE4CD19DE878300B4151A /* EditViewController.m */ = {isa = PBXFileReference; fileEncoding = 4; lastKnownFileType = sourcecode.c.objc; name = EditViewController.m; path = ../EditViewController.m; sourceTree = "<group>"; };
/* End PBXFileReference section */

/* Begin PBXFrameworksBuildPhase section */
		2E4ACFD019C9B932000E9726 /* Frameworks */ = {
			isa = PBXFrameworksBuildPhase;
			buildActionMask = 2147483647;
			files = (
				FD0AFDD019F5FD7000F7A41C /* QuartzCore.framework in Frameworks */,
				2E4ACFD919C9B932000E9726 /* CoreGraphics.framework in Frameworks */,
				2E4ACFDB19C9B932000E9726 /* UIKit.framework in Frameworks */,
				2E4ACFD719C9B932000E9726 /* Foundation.framework in Frameworks */,
			);
			runOnlyForDeploymentPostprocessing = 0;
		};
		2E4ACFEB19C9B933000E9726 /* Frameworks */ = {
			isa = PBXFrameworksBuildPhase;
			buildActionMask = 2147483647;
			files = (
				2E4ACFF019C9B933000E9726 /* XCTest.framework in Frameworks */,
				2E4ACFF219C9B933000E9726 /* UIKit.framework in Frameworks */,
				2E4ACFF119C9B933000E9726 /* Foundation.framework in Frameworks */,
			);
			runOnlyForDeploymentPostprocessing = 0;
		};
/* End PBXFrameworksBuildPhase section */

/* Begin PBXGroup section */
		2E4ACFCA19C9B932000E9726 = {
			isa = PBXGroup;
			children = (
				2E4ACFDC19C9B932000E9726 /* ViewMaster */,
				2E4ACFF519C9B933000E9726 /* ViewMasterTests */,
				2E4ACFD519C9B932000E9726 /* Frameworks */,
				2E4ACFD419C9B932000E9726 /* Products */,
			);
			sourceTree = "<group>";
		};
		2E4ACFD419C9B932000E9726 /* Products */ = {
			isa = PBXGroup;
			children = (
				2E4ACFD319C9B932000E9726 /* ViewMaster.app */,
				2E4ACFEE19C9B933000E9726 /* ViewMasterTests.xctest */,
			);
			name = Products;
			sourceTree = "<group>";
		};
		2E4ACFD519C9B932000E9726 /* Frameworks */ = {
			isa = PBXGroup;
			children = (
				FD0AFDCF19F5FD7000F7A41C /* QuartzCore.framework */,
				2E4ACFD619C9B932000E9726 /* Foundation.framework */,
				2E4ACFD819C9B932000E9726 /* CoreGraphics.framework */,
				2E4ACFDA19C9B932000E9726 /* UIKit.framework */,
				2E4ACFEF19C9B933000E9726 /* XCTest.framework */,
			);
			name = Frameworks;
			sourceTree = "<group>";
		};
		2E4ACFDC19C9B932000E9726 /* ViewMaster */ = {
			isa = PBXGroup;
			children = (
				FD3E804719E227EC00AB37A6 /* ViewController */,
				FD3E804119E21F5500AB37A6 /* ForAlertDialog.h */,
				FD3E804219E21F5500AB37A6 /* ForAlertDialog.m */,
				2E4ACFE819C9B932000E9726 /* Images.xcassets */,
				2E4ACFE519C9B932000E9726 /* ViewMasterAppDelegate.h */,
				2E4ACFE619C9B932000E9726 /* ViewMasterAppDelegate.m */,
				FD9F218919DD11730094C4A5 /* Define.h */,
				FD3E804419E227D300AB37A6 /* CommonUtil.h */,
				FD3E804519E227D300AB37A6 /* CommonUtil.m */,
				FD2CE6EC19EE2B6D00963174 /* FileManageHelp.h */,
				FD2CE6ED19EE2B6D00963174 /* FileManageHelp.m */,
				2E4ACFDD19C9B932000E9726 /* Supporting Files */,
				FD0AFE1019F645B100F7A41C /* library */,
			);
			path = ViewMaster;
			sourceTree = "<group>";
		};
		2E4ACFDD19C9B932000E9726 /* Supporting Files */ = {
			isa = PBXGroup;
			children = (
				FD66C22019D2D7AF00131A8B /* ImagePicture */,
				2E562FA319F2896B00ACEB4D /* icon_pic */,
				2E4ACFDE19C9B932000E9726 /* ViewMaster-Info.plist */,
				2E4ACFDF19C9B932000E9726 /* InfoPlist.strings */,
				2E4ACFE219C9B932000E9726 /* main.m */,
				2E4ACFE419C9B932000E9726 /* ViewMaster-Prefix.pch */,
				FD383BEC19DD2F8C00F3A678 /* Resouce */,
			);
			name = "Supporting Files";
			sourceTree = "<group>";
		};
		2E4ACFF519C9B933000E9726 /* ViewMasterTests */ = {
			isa = PBXGroup;
			children = (
				2E4ACFFB19C9B933000E9726 /* ViewMasterTests.m */,
				2E4ACFF619C9B933000E9726 /* Supporting Files */,
			);
			path = ViewMasterTests;
			sourceTree = "<group>";
		};
		2E4ACFF619C9B933000E9726 /* Supporting Files */ = {
			isa = PBXGroup;
			children = (
				2E4ACFF719C9B933000E9726 /* ViewMasterTests-Info.plist */,
				2E4ACFF819C9B933000E9726 /* InfoPlist.strings */,
			);
			name = "Supporting Files";
			sourceTree = "<group>";
		};
		2E562FA319F2896B00ACEB4D /* icon_pic */ = {
			isa = PBXGroup;
			children = (
				FD0AFD5C19F4BD5000F7A41C /* AddPage.png */,
				FD0AFD5D19F4BD5000F7A41C /* AddPage@2x.png */,
				FD0AFD5E19F4BD5000F7A41C /* Dir.png */,
				FD0AFD5F19F4BD5000F7A41C /* Dir@2x.png */,
				FD0AFD6019F4BD5000F7A41C /* jpg.png */,
				FD0AFD6119F4BD5000F7A41C /* jpg@2x.png */,
				FD0AFD6219F4BD5000F7A41C /* pdf.png */,
				FD0AFD6319F4BD5000F7A41C /* pdf@2x.png */,
				FD0AFD6419F4BD5000F7A41C /* png.png */,
				FD0AFD6519F4BD5000F7A41C /* png@2x.png */,
				FD0AFD6619F4BD5000F7A41C /* third@2x.png */,
				FD0AFD6719F4BD5000F7A41C /* Top_Settings.png */,
				FD0AFD6819F4BD5000F7A41C /* Top_Settings@2x.png */,
			);
			name = icon_pic;
			sourceTree = "<group>";
		};
		FD0AFDD619F616AF00F7A41C /* EGOTableViewPullRefresh */ = {
			isa = PBXGroup;
			children = (
				FD0AFDD719F616AF00F7A41C /* Classes */,
				FD0AFDDB19F616AF00F7A41C /* Resources */,
			);
			name = EGOTableViewPullRefresh;
			path = library/EGOTableViewPullRefresh;
			sourceTree = "<group>";
		};
		FD0AFDD719F616AF00F7A41C /* Classes */ = {
			isa = PBXGroup;
			children = (
				FD0AFDD819F616AF00F7A41C /* View */,
			);
			path = Classes;
			sourceTree = "<group>";
		};
		FD0AFDD819F616AF00F7A41C /* View */ = {
			isa = PBXGroup;
			children = (
				FD0AFDD919F616AF00F7A41C /* EGORefreshTableHeaderView.h */,
				FD0AFDDA19F616AF00F7A41C /* EGORefreshTableHeaderView.m */,
			);
			path = View;
			sourceTree = "<group>";
		};
		FD0AFDDB19F616AF00F7A41C /* Resources */ = {
			isa = PBXGroup;
			children = (
				FD0AFDDC19F616AF00F7A41C /* blackArrow.png */,
				FD0AFDDD19F616AF00F7A41C /* blackArrow@2x.png */,
				FD0AFDDE19F616AF00F7A41C /* blueArrow.png */,
				FD0AFDDF19F616AF00F7A41C /* blueArrow@2x.png */,
				FD0AFDE019F616AF00F7A41C /* grayArrow.png */,
				FD0AFDE119F616AF00F7A41C /* grayArrow@2x.png */,
				FD0AFDE219F616AF00F7A41C /* whiteArrow.png */,
				FD0AFDE319F616AF00F7A41C /* whiteArrow@2x.png */,
			);
			path = Resources;
			sourceTree = "<group>";
		};
		FD0AFE1019F645B100F7A41C /* library */ = {
			isa = PBXGroup;
			children = (
				FD0AFEF019F7997F00F7A41C /* REMenu */,
				FD0AFE3119F7460300F7A41C /* Source */,
				FD0AFDD619F616AF00F7A41C /* EGOTableViewPullRefresh */,
			);
			name = library;
			path = ..;
			sourceTree = "<group>";
		};
		FD0AFE3119F7460300F7A41C /* Source */ = {
			isa = PBXGroup;
			children = (
				FD0AFE3219F7460300F7A41C /* JASidePanelController.h */,
				FD0AFE3319F7460300F7A41C /* JASidePanelController.m */,
				FD0AFE3419F7460300F7A41C /* UIViewController+JASidePanel.h */,
				FD0AFE3519F7460300F7A41C /* UIViewController+JASidePanel.m */,
			);
			path = Source;
			sourceTree = "<group>";
		};
		FD0AFE6F19F764BF00F7A41C /* WebView */ = {
			isa = PBXGroup;
			children = (
				2E4AD00D19C9D4B7000E9726 /* ZeroViewController.h */,
				2E4AD00E19C9D4B7000E9726 /* ZeroViewController.m */,
				2E4AD00F19C9D4B7000E9726 /* ZeroViewController.xib */,
				FD33E01A19FE31BB00C2A16A /* OneViewController.h */,
				FD33E01B19FE31BB00C2A16A /* OneViewController.m */,
				FD33E01C19FE31BB00C2A16A /* OneViewController.xib */,
				FD0F7D9D19ECE7CE003CC5B1 /* WebViewController.h */,
				FD0F7D9E19ECE7CE003CC5B1 /* WebViewController.m */,
				FD0F7D9F19ECE7CE003CC5B1 /* WebViewController.xib */,
			);
			name = WebView;
			sourceTree = "<group>";
		};
		FD0AFE7019F764DE00F7A41C /* CreateFolderView */ = {
			isa = PBXGroup;
			children = (
				2E4AD01219C9D8DF000E9726 /* FirstFirstViewController.h */,
				2E4AD01319C9D8DF000E9726 /* FirstFirstViewController.m */,
				2E4AD01419C9D8DF000E9726 /* FirstFirstViewController.xib */,
				FD2CF2DC19CAF346005DC7C5 /* SnoopyViewController.h */,
				FD2CF2DD19CAF346005DC7C5 /* SnoopyViewController.m */,
				FD2CE6E819EDF9EC00963174 /* SnoopyViewController.xib */,
				FDCA7FF119D0305A00EC5CBB /* CreateFolderViewController.h */,
				FDCA7FF219D0305A00EC5CBB /* CreateFolderViewController.m */,
				FD9F219719DD2B950094C4A5 /* CreateFolderViewController.xib */,
			);
			name = CreateFolderView;
			sourceTree = "<group>";
		};
		FD0AFE7119F7650200F7A41C /* EditView */ = {
			isa = PBXGroup;
			children = (
				FDEDE4CC19DE878300B4151A /* EditViewController.h */,
				FDEDE4CD19DE878300B4151A /* EditViewController.m */,
			);
			name = EditView;
			sourceTree = "<group>";
		};
		FD0AFE7219F7651C00F7A41C /* StoryBoard */ = {
			isa = PBXGroup;
			children = (
				2E15DD1219E15AE300A29E82 /* ForthViewController.h */,
				2E15DD1319E15AE300A29E82 /* ForthViewController.m */,
				2E15DD1719E15B2D00A29E82 /* ForthViewController.storyboard */,
			);
			name = StoryBoard;
			sourceTree = "<group>";
		};
		FD0AFE7319F7653800F7A41C /* QuickLook */ = {
			isa = PBXGroup;
			children = (
				FD2CE6DD19EDF93300963174 /* QuickLookViewController.h */,
				FD2CE6DE19EDF93300963174 /* QuickLookViewController.m */,
				FD2CE6DF19EDF93300963174 /* QuickLookViewController.xib */,
			);
			name = QuickLook;
			sourceTree = "<group>";
		};
		FD0AFE7419F7655F00F7A41C /* EgoLibraryView */ = {
			isa = PBXGroup;
			children = (
				FD0AFDD119F5FF3900F7A41C /* EGOlibraryViewController.h */,
				FD0AFDD219F5FF3900F7A41C /* EGOlibraryViewController.m */,
				FD0AFDD319F5FF3900F7A41C /* EGOlibraryViewController.xib */,
				FD0AFDED19F61E6900F7A41C /* EGOlibraryTableViewController.h */,
				FD0AFDEE19F61E6900F7A41C /* EGOlibraryTableViewController.m */,
			);
			name = EgoLibraryView;
			sourceTree = "<group>";
		};
		FD0AFE7519F7658500F7A41C /* FaceBookMenu */ = {
			isa = PBXGroup;
			children = (
				FD0AFE3819F7466900F7A41C /* FBTableViewController.h */,
				FD0AFE3919F7466900F7A41C /* FBTableViewController.m */,
				FD0AFE3A19F7466900F7A41C /* FBTableViewController.xib */,
			);
			name = FaceBookMenu;
			sourceTree = "<group>";
		};
		FD0AFEEC19F7927A00F7A41C /* ReMenuView */ = {
			isa = PBXGroup;
			children = (
				FD0AFEE719F7927100F7A41C /* ReMenuViewController.h */,
				FD0AFEE819F7927100F7A41C /* ReMenuViewController.m */,
				FD0AFEE919F7927100F7A41C /* ReMenuViewController.xib */,
				FD0AFF0019F8997700F7A41C /* HomeViewController.h */,
				FD0AFF0119F8997700F7A41C /* HomeViewController.m */,
				FD0AFEED19F7979100F7A41C /* NavigationViewController.h */,
				FD0AFEEE19F7979100F7A41C /* NavigationViewController.m */,
				FD0AFF0319F89A5500F7A41C /* ActivityView.h */,
				FD0AFF0419F89A5500F7A41C /* ActivityView.m */,
				FD0AFF0619F8A10B00F7A41C /* DeleteView.h */,
				FD0AFF0719F8A10B00F7A41C /* DeleteView.m */,
			);
			name = ReMenuView;
			sourceTree = "<group>";
		};
		FD0AFEF019F7997F00F7A41C /* REMenu */ = {
			isa = PBXGroup;
			children = (
				FD0AFEF119F7997F00F7A41C /* RECommonFunctions.h */,
				FD0AFEF219F7997F00F7A41C /* RECommonFunctions.m */,
				FD0AFEF319F7997F00F7A41C /* REMenu.h */,
				FD0AFEF419F7997F00F7A41C /* REMenu.m */,
				FD0AFEF519F7997F00F7A41C /* REMenuContainerView.h */,
				FD0AFEF619F7997F00F7A41C /* REMenuContainerView.m */,
				FD0AFEF719F7997F00F7A41C /* REMenuItem.h */,
				FD0AFEF819F7997F00F7A41C /* REMenuItem.m */,
				FD0AFEF919F7997F00F7A41C /* REMenuItemView.h */,
				FD0AFEFA19F7997F00F7A41C /* REMenuItemView.m */,
			);
			name = REMenu;
			path = "../★OPEN_LIBRARY/REMenu-master/REMenu";
			sourceTree = "<group>";
		};
		FD33E01919FE221800C2A16A /* SectionView */ = {
			isa = PBXGroup;
			children = (
				FD33E01419FE221200C2A16A /* SectionTableViewController.h */,
				FD33E01519FE221200C2A16A /* SectionTableViewController.m */,
				FD33E01619FE221200C2A16A /* SectionTableViewController.xib */,
			);
			name = SectionView;
			sourceTree = "<group>";
		};
		FD383BEC19DD2F8C00F3A678 /* Resouce */ = {
			isa = PBXGroup;
			children = (
				FD9F219219DD12210094C4A5 /* Localizable.strings */,
			);
			name = Resouce;
			sourceTree = "<group>";
		};
		FD3E804719E227EC00AB37A6 /* ViewController */ = {
			isa = PBXGroup;
			children = (
				2E4AD00819C9BE47000E9726 /* FirstViewController.h */,
				2E4AD00919C9BE47000E9726 /* FirstViewController.m */,
				2E4AD00A19C9BE47000E9726 /* FirstViewController.xib */,
				FD0AFE6F19F764BF00F7A41C /* WebView */,
				FD0AFE7019F764DE00F7A41C /* CreateFolderView */,
				FD0AFE7119F7650200F7A41C /* EditView */,
				FD0AFE7219F7651C00F7A41C /* StoryBoard */,
				FD0AFE7319F7653800F7A41C /* QuickLook */,
				FD0AFE7419F7655F00F7A41C /* EgoLibraryView */,
				FD0AFE7519F7658500F7A41C /* FaceBookMenu */,
				FD0AFEEC19F7927A00F7A41C /* ReMenuView */,
				FD33E01919FE221800C2A16A /* SectionView */,
			);
			name = ViewController;
			sourceTree = "<group>";
		};
		FD66C22019D2D7AF00131A8B /* ImagePicture */ = {
			isa = PBXGroup;
			children = (
				FD0AFD7619F4BDC600F7A41C /* bearbrick.jpg */,
				FD0AFD7719F4BDC600F7A41C /* bearbrick1.jpg */,
				FD0AFD7819F4BDC600F7A41C /* bearbrick2.jpg */,
				FD0AFD7919F4BDC600F7A41C /* sample_3s.doc */,
				FD0AFD7A19F4BDC600F7A41C /* sample_3s.xls */,
				FD0AFD7B19F4BDC600F7A41C /* sample_pass.pdf */,
				FD0AFD7C19F4BDC600F7A41C /* sample.broken */,
				FD0AFD7D19F4BDC600F7A41C /* sample.csv */,
				FD0AFD7E19F4BDC600F7A41C /* sample.doc */,
				FD0AFD7F19F4BDC600F7A41C /* sample.docx */,
				FD0AFD8019F4BDC600F7A41C /* sample.gif */,
				FD0AFD8119F4BDC600F7A41C /* sample.html */,
				FD0AFD8219F4BDC600F7A41C /* sample.jpe */,
				FD0AFD8319F4BDC600F7A41C /* sample.jpeg */,
				FD0AFD8419F4BDC600F7A41C /* sample.jpg */,
				FD0AFD8519F4BDC600F7A41C /* sample.key */,
				FD0AFD8619F4BDC600F7A41C /* sample.key.zip */,
				FD0AFD8719F4BDC600F7A41C /* sample.pages */,
				FD0AFD8819F4BDC600F7A41C /* sample.pages.zip */,
				FD0AFD8919F4BDC600F7A41C /* sample.pdf */,
				FD0AFD8A19F4BDC600F7A41C /* sample.ppt */,
				FD0AFD8B19F4BDC600F7A41C /* sample.pptx */,
				FD0AFD8C19F4BDC600F7A41C /* sample.rtf */,
				FD0AFD8D19F4BDC600F7A41C /* sample.rtfd */,
				FD0AFD8E19F4BDC600F7A41C /* sample.rtfd.zip */,
				FD0AFD8F19F4BDC600F7A41C /* sample.tif */,
				FD0AFD9019F4BDC600F7A41C /* sample.tiff */,
				FD0AFD9119F4BDC600F7A41C /* sample.txt */,
				FD0AFD9219F4BDC600F7A41C /* sample.xls */,
				FD0AFD9319F4BDC600F7A41C /* sample.xlsx */,
				FD0AFD9419F4BDC600F7A41C /* samplea.numbers */,
				FD0AFD9519F4BDC600F7A41C /* samplea.numbers.zip */,
			);
			name = ImagePicture;
			sourceTree = "<group>";
		};
/* End PBXGroup section */

/* Begin PBXNativeTarget section */
		2E4ACFD219C9B932000E9726 /* ViewMaster */ = {
			isa = PBXNativeTarget;
			buildConfigurationList = 2E4ACFFF19C9B933000E9726 /* Build configuration list for PBXNativeTarget "ViewMaster" */;
			buildPhases = (
				2E4ACFCF19C9B932000E9726 /* Sources */,
				2E4ACFD019C9B932000E9726 /* Frameworks */,
				2E4ACFD119C9B932000E9726 /* Resources */,
			);
			buildRules = (
			);
			dependencies = (
			);
			name = ViewMaster;
			productName = ViewMaster;
			productReference = 2E4ACFD319C9B932000E9726 /* ViewMaster.app */;
			productType = "com.apple.product-type.application";
		};
		2E4ACFED19C9B933000E9726 /* ViewMasterTests */ = {
			isa = PBXNativeTarget;
			buildConfigurationList = 2E4AD00219C9B933000E9726 /* Build configuration list for PBXNativeTarget "ViewMasterTests" */;
			buildPhases = (
				2E4ACFEA19C9B933000E9726 /* Sources */,
				2E4ACFEB19C9B933000E9726 /* Frameworks */,
				2E4ACFEC19C9B933000E9726 /* Resources */,
			);
			buildRules = (
			);
			dependencies = (
				2E4ACFF419C9B933000E9726 /* PBXTargetDependency */,
			);
			name = ViewMasterTests;
			productName = ViewMasterTests;
			productReference = 2E4ACFEE19C9B933000E9726 /* ViewMasterTests.xctest */;
			productType = "com.apple.product-type.bundle.unit-test";
		};
/* End PBXNativeTarget section */

/* Begin PBXProject section */
		2E4ACFCB19C9B932000E9726 /* Project object */ = {
			isa = PBXProject;
			attributes = {
				CLASSPREFIX = ViewMaster;
				LastUpgradeCheck = 0510;
				ORGANIZATIONNAME = HiroyukiHamana;
				TargetAttributes = {
					2E4ACFD219C9B932000E9726 = {
						DevelopmentTeam = US4EK444PJ;
					};
					2E4ACFED19C9B933000E9726 = {
						TestTargetID = 2E4ACFD219C9B932000E9726;
					};
				};
			};
			buildConfigurationList = 2E4ACFCE19C9B932000E9726 /* Build configuration list for PBXProject "ViewMaster" */;
			compatibilityVersion = "Xcode 3.2";
			developmentRegion = English;
			hasScannedForEncodings = 0;
			knownRegions = (
				en,
				ja,
				fr,
				de,
			);
			mainGroup = 2E4ACFCA19C9B932000E9726;
			productRefGroup = 2E4ACFD419C9B932000E9726 /* Products */;
			projectDirPath = "";
			projectRoot = "";
			targets = (
				2E4ACFD219C9B932000E9726 /* ViewMaster */,
				2E4ACFED19C9B933000E9726 /* ViewMasterTests */,
			);
		};
/* End PBXProject section */

/* Begin PBXResourcesBuildPhase section */
		2E4ACFD119C9B932000E9726 /* Resources */ = {
			isa = PBXResourcesBuildPhase;
			buildActionMask = 2147483647;
			files = (
				FD0AFDA319F4BDC600F7A41C /* sample.jpe in Resources */,
				FD0AFD9A19F4BDC600F7A41C /* sample_3s.doc in Resources */,
				FD0AFD7119F4BD5000F7A41C /* png.png in Resources */,
				FD0AFD9919F4BDC600F7A41C /* bearbrick2.jpg in Resources */,
				FD0AFDE619F616AF00F7A41C /* blackArrow@2x.png in Resources */,
				FD0AFD9F19F4BDC600F7A41C /* sample.doc in Resources */,
				FD0AFDAB19F4BDC600F7A41C /* sample.ppt in Resources */,
				FD0AFDE719F616AF00F7A41C /* blueArrow.png in Resources */,
				FD0AFEEB19F7927100F7A41C /* ReMenuViewController.xib in Resources */,
				FD0AFD9D19F4BDC600F7A41C /* sample.broken in Resources */,
				2E4ACFE119C9B932000E9726 /* InfoPlist.strings in Resources */,
				FD33E01E19FE31BB00C2A16A /* OneViewController.xib in Resources */,
				FD2CE6E119EDF93300963174 /* QuickLookViewController.xib in Resources */,
				FD0AFDB219F4BDC600F7A41C /* sample.txt in Resources */,
				FD0AFDB619F4BDC600F7A41C /* samplea.numbers.zip in Resources */,
				FD0AFDA419F4BDC600F7A41C /* sample.jpeg in Resources */,
				FD0AFD7319F4BD5000F7A41C /* third@2x.png in Resources */,
				FD0AFD9E19F4BDC600F7A41C /* sample.csv in Resources */,
				FD0AFD6D19F4BD5000F7A41C /* jpg.png in Resources */,
				FD0AFD6919F4BD5000F7A41C /* AddPage.png in Resources */,
				FD0AFDAE19F4BDC600F7A41C /* sample.rtfd in Resources */,
				FD0AFDEC19F616AF00F7A41C /* whiteArrow@2x.png in Resources */,
				FD0AFD9819F4BDC600F7A41C /* bearbrick1.jpg in Resources */,
				FD0AFD7019F4BD5000F7A41C /* pdf@2x.png in Resources */,
				FD0AFD9719F4BDC600F7A41C /* bearbrick.jpg in Resources */,
				FD0AFDE819F616AF00F7A41C /* blueArrow@2x.png in Resources */,
				FD0AFDEB19F616AF00F7A41C /* whiteArrow.png in Resources */,
				FD0AFDA919F4BDC600F7A41C /* sample.pages.zip in Resources */,
				FD0F7DA119ECE7CE003CC5B1 /* WebViewController.xib in Resources */,
				FD0AFDB519F4BDC600F7A41C /* samplea.numbers in Resources */,
				FD0AFDEA19F616AF00F7A41C /* grayArrow@2x.png in Resources */,
				FD0AFDA219F4BDC600F7A41C /* sample.html in Resources */,
				FD9F219019DD12210094C4A5 /* Localizable.strings in Resources */,
				FD0AFDA819F4BDC600F7A41C /* sample.pages in Resources */,
				FD0AFDAC19F4BDC600F7A41C /* sample.pptx in Resources */,
				2E4AD00C19C9BE47000E9726 /* FirstViewController.xib in Resources */,
				FD0AFD9C19F4BDC600F7A41C /* sample_pass.pdf in Resources */,
				FD9F219519DD2B950094C4A5 /* CreateFolderViewController.xib in Resources */,
				2E4AD01119C9D4B7000E9726 /* ZeroViewController.xib in Resources */,
				FD0AFD6F19F4BD5000F7A41C /* pdf.png in Resources */,
				FD0AFDA619F4BDC600F7A41C /* sample.key in Resources */,
				FD0AFD6C19F4BD5000F7A41C /* Dir@2x.png in Resources */,
				2E15DD1819E15B2D00A29E82 /* ForthViewController.storyboard in Resources */,
				FD0AFDE519F616AF00F7A41C /* blackArrow.png in Resources */,
				FD0AFDB419F4BDC600F7A41C /* sample.xlsx in Resources */,
				FD0AFDB319F4BDC600F7A41C /* sample.xls in Resources */,
				FD0AFDAD19F4BDC600F7A41C /* sample.rtf in Resources */,
				FD0AFD6A19F4BD5000F7A41C /* AddPage@2x.png in Resources */,
				FD0AFD6B19F4BD5000F7A41C /* Dir.png in Resources */,
				2E4ACFE919C9B932000E9726 /* Images.xcassets in Resources */,
				FD2CE6E619EDF9EC00963174 /* SnoopyViewController.xib in Resources */,
				FD0AFDAA19F4BDC600F7A41C /* sample.pdf in Resources */,
				FD0AFD6E19F4BD5000F7A41C /* jpg@2x.png in Resources */,
				FD0AFE3C19F7466900F7A41C /* FBTableViewController.xib in Resources */,
				FD0AFDD519F5FF3900F7A41C /* EGOlibraryViewController.xib in Resources */,
				FD0AFDA519F4BDC600F7A41C /* sample.jpg in Resources */,
				FD0AFDA019F4BDC600F7A41C /* sample.docx in Resources */,
				FD0AFDAF19F4BDC600F7A41C /* sample.rtfd.zip in Resources */,
				FD0AFD9B19F4BDC600F7A41C /* sample_3s.xls in Resources */,
				FD0AFD7219F4BD5000F7A41C /* png@2x.png in Resources */,
				FD0AFDA119F4BDC600F7A41C /* sample.gif in Resources */,
				FD0AFDA719F4BDC600F7A41C /* sample.key.zip in Resources */,
				2E4AD01619C9D8DF000E9726 /* FirstFirstViewController.xib in Resources */,
				FD0AFDB019F4BDC600F7A41C /* sample.tif in Resources */,
				FD0AFD7419F4BD5000F7A41C /* Top_Settings.png in Resources */,
				FD0AFDB119F4BDC600F7A41C /* sample.tiff in Resources */,
				FD0AFDE919F616AF00F7A41C /* grayArrow.png in Resources */,
				FD0AFD7519F4BD5000F7A41C /* Top_Settings@2x.png in Resources */,
				FD33E01819FE221200C2A16A /* SectionTableViewController.xib in Resources */,
			);
			runOnlyForDeploymentPostprocessing = 0;
		};
		2E4ACFEC19C9B933000E9726 /* Resources */ = {
			isa = PBXResourcesBuildPhase;
			buildActionMask = 2147483647;
			files = (
				2E4ACFFA19C9B933000E9726 /* InfoPlist.strings in Resources */,
			);
			runOnlyForDeploymentPostprocessing = 0;
		};
/* End PBXResourcesBuildPhase section */

/* Begin PBXSourcesBuildPhase section */
		2E4ACFCF19C9B932000E9726 /* Sources */ = {
			isa = PBXSourcesBuildPhase;
			buildActionMask = 2147483647;
			files = (
				FD3E804319E21F5500AB37A6 /* ForAlertDialog.m in Sources */,
				FD0AFE3B19F7466900F7A41C /* FBTableViewController.m in Sources */,
				2E4AD01519C9D8DF000E9726 /* FirstFirstViewController.m in Sources */,
				FD0AFDEF19F61E6900F7A41C /* EGOlibraryTableViewController.m in Sources */,
				2E4ACFE319C9B932000E9726 /* main.m in Sources */,
				FD0AFEFF19F7997F00F7A41C /* REMenuItemView.m in Sources */,
				2E15DD1519E15AE300A29E82 /* ForthViewController.m in Sources */,
				FD0AFEFB19F7997F00F7A41C /* RECommonFunctions.m in Sources */,
				FD0AFEFC19F7997F00F7A41C /* REMenu.m in Sources */,
				FD0AFE3719F7460300F7A41C /* UIViewController+JASidePanel.m in Sources */,
				FD0AFDD419F5FF3900F7A41C /* EGOlibraryViewController.m in Sources */,
				2E4AD00B19C9BE47000E9726 /* FirstViewController.m in Sources */,
				FD2CE6EE19EE2B6D00963174 /* FileManageHelp.m in Sources */,
				FD0AFEEF19F7979100F7A41C /* NavigationViewController.m in Sources */,
				FDCA7FF419D0305A00EC5CBB /* CreateFolderViewController.m in Sources */,
				FD33E01D19FE31BB00C2A16A /* OneViewController.m in Sources */,
				FD0AFEFE19F7997F00F7A41C /* REMenuItem.m in Sources */,
				FD0AFEFD19F7997F00F7A41C /* REMenuContainerView.m in Sources */,
				FD3E804619E227D300AB37A6 /* CommonUtil.m in Sources */,
				FD0F7DA019ECE7CE003CC5B1 /* WebViewController.m in Sources */,
				FD0AFF0219F8997700F7A41C /* HomeViewController.m in Sources */,
				FDEDE4CF19DE878300B4151A /* EditViewController.m in Sources */,
				FD0AFF0819F8A10B00F7A41C /* DeleteView.m in Sources */,
				FD0AFEEA19F7927100F7A41C /* ReMenuViewController.m in Sources */,
				2E4AD01019C9D4B7000E9726 /* ZeroViewController.m in Sources */,
				FD0AFDE419F616AF00F7A41C /* EGORefreshTableHeaderView.m in Sources */,
				FD0AFE3619F7460300F7A41C /* JASidePanelController.m in Sources */,
				FD0AFF0519F89A5500F7A41C /* ActivityView.m in Sources */,
				FD2CE6E019EDF93300963174 /* QuickLookViewController.m in Sources */,
				FD33E01719FE221200C2A16A /* SectionTableViewController.m in Sources */,
				FD2CF2DF19CAF346005DC7C5 /* SnoopyViewController.m in Sources */,
				2E4ACFE719C9B932000E9726 /* ViewMasterAppDelegate.m in Sources */,
			);
			runOnlyForDeploymentPostprocessing = 0;
		};
		2E4ACFEA19C9B933000E9726 /* Sources */ = {
			isa = PBXSourcesBuildPhase;
			buildActionMask = 2147483647;
			files = (
				2E4ACFFC19C9B933000E9726 /* ViewMasterTests.m in Sources */,
			);
			runOnlyForDeploymentPostprocessing = 0;
		};
/* End PBXSourcesBuildPhase section */

/* Begin PBXTargetDependency section */
		2E4ACFF419C9B933000E9726 /* PBXTargetDependency */ = {
			isa = PBXTargetDependency;
			target = 2E4ACFD219C9B932000E9726 /* ViewMaster */;
			targetProxy = 2E4ACFF319C9B933000E9726 /* PBXContainerItemProxy */;
		};
/* End PBXTargetDependency section */

/* Begin PBXVariantGroup section */
		2E4ACFDF19C9B932000E9726 /* InfoPlist.strings */ = {
			isa = PBXVariantGroup;
			children = (
				2E4ACFE019C9B932000E9726 /* en */,
				FD9F218C19DD12010094C4A5 /* ja */,
				FD9F218E19DD12130094C4A5 /* fr */,
				FD2CE6E319EDF9D500963174 /* de */,
			);
			name = InfoPlist.strings;
			sourceTree = "<group>";
		};
		2E4ACFF819C9B933000E9726 /* InfoPlist.strings */ = {
			isa = PBXVariantGroup;
			children = (
				2E4ACFF919C9B933000E9726 /* en */,
				FD9F218D19DD12010094C4A5 /* ja */,
				FD9F218F19DD12130094C4A5 /* fr */,
				FD2CE6E519EDF9D500963174 /* de */,
			);
			name = InfoPlist.strings;
			sourceTree = "<group>";
		};
		FD2CE6E819EDF9EC00963174 /* SnoopyViewController.xib */ = {
			isa = PBXVariantGroup;
			children = (
				FD2CE6E719EDF9EC00963174 /* en */,
				FD2CE6E919EDF9F200963174 /* ja */,
			);
			name = SnoopyViewController.xib;
			sourceTree = "<group>";
		};
		FD9F219219DD12210094C4A5 /* Localizable.strings */ = {
			isa = PBXVariantGroup;
			children = (
				FD9F219119DD12210094C4A5 /* en */,
				FD9F219319DD12240094C4A5 /* ja */,
				FD9F219419DD12260094C4A5 /* fr */,
				FD2CE6E419EDF9D500963174 /* de */,
			);
			name = Localizable.strings;
			sourceTree = "<group>";
		};
		FD9F219719DD2B950094C4A5 /* CreateFolderViewController.xib */ = {
			isa = PBXVariantGroup;
			children = (
				FD9F219619DD2B950094C4A5 /* en */,
				FD9F219819DD2B9C0094C4A5 /* ja */,
				FD9F219919DD2BA60094C4A5 /* fr */,
				FD2CE6E219EDF9D500963174 /* de */,
			);
			name = CreateFolderViewController.xib;
			sourceTree = "<group>";
		};
/* End PBXVariantGroup section */

/* Begin XCBuildConfiguration section */
		2E4ACFFD19C9B933000E9726 /* Debug */ = {
			isa = XCBuildConfiguration;
			buildSettings = {
				ALWAYS_SEARCH_USER_PATHS = NO;
				CLANG_CXX_LANGUAGE_STANDARD = "gnu++0x";
				CLANG_CXX_LIBRARY = "libc++";
				CLANG_ENABLE_MODULES = YES;
				CLANG_ENABLE_OBJC_ARC = YES;
				CLANG_WARN_BOOL_CONVERSION = YES;
				CLANG_WARN_CONSTANT_CONVERSION = YES;
				CLANG_WARN_DIRECT_OBJC_ISA_USAGE = YES_ERROR;
				CLANG_WARN_EMPTY_BODY = YES;
				CLANG_WARN_ENUM_CONVERSION = YES;
				CLANG_WARN_INT_CONVERSION = YES;
				CLANG_WARN_OBJC_ROOT_CLASS = YES_ERROR;
				CLANG_WARN__DUPLICATE_METHOD_MATCH = YES;
				"CODE_SIGN_IDENTITY[sdk=iphoneos*]" = "iPhone Developer";
				COPY_PHASE_STRIP = NO;
				GCC_C_LANGUAGE_STANDARD = gnu99;
				GCC_DYNAMIC_NO_PIC = NO;
				GCC_OPTIMIZATION_LEVEL = 0;
				GCC_PREPROCESSOR_DEFINITIONS = (
					"DEBUG=1",
					"$(inherited)",
				);
				GCC_SYMBOLS_PRIVATE_EXTERN = NO;
				GCC_WARN_64_TO_32_BIT_CONVERSION = YES;
				GCC_WARN_ABOUT_RETURN_TYPE = YES_ERROR;
				GCC_WARN_UNDECLARED_SELECTOR = YES;
				GCC_WARN_UNINITIALIZED_AUTOS = YES_AGGRESSIVE;
				GCC_WARN_UNUSED_FUNCTION = YES;
				GCC_WARN_UNUSED_VARIABLE = YES;
				IPHONEOS_DEPLOYMENT_TARGET = 7.0;
				ONLY_ACTIVE_ARCH = YES;
				SDKROOT = iphoneos;
			};
			name = Debug;
		};
		2E4ACFFE19C9B933000E9726 /* Release */ = {
			isa = XCBuildConfiguration;
			buildSettings = {
				ALWAYS_SEARCH_USER_PATHS = NO;
				CLANG_CXX_LANGUAGE_STANDARD = "gnu++0x";
				CLANG_CXX_LIBRARY = "libc++";
				CLANG_ENABLE_MODULES = YES;
				CLANG_ENABLE_OBJC_ARC = YES;
				CLANG_WARN_BOOL_CONVERSION = YES;
				CLANG_WARN_CONSTANT_CONVERSION = YES;
				CLANG_WARN_DIRECT_OBJC_ISA_USAGE = YES_ERROR;
				CLANG_WARN_EMPTY_BODY = YES;
				CLANG_WARN_ENUM_CONVERSION = YES;
				CLANG_WARN_INT_CONVERSION = YES;
				CLANG_WARN_OBJC_ROOT_CLASS = YES_ERROR;
				CLANG_WARN__DUPLICATE_METHOD_MATCH = YES;
				"CODE_SIGN_IDENTITY[sdk=iphoneos*]" = "iPhone Developer";
				COPY_PHASE_STRIP = YES;
				ENABLE_NS_ASSERTIONS = NO;
				GCC_C_LANGUAGE_STANDARD = gnu99;
				GCC_WARN_64_TO_32_BIT_CONVERSION = YES;
				GCC_WARN_ABOUT_RETURN_TYPE = YES_ERROR;
				GCC_WARN_UNDECLARED_SELECTOR = YES;
				GCC_WARN_UNINITIALIZED_AUTOS = YES_AGGRESSIVE;
				GCC_WARN_UNUSED_FUNCTION = YES;
				GCC_WARN_UNUSED_VARIABLE = YES;
				IPHONEOS_DEPLOYMENT_TARGET = 7.0;
				SDKROOT = iphoneos;
				VALIDATE_PRODUCT = YES;
			};
			name = Release;
		};
		2E4AD00019C9B933000E9726 /* Debug */ = {
			isa = XCBuildConfiguration;
			buildSettings = {
				ASSETCATALOG_COMPILER_APPICON_NAME = AppIcon;
				ASSETCATALOG_COMPILER_LAUNCHIMAGE_NAME = LaunchImage;
				CODE_SIGN_IDENTITY = "iPhone Developer";
				"CODE_SIGN_IDENTITY[sdk=iphoneos*]" = "iPhone Developer";
				GCC_PRECOMPILE_PREFIX_HEADER = YES;
				GCC_PREFIX_HEADER = "ViewMaster/ViewMaster-Prefix.pch";
				INFOPLIST_FILE = "ViewMaster/ViewMaster-Info.plist";
				IPHONEOS_DEPLOYMENT_TARGET = 7.0;
				PRODUCT_NAME = "$(TARGET_NAME)";
				PROVISIONING_PROFILE = "";
				WRAPPER_EXTENSION = app;
			};
			name = Debug;
		};
		2E4AD00119C9B933000E9726 /* Release */ = {
			isa = XCBuildConfiguration;
			buildSettings = {
				ASSETCATALOG_COMPILER_APPICON_NAME = AppIcon;
				ASSETCATALOG_COMPILER_LAUNCHIMAGE_NAME = LaunchImage;
				CODE_SIGN_IDENTITY = "iPhone Developer";
				"CODE_SIGN_IDENTITY[sdk=iphoneos*]" = "iPhone Developer";
				GCC_PRECOMPILE_PREFIX_HEADER = YES;
				GCC_PREFIX_HEADER = "ViewMaster/ViewMaster-Prefix.pch";
				INFOPLIST_FILE = "ViewMaster/ViewMaster-Info.plist";
				IPHONEOS_DEPLOYMENT_TARGET = 7.0;
				PRODUCT_NAME = "$(TARGET_NAME)";
				PROVISIONING_PROFILE = "";
				WRAPPER_EXTENSION = app;
			};
			name = Release;
		};
		2E4AD00319C9B933000E9726 /* Debug */ = {
			isa = XCBuildConfiguration;
			buildSettings = {
				BUNDLE_LOADER = "$(BUILT_PRODUCTS_DIR)/ViewMaster.app/ViewMaster";
				FRAMEWORK_SEARCH_PATHS = (
					"$(SDKROOT)/Developer/Library/Frameworks",
					"$(inherited)",
					"$(DEVELOPER_FRAMEWORKS_DIR)",
				);
				GCC_PRECOMPILE_PREFIX_HEADER = YES;
				GCC_PREFIX_HEADER = "ViewMaster/ViewMaster-Prefix.pch";
				GCC_PREPROCESSOR_DEFINITIONS = (
					"DEBUG=1",
					"$(inherited)",
				);
				INFOPLIST_FILE = "ViewMasterTests/ViewMasterTests-Info.plist";
				PRODUCT_NAME = "$(TARGET_NAME)";
				TEST_HOST = "$(BUNDLE_LOADER)";
				WRAPPER_EXTENSION = xctest;
			};
			name = Debug;
		};
		2E4AD00419C9B933000E9726 /* Release */ = {
			isa = XCBuildConfiguration;
			buildSettings = {
				BUNDLE_LOADER = "$(BUILT_PRODUCTS_DIR)/ViewMaster.app/ViewMaster";
				FRAMEWORK_SEARCH_PATHS = (
					"$(SDKROOT)/Developer/Library/Frameworks",
					"$(inherited)",
					"$(DEVELOPER_FRAMEWORKS_DIR)",
				);
				GCC_PRECOMPILE_PREFIX_HEADER = YES;
				GCC_PREFIX_HEADER = "ViewMaster/ViewMaster-Prefix.pch";
				INFOPLIST_FILE = "ViewMasterTests/ViewMasterTests-Info.plist";
				PRODUCT_NAME = "$(TARGET_NAME)";
				TEST_HOST = "$(BUNDLE_LOADER)";
				WRAPPER_EXTENSION = xctest;
			};
			name = Release;
		};
/* End XCBuildConfiguration section */

/* Begin XCConfigurationList section */
		2E4ACFCE19C9B932000E9726 /* Build configuration list for PBXProject "ViewMaster" */ = {
			isa = XCConfigurationList;
			buildConfigurations = (
				2E4ACFFD19C9B933000E9726 /* Debug */,
				2E4ACFFE19C9B933000E9726 /* Release */,
			);
			defaultConfigurationIsVisible = 0;
			defaultConfigurationName = Release;
		};
		2E4ACFFF19C9B933000E9726 /* Build configuration list for PBXNativeTarget "ViewMaster" */ = {
			isa = XCConfigurationList;
			buildConfigurations = (
				2E4AD00019C9B933000E9726 /* Debug */,
				2E4AD00119C9B933000E9726 /* Release */,
			);
			defaultConfigurationIsVisible = 0;
			defaultConfigurationName = Release;
		};
		2E4AD00219C9B933000E9726 /* Build configuration list for PBXNativeTarget "ViewMasterTests" */ = {
			isa = XCConfigurationList;
			buildConfigurations = (
				2E4AD00319C9B933000E9726 /* Debug */,
				2E4AD00419C9B933000E9726 /* Release */,
			);
			defaultConfigurationIsVisible = 0;
			defaultConfigurationName = Release;
		};
/* End XCConfigurationList section */
	};
	rootObject = 2E4ACFCB19C9B932000E9726 /* Project object */;
}
