// !$*UTF8*$!
{
	archiveVersion = 1;
	classes = {
	};
	objectVersion = 46;
	objects = {

/* Begin PBXBuildFile section */
		2E4ACFD719C9B932000E9726 /* Foundation.framework in Frameworks */ = {isa = PBXBuildFile; fileRef = 2E4ACFD619C9B932000E9726 /* Foundation.framework */; };
		2E4ACFD919C9B932000E9726 /* CoreGraphics.framework in Frameworks */ = {isa = PBXBuildFile; fileRef = 2E4ACFD819C9B932000E9726 /* CoreGraphics.framework */; };
		2E4ACFDB19C9B932000E9726 /* UIKit.framework in Frameworks */ = {isa = PBXBuildFile; fileRef = 2E4ACFDA19C9B932000E9726 /* UIKit.framework */; };
		2E4ACFE119C9B932000E9726 /* InfoPlist.strings in Resources */ = {isa = PBXBuildFile; fileRef = 2E4ACFDF19C9B932000E9726 /* InfoPlist.strings */; };
		2E4ACFE319C9B932000E9726 /* main.m in Sources */ = {isa = PBXBuildFile; fileRef = 2E4ACFE219C9B932000E9726 /* main.m */; };
		2E4ACFE919C9B932000E9726 /* Images.xcassets in Resources */ = {isa = PBXBuildFile; fileRef = 2E4ACFE819C9B932000E9726 /* Images.xcassets */; };
		2E4ACFF019C9B933000E9726 /* XCTest.framework in Frameworks */ = {isa = PBXBuildFile; fileRef = 2E4ACFEF19C9B933000E9726 /* XCTest.framework */; };
		2E4ACFF119C9B933000E9726 /* Foundation.framework in Frameworks */ = {isa = PBXBuildFile; fileRef = 2E4ACFD619C9B932000E9726 /* Foundation.framework */; };
		2E4ACFF219C9B933000E9726 /* UIKit.framework in Frameworks */ = {isa = PBXBuildFile; fileRef = 2E4ACFDA19C9B932000E9726 /* UIKit.framework */; };
		2E4ACFFA19C9B933000E9726 /* InfoPlist.strings in Resources */ = {isa = PBXBuildFile; fileRef = 2E4ACFF819C9B933000E9726 /* InfoPlist.strings */; };
		2E4ACFFC19C9B933000E9726 /* ViewMasterTests.m in Sources */ = {isa = PBXBuildFile; fileRef = 2E4ACFFB19C9B933000E9726 /* ViewMasterTests.m */; };
		FD0AFD6919F4BD5000F7A41C /* AddPage.png in Resources */ = {isa = PBXBuildFile; fileRef = FD0AFD5C19F4BD5000F7A41C /* AddPage.png */; };
		FD0AFD6A19F4BD5000F7A41C /* AddPage@2x.png in Resources */ = {isa = PBXBuildFile; fileRef = FD0AFD5D19F4BD5000F7A41C /* AddPage@2x.png */; };
		FD0AFD6B19F4BD5000F7A41C /* Dir.png in Resources */ = {isa = PBXBuildFile; fileRef = FD0AFD5E19F4BD5000F7A41C /* Dir.png */; };
		FD0AFD6C19F4BD5000F7A41C /* Dir@2x.png in Resources */ = {isa = PBXBuildFile; fileRef = FD0AFD5F19F4BD5000F7A41C /* Dir@2x.png */; };
		FD0AFD6D19F4BD5000F7A41C /* jpg.png in Resources */ = {isa = PBXBuildFile; fileRef = FD0AFD6019F4BD5000F7A41C /* jpg.png */; };
		FD0AFD6E19F4BD5000F7A41C /* jpg@2x.png in Resources */ = {isa = PBXBuildFile; fileRef = FD0AFD6119F4BD5000F7A41C /* jpg@2x.png */; };
		FD0AFD6F19F4BD5000F7A41C /* pdf.png in Resources */ = {isa = PBXBuildFile; fileRef = FD0AFD6219F4BD5000F7A41C /* pdf.png */; };
		FD0AFD7019F4BD5000F7A41C /* pdf@2x.png in Resources */ = {isa = PBXBuildFile; fileRef = FD0AFD6319F4BD5000F7A41C /* pdf@2x.png */; };
		FD0AFD7119F4BD5000F7A41C /* png.png in Resources */ = {isa = PBXBuildFile; fileRef = FD0AFD6419F4BD5000F7A41C /* png.png */; };
		FD0AFD7219F4BD5000F7A41C /* png@2x.png in Resources */ = {isa = PBXBuildFile; fileRef = FD0AFD6519F4BD5000F7A41C /* png@2x.png */; };
		FD0AFD7319F4BD5000F7A41C /* third@2x.png in Resources */ = {isa = PBXBuildFile; fileRef = FD0AFD6619F4BD5000F7A41C /* third@2x.png */; };
		FD0AFD7419F4BD5000F7A41C /* Top_Settings.png in Resources */ = {isa = PBXBuildFile; fileRef = FD0AFD6719F4BD5000F7A41C /* Top_Settings.png */; };
		FD0AFD7519F4BD5000F7A41C /* Top_Settings@2x.png in Resources */ = {isa = PBXBuildFile; fileRef = FD0AFD6819F4BD5000F7A41C /* Top_Settings@2x.png */; };
		FD0AFD9719F4BDC600F7A41C /* bearbrick.jpg in Resources */ = {isa = PBXBuildFile; fileRef = FD0AFD7619F4BDC600F7A41C /* bearbrick.jpg */; };
		FD0AFD9819F4BDC600F7A41C /* bearbrick1.jpg in Resources */ = {isa = PBXBuildFile; fileRef = FD0AFD7719F4BDC600F7A41C /* bearbrick1.jpg */; };
		FD0AFD9919F4BDC600F7A41C /* bearbrick2.jpg in Resources */ = {isa = PBXBuildFile; fileRef = FD0AFD7819F4BDC600F7A41C /* bearbrick2.jpg */; };
		FD0AFD9A19F4BDC600F7A41C /* sample_3s.doc in Resources */ = {isa = PBXBuildFile; fileRef = FD0AFD7919F4BDC600F7A41C /* sample_3s.doc */; };
		FD0AFD9B19F4BDC600F7A41C /* sample_3s.xls in Resources */ = {isa = PBXBuildFile; fileRef = FD0AFD7A19F4BDC600F7A41C /* sample_3s.xls */; };
		FD0AFD9C19F4BDC600F7A41C /* sample_pass.pdf in Resources */ = {isa = PBXBuildFile; fileRef = FD0AFD7B19F4BDC600F7A41C /* sample_pass.pdf */; };
		FD0AFD9D19F4BDC600F7A41C /* sample.broken in Resources */ = {isa = PBXBuildFile; fileRef = FD0AFD7C19F4BDC600F7A41C /* sample.broken */; };
		FD0AFD9E19F4BDC600F7A41C /* sample.csv in Resources */ = {isa = PBXBuildFile; fileRef = FD0AFD7D19F4BDC600F7A41C /* sample.csv */; };
		FD0AFD9F19F4BDC600F7A41C /* sample.doc in Resources */ = {isa = PBXBuildFile; fileRef = FD0AFD7E19F4BDC600F7A41C /* sample.doc */; };
		FD0AFDA019F4BDC600F7A41C /* sample.docx in Resources */ = {isa = PBXBuildFile; fileRef = FD0AFD7F19F4BDC600F7A41C /* sample.docx */; };
		FD0AFDA119F4BDC600F7A41C /* sample.gif in Resources */ = {isa = PBXBuildFile; fileRef = FD0AFD8019F4BDC600F7A41C /* sample.gif */; };
		FD0AFDA219F4BDC600F7A41C /* sample.html in Resources */ = {isa = PBXBuildFile; fileRef = FD0AFD8119F4BDC600F7A41C /* sample.html */; };
		FD0AFDA319F4BDC600F7A41C /* sample.jpe in Resources */ = {isa = PBXBuildFile; fileRef = FD0AFD8219F4BDC600F7A41C /* sample.jpe */; };
		FD0AFDA419F4BDC600F7A41C /* sample.jpeg in Resources */ = {isa = PBXBuildFile; fileRef = FD0AFD8319F4BDC600F7A41C /* sample.jpeg */; };
		FD0AFDA519F4BDC600F7A41C /* sample.jpg in Resources */ = {isa = PBXBuildFile; fileRef = FD0AFD8419F4BDC600F7A41C /* sample.jpg */; };
		FD0AFDA619F4BDC600F7A41C /* sample.key in Resources */ = {isa = PBXBuildFile; fileRef = FD0AFD8519F4BDC600F7A41C /* sample.key */; };
		FD0AFDA719F4BDC600F7A41C /* sample.key.zip in Resources */ = {isa = PBXBuildFile; fileRef = FD0AFD8619F4BDC600F7A41C /* sample.key.zip */; };
		FD0AFDA819F4BDC600F7A41C /* sample.pages in Resources */ = {isa = PBXBuildFile; fileRef = FD0AFD8719F4BDC600F7A41C /* sample.pages */; };
		FD0AFDA919F4BDC600F7A41C /* sample.pages.zip in Resources */ = {isa = PBXBuildFile; fileRef = FD0AFD8819F4BDC600F7A41C /* sample.pages.zip */; };
		FD0AFDAA19F4BDC600F7A41C /* sample.pdf in Resources */ = {isa = PBXBuildFile; fileRef = FD0AFD8919F4BDC600F7A41C /* sample.pdf */; };
		FD0AFDAB19F4BDC600F7A41C /* sample.ppt in Resources */ = {isa = PBXBuildFile; fileRef = FD0AFD8A19F4BDC600F7A41C /* sample.ppt */; };
		FD0AFDAC19F4BDC600F7A41C /* sample.pptx in Resources */ = {isa = PBXBuildFile; fileRef = FD0AFD8B19F4BDC600F7A41C /* sample.pptx */; };
		FD0AFDAD19F4BDC600F7A41C /* sample.rtf in Resources */ = {isa = PBXBuildFile; fileRef = FD0AFD8C19F4BDC600F7A41C /* sample.rtf */; };
		FD0AFDAE19F4BDC600F7A41C /* sample.rtfd in Resources */ = {isa = PBXBuildFile; fileRef = FD0AFD8D19F4BDC600F7A41C /* sample.rtfd */; };
		FD0AFDAF19F4BDC600F7A41C /* sample.rtfd.zip in Resources */ = {isa = PBXBuildFile; fileRef = FD0AFD8E19F4BDC600F7A41C /* sample.rtfd.zip */; };
		FD0AFDB019F4BDC600F7A41C /* sample.tif in Resources */ = {isa = PBXBuildFile; fileRef = FD0AFD8F19F4BDC600F7A41C /* sample.tif */; };
		FD0AFDB119F4BDC600F7A41C /* sample.tiff in Resources */ = {isa = PBXBuildFile; fileRef = FD0AFD9019F4BDC600F7A41C /* sample.tiff */; };
		FD0AFDB219F4BDC600F7A41C /* sample.txt in Resources */ = {isa = PBXBuildFile; fileRef = FD0AFD9119F4BDC600F7A41C /* sample.txt */; };
		FD0AFDB319F4BDC600F7A41C /* sample.xls in Resources */ = {isa = PBXBuildFile; fileRef = FD0AFD9219F4BDC600F7A41C /* sample.xls */; };
		FD0AFDB419F4BDC600F7A41C /* sample.xlsx in Resources */ = {isa = PBXBuildFile; fileRef = FD0AFD9319F4BDC600F7A41C /* sample.xlsx */; };
		FD0AFDB519F4BDC600F7A41C /* samplea.numbers in Resources */ = {isa = PBXBuildFile; fileRef = FD0AFD9419F4BDC600F7A41C /* samplea.numbers */; };
		FD0AFDB619F4BDC600F7A41C /* samplea.numbers.zip in Resources */ = {isa = PBXBuildFile; fileRef = FD0AFD9519F4BDC600F7A41C /* samplea.numbers.zip */; };
		FD0AFDD019F5FD7000F7A41C /* QuartzCore.framework in Frameworks */ = {isa = PBXBuildFile; fileRef = FD0AFDCF19F5FD7000F7A41C /* QuartzCore.framework */; };
		FD0AFDE419F616AF00F7A41C /* EGORefreshTableHeaderView.m in Sources */ = {isa = PBXBuildFile; fileRef = FD0AFDDA19F616AF00F7A41C /* EGORefreshTableHeaderView.m */; settings = {COMPILER_FLAGS = "-fno-objc-arc"; }; };
		FD0AFDE519F616AF00F7A41C /* blackArrow.png in Resources */ = {isa = PBXBuildFile; fileRef = FD0AFDDC19F616AF00F7A41C /* blackArrow.png */; };
		FD0AFDE619F616AF00F7A41C /* blackArrow@2x.png in Resources */ = {isa = PBXBuildFile; fileRef = FD0AFDDD19F616AF00F7A41C /* blackArrow@2x.png */; };
		FD0AFDE719F616AF00F7A41C /* blueArrow.png in Resources */ = {isa = PBXBuildFile; fileRef = FD0AFDDE19F616AF00F7A41C /* blueArrow.png */; };
		FD0AFDE819F616AF00F7A41C /* blueArrow@2x.png in Resources */ = {isa = PBXBuildFile; fileRef = FD0AFDDF19F616AF00F7A41C /* blueArrow@2x.png */; };
		FD0AFDE919F616AF00F7A41C /* grayArrow.png in Resources */ = {isa = PBXBuildFile; fileRef = FD0AFDE019F616AF00F7A41C /* grayArrow.png */; };
		FD0AFDEA19F616AF00F7A41C /* grayArrow@2x.png in Resources */ = {isa = PBXBuildFile; fileRef = FD0AFDE119F616AF00F7A41C /* grayArrow@2x.png */; };
		FD0AFDEB19F616AF00F7A41C /* whiteArrow.png in Resources */ = {isa = PBXBuildFile; fileRef = FD0AFDE219F616AF00F7A41C /* whiteArrow.png */; };
		FD0AFDEC19F616AF00F7A41C /* whiteArrow@2x.png in Resources */ = {isa = PBXBuildFile; fileRef = FD0AFDE319F616AF00F7A41C /* whiteArrow@2x.png */; };
		FD0AFEFB19F7997F00F7A41C /* RECommonFunctions.m in Sources */ = {isa = PBXBuildFile; fileRef = FD0AFEF219F7997F00F7A41C /* RECommonFunctions.m */; };
		FD0AFEFC19F7997F00F7A41C /* REMenu.m in Sources */ = {isa = PBXBuildFile; fileRef = FD0AFEF419F7997F00F7A41C /* REMenu.m */; };
		FD0AFEFD19F7997F00F7A41C /* REMenuContainerView.m in Sources */ = {isa = PBXBuildFile; fileRef = FD0AFEF619F7997F00F7A41C /* REMenuContainerView.m */; };
		FD0AFEFE19F7997F00F7A41C /* REMenuItem.m in Sources */ = {isa = PBXBuildFile; fileRef = FD0AFEF819F7997F00F7A41C /* REMenuItem.m */; };
		FD0AFEFF19F7997F00F7A41C /* REMenuItemView.m in Sources */ = {isa = PBXBuildFile; fileRef = FD0AFEFA19F7997F00F7A41C /* REMenuItemView.m */; };
		FD269C1419FF39E90057F2DC /* WebViewController.m in Sources */ = {isa = PBXBuildFile; fileRef = FD269C0F19FF39E90057F2DC /* WebViewController.m */; };
		FD269C1519FF39E90057F2DC /* WebViewController.xib in Resources */ = {isa = PBXBuildFile; fileRef = FD269C1019FF39E90057F2DC /* WebViewController.xib */; };
		FD269C1619FF39E90057F2DC /* ZeroViewController.m in Sources */ = {isa = PBXBuildFile; fileRef = FD269C1219FF39E90057F2DC /* ZeroViewController.m */; };
		FD269C1719FF39E90057F2DC /* ZeroViewController.xib in Resources */ = {isa = PBXBuildFile; fileRef = FD269C1319FF39E90057F2DC /* ZeroViewController.xib */; };
		FD269C1B19FF3A720057F2DC /* OneViewController.m in Sources */ = {isa = PBXBuildFile; fileRef = FD269C1919FF3A720057F2DC /* OneViewController.m */; };
		FD269C1C19FF3A720057F2DC /* OneViewController.xib in Resources */ = {isa = PBXBuildFile; fileRef = FD269C1A19FF3A720057F2DC /* OneViewController.xib */; };
		FD269C1F19FF3ABF0057F2DC /* CreateFolderViewController.m in Sources */ = {isa = PBXBuildFile; fileRef = FD269C1E19FF3ABF0057F2DC /* CreateFolderViewController.m */; };
		FD269C2119FF3C130057F2DC /* FirstViewController.m in Sources */ = {isa = PBXBuildFile; fileRef = FD269C2019FF3C130057F2DC /* FirstViewController.m */; };
		FD269C2819FF3C6B0057F2DC /* CommonUtil.m in Sources */ = {isa = PBXBuildFile; fileRef = FD269C2319FF3C6B0057F2DC /* CommonUtil.m */; };
		FD269C2919FF3C6B0057F2DC /* FileManageHelp.m in Sources */ = {isa = PBXBuildFile; fileRef = FD269C2619FF3C6B0057F2DC /* FileManageHelp.m */; };
		FD269C2A19FF3C6B0057F2DC /* ForAlertDialog.m in Sources */ = {isa = PBXBuildFile; fileRef = FD269C2719FF3C6B0057F2DC /* ForAlertDialog.m */; };
		FD269C2E19FF3CA10057F2DC /* SectionTableViewController.m in Sources */ = {isa = PBXBuildFile; fileRef = FD269C2C19FF3CA10057F2DC /* SectionTableViewController.m */; };
		FD269C2F19FF3CA10057F2DC /* SectionTableViewController.xib in Resources */ = {isa = PBXBuildFile; fileRef = FD269C2D19FF3CA10057F2DC /* SectionTableViewController.xib */; };
		FD269C3219FF3CCE0057F2DC /* ViewMasterAppDelegate.m in Sources */ = {isa = PBXBuildFile; fileRef = FD269C3119FF3CCE0057F2DC /* ViewMasterAppDelegate.m */; };
		FD269C3619FF3CF80057F2DC /* FBTableViewController.m in Sources */ = {isa = PBXBuildFile; fileRef = FD269C3419FF3CF80057F2DC /* FBTableViewController.m */; };
		FD269C3719FF3CF80057F2DC /* FBTableViewController.xib in Resources */ = {isa = PBXBuildFile; fileRef = FD269C3519FF3CF80057F2DC /* FBTableViewController.xib */; };
		FD269C3D19FF3D200057F2DC /* EGOlibraryTableViewController.m in Sources */ = {isa = PBXBuildFile; fileRef = FD269C3919FF3D200057F2DC /* EGOlibraryTableViewController.m */; };
		FD269C3E19FF3D200057F2DC /* EGOlibraryViewController.m in Sources */ = {isa = PBXBuildFile; fileRef = FD269C3B19FF3D200057F2DC /* EGOlibraryViewController.m */; };
		FD269C3F19FF3D200057F2DC /* EGOlibraryViewController.xib in Resources */ = {isa = PBXBuildFile; fileRef = FD269C3C19FF3D200057F2DC /* EGOlibraryViewController.xib */; };
		FD269C4319FF3D400057F2DC /* QuickLookViewController.m in Sources */ = {isa = PBXBuildFile; fileRef = FD269C4119FF3D400057F2DC /* QuickLookViewController.m */; };
		FD269C4419FF3D400057F2DC /* QuickLookViewController.xib in Resources */ = {isa = PBXBuildFile; fileRef = FD269C4219FF3D400057F2DC /* QuickLookViewController.xib */; };
		FD269C4819FF3D6D0057F2DC /* ForthViewController.m in Sources */ = {isa = PBXBuildFile; fileRef = FD269C4619FF3D6D0057F2DC /* ForthViewController.m */; };
		FD269C4919FF3D6D0057F2DC /* ForthViewController.storyboard in Resources */ = {isa = PBXBuildFile; fileRef = FD269C4719FF3D6D0057F2DC /* ForthViewController.storyboard */; };
		FD269C4D19FF3DA20057F2DC /* ReMenuViewController.m in Sources */ = {isa = PBXBuildFile; fileRef = FD269C4B19FF3DA20057F2DC /* ReMenuViewController.m */; };
		FD269C4E19FF3DA20057F2DC /* ReMenuViewController.xib in Resources */ = {isa = PBXBuildFile; fileRef = FD269C4C19FF3DA20057F2DC /* ReMenuViewController.xib */; };
		FD269C5319FF3DBC0057F2DC /* HomeViewController.m in Sources */ = {isa = PBXBuildFile; fileRef = FD269C5019FF3DBC0057F2DC /* HomeViewController.m */; };
		FD269C5419FF3DBC0057F2DC /* NavigationViewController.m in Sources */ = {isa = PBXBuildFile; fileRef = FD269C5219FF3DBC0057F2DC /* NavigationViewController.m */; };
		FD269C6119FF3F0B0057F2DC /* ActivityView.m in Sources */ = {isa = PBXBuildFile; fileRef = FD269C6019FF3F0B0057F2DC /* ActivityView.m */; };
		FD269C6419FF3F1E0057F2DC /* DeleteView.m in Sources */ = {isa = PBXBuildFile; fileRef = FD269C6319FF3F1E0057F2DC /* DeleteView.m */; };
		FD269C6819FF3F630057F2DC /* SnoopyViewController.m in Sources */ = {isa = PBXBuildFile; fileRef = FD269C6619FF3F630057F2DC /* SnoopyViewController.m */; };
		FD269C6919FF3F630057F2DC /* SnoopyViewController.xib in Resources */ = {isa = PBXBuildFile; fileRef = FD269C6719FF3F630057F2DC /* SnoopyViewController.xib */; };
		FD269C6D19FF404E0057F2DC /* FirstFirstViewController.m in Sources */ = {isa = PBXBuildFile; fileRef = FD269C6B19FF404E0057F2DC /* FirstFirstViewController.m */; };
		FD269C6E19FF404E0057F2DC /* FirstFirstViewController.xib in Resources */ = {isa = PBXBuildFile; fileRef = FD269C6C19FF404E0057F2DC /* FirstFirstViewController.xib */; };
		FD269C7119FF40780057F2DC /* EditViewController.m in Sources */ = {isa = PBXBuildFile; fileRef = FD269C7019FF40780057F2DC /* EditViewController.m */; };
		FD269C7319FF409C0057F2DC /* FirstViewController.xib in Resources */ = {isa = PBXBuildFile; fileRef = FD269C7219FF409C0057F2DC /* FirstViewController.xib */; };
		FD269C7919FF41FD0057F2DC /* JASidePanelController.m in Sources */ = {isa = PBXBuildFile; fileRef = FD269C7619FF41FD0057F2DC /* JASidePanelController.m */; };
		FD269C7A19FF41FD0057F2DC /* UIViewController+JASidePanel.m in Sources */ = {isa = PBXBuildFile; fileRef = FD269C7819FF41FD0057F2DC /* UIViewController+JASidePanel.m */; };
		FD9F219019DD12210094C4A5 /* Localizable.strings in Resources */ = {isa = PBXBuildFile; fileRef = FD9F219219DD12210094C4A5 /* Localizable.strings */; };
		FD9F219519DD2B950094C4A5 /* CreateFolderViewController.xib in Resources */ = {isa = PBXBuildFile; fileRef = FD9F219719DD2B950094C4A5 /* CreateFolderViewController.xib */; };
/* End PBXBuildFile section */

/* Begin PBXContainerItemProxy section */
		2E4ACFF319C9B933000E9726 /* PBXContainerItemProxy */ = {
			isa = PBXContainerItemProxy;
			containerPortal = 2E4ACFCB19C9B932000E9726 /* Project object */;
			proxyType = 1;
			remoteGlobalIDString = 2E4ACFD219C9B932000E9726;
			remoteInfo = ViewMaster;
		};
/* End PBXContainerItemProxy section */

/* Begin PBXFileReference section */
		2E4ACFD319C9B932000E9726 /* ViewMaster.app */ = {isa = PBXFileReference; explicitFileType = wrapper.application; includeInIndex = 0; path = ViewMaster.app; sourceTree = BUILT_PRODUCTS_DIR; };
		2E4ACFD619C9B932000E9726 /* Foundation.framework */ = {isa = PBXFileReference; lastKnownFileType = wrapper.framework; name = Foundation.framework; path = System/Library/Frameworks/Foundation.framework; sourceTree = SDKROOT; };
		2E4ACFD819C9B932000E9726 /* CoreGraphics.framework */ = {isa = PBXFileReference; lastKnownFileType = wrapper.framework; name = CoreGraphics.framework; path = System/Library/Frameworks/CoreGraphics.framework; sourceTree = SDKROOT; };
		2E4ACFDA19C9B932000E9726 /* UIKit.framework */ = {isa = PBXFileReference; lastKnownFileType = wrapper.framework; name = UIKit.framework; path = System/Library/Frameworks/UIKit.framework; sourceTree = SDKROOT; };
		2E4ACFDE19C9B932000E9726 /* ViewMaster-Info.plist */ = {isa = PBXFileReference; lastKnownFileType = text.plist.xml; path = "ViewMaster-Info.plist"; sourceTree = "<group>"; };
		2E4ACFE019C9B932000E9726 /* en */ = {isa = PBXFileReference; lastKnownFileType = text.plist.strings; name = en; path = en.lproj/InfoPlist.strings; sourceTree = "<group>"; };
		2E4ACFE219C9B932000E9726 /* main.m */ = {isa = PBXFileReference; lastKnownFileType = sourcecode.c.objc; path = main.m; sourceTree = "<group>"; };
		2E4ACFE419C9B932000E9726 /* ViewMaster-Prefix.pch */ = {isa = PBXFileReference; lastKnownFileType = sourcecode.c.h; path = "ViewMaster-Prefix.pch"; sourceTree = "<group>"; };
		2E4ACFE819C9B932000E9726 /* Images.xcassets */ = {isa = PBXFileReference; lastKnownFileType = folder.assetcatalog; path = Images.xcassets; sourceTree = "<group>"; };
		2E4ACFEE19C9B933000E9726 /* ViewMasterTests.xctest */ = {isa = PBXFileReference; explicitFileType = wrapper.cfbundle; includeInIndex = 0; path = ViewMasterTests.xctest; sourceTree = BUILT_PRODUCTS_DIR; };
		2E4ACFEF19C9B933000E9726 /* XCTest.framework */ = {isa = PBXFileReference; lastKnownFileType = wrapper.framework; name = XCTest.framework; path = Library/Frameworks/XCTest.framework; sourceTree = DEVELOPER_DIR; };
		2E4ACFF719C9B933000E9726 /* ViewMasterTests-Info.plist */ = {isa = PBXFileReference; lastKnownFileType = text.plist.xml; path = "ViewMasterTests-Info.plist"; sourceTree = "<group>"; };
		2E4ACFF919C9B933000E9726 /* en */ = {isa = PBXFileReference; lastKnownFileType = text.plist.strings; name = en; path = en.lproj/InfoPlist.strings; sourceTree = "<group>"; };
		2E4ACFFB19C9B933000E9726 /* ViewMasterTests.m */ = {isa = PBXFileReference; lastKnownFileType = sourcecode.c.objc; path = ViewMasterTests.m; sourceTree = "<group>"; };
		FD0AFD5C19F4BD5000F7A41C /* AddPage.png */ = {isa = PBXFileReference; lastKnownFileType = image.png; name = AddPage.png; path = images/icon/AddPage.png; sourceTree = "<group>"; };
		FD0AFD5D19F4BD5000F7A41C /* AddPage@2x.png */ = {isa = PBXFileReference; lastKnownFileType = image.png; name = "AddPage@2x.png"; path = "images/icon/AddPage@2x.png"; sourceTree = "<group>"; };
		FD0AFD5E19F4BD5000F7A41C /* Dir.png */ = {isa = PBXFileReference; lastKnownFileType = image.png; name = Dir.png; path = images/icon/Dir.png; sourceTree = "<group>"; };
		FD0AFD5F19F4BD5000F7A41C /* Dir@2x.png */ = {isa = PBXFileReference; lastKnownFileType = image.png; name = "Dir@2x.png"; path = "images/icon/Dir@2x.png"; sourceTree = "<group>"; };
		FD0AFD6019F4BD5000F7A41C /* jpg.png */ = {isa = PBXFileReference; lastKnownFileType = image.png; name = jpg.png; path = images/icon/jpg.png; sourceTree = "<group>"; };
		FD0AFD6119F4BD5000F7A41C /* jpg@2x.png */ = {isa = PBXFileReference; lastKnownFileType = image.png; name = "jpg@2x.png"; path = "images/icon/jpg@2x.png"; sourceTree = "<group>"; };
		FD0AFD6219F4BD5000F7A41C /* pdf.png */ = {isa = PBXFileReference; lastKnownFileType = image.png; name = pdf.png; path = images/icon/pdf.png; sourceTree = "<group>"; };
		FD0AFD6319F4BD5000F7A41C /* pdf@2x.png */ = {isa = PBXFileReference; lastKnownFileType = image.png; name = "pdf@2x.png"; path = "images/icon/pdf@2x.png"; sourceTree = "<group>"; };
		FD0AFD6419F4BD5000F7A41C /* png.png */ = {isa = PBXFileReference; lastKnownFileType = image.png; name = png.png; path = images/icon/png.png; sourceTree = "<group>"; };
		FD0AFD6519F4BD5000F7A41C /* png@2x.png */ = {isa = PBXFileReference; lastKnownFileType = image.png; name = "png@2x.png"; path = "images/icon/png@2x.png"; sourceTree = "<group>"; };
		FD0AFD6619F4BD5000F7A41C /* third@2x.png */ = {isa = PBXFileReference; lastKnownFileType = image.png; name = "third@2x.png"; path = "images/icon/third@2x.png"; sourceTree = "<group>"; };
		FD0AFD6719F4BD5000F7A41C /* Top_Settings.png */ = {isa = PBXFileReference; lastKnownFileType = image.png; name = Top_Settings.png; path = images/icon/Top_Settings.png; sourceTree = "<group>"; };
		FD0AFD6819F4BD5000F7A41C /* Top_Settings@2x.png */ = {isa = PBXFileReference; lastKnownFileType = image.png; name = "Top_Settings@2x.png"; path = "images/icon/Top_Settings@2x.png"; sourceTree = "<group>"; };
		FD0AFD7619F4BDC600F7A41C /* bearbrick.jpg */ = {isa = PBXFileReference; lastKnownFileType = image.jpeg; name = bearbrick.jpg; path = images/bearbrick.jpg; sourceTree = "<group>"; };
		FD0AFD7719F4BDC600F7A41C /* bearbrick1.jpg */ = {isa = PBXFileReference; lastKnownFileType = image.jpeg; name = bearbrick1.jpg; path = images/bearbrick1.jpg; sourceTree = "<group>"; };
		FD0AFD7819F4BDC600F7A41C /* bearbrick2.jpg */ = {isa = PBXFileReference; lastKnownFileType = image.jpeg; name = bearbrick2.jpg; path = images/bearbrick2.jpg; sourceTree = "<group>"; };
		FD0AFD7919F4BDC600F7A41C /* sample_3s.doc */ = {isa = PBXFileReference; lastKnownFileType = file; name = sample_3s.doc; path = images/sample_3s.doc; sourceTree = "<group>"; };
		FD0AFD7A19F4BDC600F7A41C /* sample_3s.xls */ = {isa = PBXFileReference; lastKnownFileType = file; name = sample_3s.xls; path = images/sample_3s.xls; sourceTree = "<group>"; };
		FD0AFD7B19F4BDC600F7A41C /* sample_pass.pdf */ = {isa = PBXFileReference; lastKnownFileType = image.pdf; name = sample_pass.pdf; path = images/sample_pass.pdf; sourceTree = "<group>"; };
		FD0AFD7C19F4BDC600F7A41C /* sample.broken */ = {isa = PBXFileReference; lastKnownFileType = file; name = sample.broken; path = images/sample.broken; sourceTree = "<group>"; };
		FD0AFD7D19F4BDC600F7A41C /* sample.csv */ = {isa = PBXFileReference; fileEncoding = 4; lastKnownFileType = text; name = sample.csv; path = images/sample.csv; sourceTree = "<group>"; };
		FD0AFD7E19F4BDC600F7A41C /* sample.doc */ = {isa = PBXFileReference; lastKnownFileType = file; name = sample.doc; path = images/sample.doc; sourceTree = "<group>"; };
		FD0AFD7F19F4BDC600F7A41C /* sample.docx */ = {isa = PBXFileReference; lastKnownFileType = file; name = sample.docx; path = images/sample.docx; sourceTree = "<group>"; };
		FD0AFD8019F4BDC600F7A41C /* sample.gif */ = {isa = PBXFileReference; lastKnownFileType = image.gif; name = sample.gif; path = images/sample.gif; sourceTree = "<group>"; };
		FD0AFD8119F4BDC600F7A41C /* sample.html */ = {isa = PBXFileReference; fileEncoding = 4; lastKnownFileType = text.html; name = sample.html; path = images/sample.html; sourceTree = "<group>"; };
		FD0AFD8219F4BDC600F7A41C /* sample.jpe */ = {isa = PBXFileReference; lastKnownFileType = file; name = sample.jpe; path = images/sample.jpe; sourceTree = "<group>"; };
		FD0AFD8319F4BDC600F7A41C /* sample.jpeg */ = {isa = PBXFileReference; lastKnownFileType = image.jpeg; name = sample.jpeg; path = images/sample.jpeg; sourceTree = "<group>"; };
		FD0AFD8419F4BDC600F7A41C /* sample.jpg */ = {isa = PBXFileReference; lastKnownFileType = image.jpeg; name = sample.jpg; path = images/sample.jpg; sourceTree = "<group>"; };
		FD0AFD8519F4BDC600F7A41C /* sample.key */ = {isa = PBXFileReference; lastKnownFileType = wrapper; name = sample.key; path = images/sample.key; sourceTree = "<group>"; };
		FD0AFD8619F4BDC600F7A41C /* sample.key.zip */ = {isa = PBXFileReference; lastKnownFileType = archive.zip; name = sample.key.zip; path = images/sample.key.zip; sourceTree = "<group>"; };
		FD0AFD8719F4BDC600F7A41C /* sample.pages */ = {isa = PBXFileReference; lastKnownFileType = wrapper; name = sample.pages; path = images/sample.pages; sourceTree = "<group>"; };
		FD0AFD8819F4BDC600F7A41C /* sample.pages.zip */ = {isa = PBXFileReference; lastKnownFileType = archive.zip; name = sample.pages.zip; path = images/sample.pages.zip; sourceTree = "<group>"; };
		FD0AFD8919F4BDC600F7A41C /* sample.pdf */ = {isa = PBXFileReference; lastKnownFileType = image.pdf; name = sample.pdf; path = images/sample.pdf; sourceTree = "<group>"; };
		FD0AFD8A19F4BDC600F7A41C /* sample.ppt */ = {isa = PBXFileReference; lastKnownFileType = file; name = sample.ppt; path = images/sample.ppt; sourceTree = "<group>"; };
		FD0AFD8B19F4BDC600F7A41C /* sample.pptx */ = {isa = PBXFileReference; lastKnownFileType = file; name = sample.pptx; path = images/sample.pptx; sourceTree = "<group>"; };
		FD0AFD8C19F4BDC600F7A41C /* sample.rtf */ = {isa = PBXFileReference; fileEncoding = 4; lastKnownFileType = text.rtf; name = sample.rtf; path = images/sample.rtf; sourceTree = "<group>"; };
		FD0AFD8D19F4BDC600F7A41C /* sample.rtfd */ = {isa = PBXFileReference; lastKnownFileType = wrapper.rtfd; name = sample.rtfd; path = images/sample.rtfd; sourceTree = "<group>"; };
		FD0AFD8E19F4BDC600F7A41C /* sample.rtfd.zip */ = {isa = PBXFileReference; lastKnownFileType = archive.zip; name = sample.rtfd.zip; path = images/sample.rtfd.zip; sourceTree = "<group>"; };
		FD0AFD8F19F4BDC600F7A41C /* sample.tif */ = {isa = PBXFileReference; lastKnownFileType = image.tiff; name = sample.tif; path = images/sample.tif; sourceTree = "<group>"; };
		FD0AFD9019F4BDC600F7A41C /* sample.tiff */ = {isa = PBXFileReference; lastKnownFileType = image.tiff; name = sample.tiff; path = images/sample.tiff; sourceTree = "<group>"; };
		FD0AFD9119F4BDC600F7A41C /* sample.txt */ = {isa = PBXFileReference; fileEncoding = 4; lastKnownFileType = text; name = sample.txt; path = images/sample.txt; sourceTree = "<group>"; };
		FD0AFD9219F4BDC600F7A41C /* sample.xls */ = {isa = PBXFileReference; lastKnownFileType = file; name = sample.xls; path = images/sample.xls; sourceTree = "<group>"; };
		FD0AFD9319F4BDC600F7A41C /* sample.xlsx */ = {isa = PBXFileReference; lastKnownFileType = file; name = sample.xlsx; path = images/sample.xlsx; sourceTree = "<group>"; };
		FD0AFD9419F4BDC600F7A41C /* samplea.numbers */ = {isa = PBXFileReference; lastKnownFileType = wrapper; name = samplea.numbers; path = images/samplea.numbers; sourceTree = "<group>"; };
		FD0AFD9519F4BDC600F7A41C /* samplea.numbers.zip */ = {isa = PBXFileReference; lastKnownFileType = archive.zip; name = samplea.numbers.zip; path = images/samplea.numbers.zip; sourceTree = "<group>"; };
		FD0AFDCF19F5FD7000F7A41C /* QuartzCore.framework */ = {isa = PBXFileReference; lastKnownFileType = wrapper.framework; name = QuartzCore.framework; path = System/Library/Frameworks/QuartzCore.framework; sourceTree = SDKROOT; };
		FD0AFDD919F616AF00F7A41C /* EGORefreshTableHeaderView.h */ = {isa = PBXFileReference; fileEncoding = 4; lastKnownFileType = sourcecode.c.h; path = EGORefreshTableHeaderView.h; sourceTree = "<group>"; };
		FD0AFDDA19F616AF00F7A41C /* EGORefreshTableHeaderView.m */ = {isa = PBXFileReference; fileEncoding = 4; lastKnownFileType = sourcecode.c.objc; path = EGORefreshTableHeaderView.m; sourceTree = "<group>"; };
		FD0AFDDC19F616AF00F7A41C /* blackArrow.png */ = {isa = PBXFileReference; lastKnownFileType = image.png; path = blackArrow.png; sourceTree = "<group>"; };
		FD0AFDDD19F616AF00F7A41C /* blackArrow@2x.png */ = {isa = PBXFileReference; lastKnownFileType = image.png; path = "blackArrow@2x.png"; sourceTree = "<group>"; };
		FD0AFDDE19F616AF00F7A41C /* blueArrow.png */ = {isa = PBXFileReference; lastKnownFileType = image.png; path = blueArrow.png; sourceTree = "<group>"; };
		FD0AFDDF19F616AF00F7A41C /* blueArrow@2x.png */ = {isa = PBXFileReference; lastKnownFileType = image.png; path = "blueArrow@2x.png"; sourceTree = "<group>"; };
		FD0AFDE019F616AF00F7A41C /* grayArrow.png */ = {isa = PBXFileReference; lastKnownFileType = image.png; path = grayArrow.png; sourceTree = "<group>"; };
		FD0AFDE119F616AF00F7A41C /* grayArrow@2x.png */ = {isa = PBXFileReference; lastKnownFileType = image.png; path = "grayArrow@2x.png"; sourceTree = "<group>"; };
		FD0AFDE219F616AF00F7A41C /* whiteArrow.png */ = {isa = PBXFileReference; lastKnownFileType = image.png; path = whiteArrow.png; sourceTree = "<group>"; };
		FD0AFDE319F616AF00F7A41C /* whiteArrow@2x.png */ = {isa = PBXFileReference; lastKnownFileType = image.png; path = "whiteArrow@2x.png"; sourceTree = "<group>"; };
		FD0AFEF119F7997F00F7A41C /* RECommonFunctions.h */ = {isa = PBXFileReference; fileEncoding = 4; lastKnownFileType = sourcecode.c.h; path = RECommonFunctions.h; sourceTree = "<group>"; };
		FD0AFEF219F7997F00F7A41C /* RECommonFunctions.m */ = {isa = PBXFileReference; fileEncoding = 4; lastKnownFileType = sourcecode.c.objc; path = RECommonFunctions.m; sourceTree = "<group>"; };
		FD0AFEF319F7997F00F7A41C /* REMenu.h */ = {isa = PBXFileReference; fileEncoding = 4; lastKnownFileType = sourcecode.c.h; path = REMenu.h; sourceTree = "<group>"; };
		FD0AFEF419F7997F00F7A41C /* REMenu.m */ = {isa = PBXFileReference; fileEncoding = 4; lastKnownFileType = sourcecode.c.objc; path = REMenu.m; sourceTree = "<group>"; };
		FD0AFEF519F7997F00F7A41C /* REMenuContainerView.h */ = {isa = PBXFileReference; fileEncoding = 4; lastKnownFileType = sourcecode.c.h; path = REMenuContainerView.h; sourceTree = "<group>"; };
		FD0AFEF619F7997F00F7A41C /* REMenuContainerView.m */ = {isa = PBXFileReference; fileEncoding = 4; lastKnownFileType = sourcecode.c.objc; path = REMenuContainerView.m; sourceTree = "<group>"; };
		FD0AFEF719F7997F00F7A41C /* REMenuItem.h */ = {isa = PBXFileReference; fileEncoding = 4; lastKnownFileType = sourcecode.c.h; path = REMenuItem.h; sourceTree = "<group>"; };
		FD0AFEF819F7997F00F7A41C /* REMenuItem.m */ = {isa = PBXFileReference; fileEncoding = 4; lastKnownFileType = sourcecode.c.objc; path = REMenuItem.m; sourceTree = "<group>"; };
		FD0AFEF919F7997F00F7A41C /* REMenuItemView.h */ = {isa = PBXFileReference; fileEncoding = 4; lastKnownFileType = sourcecode.c.h; path = REMenuItemView.h; sourceTree = "<group>"; };
		FD0AFEFA19F7997F00F7A41C /* REMenuItemView.m */ = {isa = PBXFileReference; fileEncoding = 4; lastKnownFileType = sourcecode.c.objc; path = REMenuItemView.m; sourceTree = "<group>"; };
		FD269C0E19FF39E90057F2DC /* WebViewController.h */ = {isa = PBXFileReference; fileEncoding = 4; lastKnownFileType = sourcecode.c.h; name = WebViewController.h; path = Classes/ViewController/WebViewController.h; sourceTree = "<group>"; };
		FD269C0F19FF39E90057F2DC /* WebViewController.m */ = {isa = PBXFileReference; fileEncoding = 4; lastKnownFileType = sourcecode.c.objc; name = WebViewController.m; path = Classes/ViewController/WebViewController.m; sourceTree = "<group>"; };
		FD269C1019FF39E90057F2DC /* WebViewController.xib */ = {isa = PBXFileReference; fileEncoding = 4; lastKnownFileType = file.xib; name = WebViewController.xib; path = Classes/ViewController/WebViewController.xib; sourceTree = "<group>"; };
		FD269C1119FF39E90057F2DC /* ZeroViewController.h */ = {isa = PBXFileReference; fileEncoding = 4; lastKnownFileType = sourcecode.c.h; name = ZeroViewController.h; path = Classes/ViewController/ZeroViewController.h; sourceTree = "<group>"; };
		FD269C1219FF39E90057F2DC /* ZeroViewController.m */ = {isa = PBXFileReference; fileEncoding = 4; lastKnownFileType = sourcecode.c.objc; name = ZeroViewController.m; path = Classes/ViewController/ZeroViewController.m; sourceTree = "<group>"; };
		FD269C1319FF39E90057F2DC /* ZeroViewController.xib */ = {isa = PBXFileReference; fileEncoding = 4; lastKnownFileType = file.xib; name = ZeroViewController.xib; path = Classes/ViewController/ZeroViewController.xib; sourceTree = "<group>"; };
		FD269C1819FF3A720057F2DC /* OneViewController.h */ = {isa = PBXFileReference; fileEncoding = 4; lastKnownFileType = sourcecode.c.h; name = OneViewController.h; path = Classes/ViewController/OneViewController.h; sourceTree = "<group>"; };
		FD269C1919FF3A720057F2DC /* OneViewController.m */ = {isa = PBXFileReference; fileEncoding = 4; lastKnownFileType = sourcecode.c.objc; name = OneViewController.m; path = Classes/ViewController/OneViewController.m; sourceTree = "<group>"; };
		FD269C1A19FF3A720057F2DC /* OneViewController.xib */ = {isa = PBXFileReference; fileEncoding = 4; lastKnownFileType = file.xib; name = OneViewController.xib; path = Classes/ViewController/OneViewController.xib; sourceTree = "<group>"; };
		FD269C1D19FF3ABF0057F2DC /* CreateFolderViewController.h */ = {isa = PBXFileReference; fileEncoding = 4; lastKnownFileType = sourcecode.c.h; name = CreateFolderViewController.h; path = Classes/ViewController/CreateFolderViewController.h; sourceTree = "<group>"; };
		FD269C1E19FF3ABF0057F2DC /* CreateFolderViewController.m */ = {isa = PBXFileReference; fileEncoding = 4; lastKnownFileType = sourcecode.c.objc; name = CreateFolderViewController.m; path = Classes/ViewController/CreateFolderViewController.m; sourceTree = "<group>"; };
		FD269C2019FF3C130057F2DC /* FirstViewController.m */ = {isa = PBXFileReference; fileEncoding = 4; lastKnownFileType = sourcecode.c.objc; name = FirstViewController.m; path = Classes/ViewController/FirstViewController.m; sourceTree = "<group>"; };
		FD269C2219FF3C6B0057F2DC /* CommonUtil.h */ = {isa = PBXFileReference; fileEncoding = 4; lastKnownFileType = sourcecode.c.h; name = CommonUtil.h; path = Classes/CommonUtil.h; sourceTree = "<group>"; };
		FD269C2319FF3C6B0057F2DC /* CommonUtil.m */ = {isa = PBXFileReference; fileEncoding = 4; lastKnownFileType = sourcecode.c.objc; name = CommonUtil.m; path = Classes/CommonUtil.m; sourceTree = "<group>"; };
		FD269C2419FF3C6B0057F2DC /* Define.h */ = {isa = PBXFileReference; fileEncoding = 4; lastKnownFileType = sourcecode.c.h; name = Define.h; path = Classes/Define.h; sourceTree = "<group>"; };
		FD269C2519FF3C6B0057F2DC /* FileManageHelp.h */ = {isa = PBXFileReference; fileEncoding = 4; lastKnownFileType = sourcecode.c.h; name = FileManageHelp.h; path = Classes/FileManageHelp.h; sourceTree = "<group>"; };
		FD269C2619FF3C6B0057F2DC /* FileManageHelp.m */ = {isa = PBXFileReference; fileEncoding = 4; lastKnownFileType = sourcecode.c.objc; name = FileManageHelp.m; path = Classes/FileManageHelp.m; sourceTree = "<group>"; };
		FD269C2719FF3C6B0057F2DC /* ForAlertDialog.m */ = {isa = PBXFileReference; fileEncoding = 4; lastKnownFileType = sourcecode.c.objc; name = ForAlertDialog.m; path = Classes/ForAlertDialog.m; sourceTree = "<group>"; };
		FD269C2B19FF3CA10057F2DC /* SectionTableViewController.h */ = {isa = PBXFileReference; fileEncoding = 4; lastKnownFileType = sourcecode.c.h; name = SectionTableViewController.h; path = Classes/ViewController/SectionTableViewController.h; sourceTree = "<group>"; };
		FD269C2C19FF3CA10057F2DC /* SectionTableViewController.m */ = {isa = PBXFileReference; fileEncoding = 4; lastKnownFileType = sourcecode.c.objc; name = SectionTableViewController.m; path = Classes/ViewController/SectionTableViewController.m; sourceTree = "<group>"; };
		FD269C2D19FF3CA10057F2DC /* SectionTableViewController.xib */ = {isa = PBXFileReference; fileEncoding = 4; lastKnownFileType = file.xib; name = SectionTableViewController.xib; path = Classes/ViewController/SectionTableViewController.xib; sourceTree = "<group>"; };
		FD269C3019FF3CCE0057F2DC /* ViewMasterAppDelegate.h */ = {isa = PBXFileReference; fileEncoding = 4; lastKnownFileType = sourcecode.c.h; name = ViewMasterAppDelegate.h; path = Classes/ViewMasterAppDelegate.h; sourceTree = "<group>"; };
		FD269C3119FF3CCE0057F2DC /* ViewMasterAppDelegate.m */ = {isa = PBXFileReference; fileEncoding = 4; lastKnownFileType = sourcecode.c.objc; name = ViewMasterAppDelegate.m; path = Classes/ViewMasterAppDelegate.m; sourceTree = "<group>"; };
		FD269C3319FF3CF80057F2DC /* FBTableViewController.h */ = {isa = PBXFileReference; fileEncoding = 4; lastKnownFileType = sourcecode.c.h; name = FBTableViewController.h; path = Classes/ViewController/FBTableViewController.h; sourceTree = "<group>"; };
		FD269C3419FF3CF80057F2DC /* FBTableViewController.m */ = {isa = PBXFileReference; fileEncoding = 4; lastKnownFileType = sourcecode.c.objc; name = FBTableViewController.m; path = Classes/ViewController/FBTableViewController.m; sourceTree = "<group>"; };
		FD269C3519FF3CF80057F2DC /* FBTableViewController.xib */ = {isa = PBXFileReference; fileEncoding = 4; lastKnownFileType = file.xib; name = FBTableViewController.xib; path = Classes/ViewController/FBTableViewController.xib; sourceTree = "<group>"; };
		FD269C3819FF3D200057F2DC /* EGOlibraryTableViewController.h */ = {isa = PBXFileReference; fileEncoding = 4; lastKnownFileType = sourcecode.c.h; name = EGOlibraryTableViewController.h; path = Classes/ViewController/EGOlibraryTableViewController.h; sourceTree = "<group>"; };
		FD269C3919FF3D200057F2DC /* EGOlibraryTableViewController.m */ = {isa = PBXFileReference; fileEncoding = 4; lastKnownFileType = sourcecode.c.objc; name = EGOlibraryTableViewController.m; path = Classes/ViewController/EGOlibraryTableViewController.m; sourceTree = "<group>"; };
		FD269C3A19FF3D200057F2DC /* EGOlibraryViewController.h */ = {isa = PBXFileReference; fileEncoding = 4; lastKnownFileType = sourcecode.c.h; name = EGOlibraryViewController.h; path = Classes/ViewController/EGOlibraryViewController.h; sourceTree = "<group>"; };
		FD269C3B19FF3D200057F2DC /* EGOlibraryViewController.m */ = {isa = PBXFileReference; fileEncoding = 4; lastKnownFileType = sourcecode.c.objc; name = EGOlibraryViewController.m; path = Classes/ViewController/EGOlibraryViewController.m; sourceTree = "<group>"; };
		FD269C3C19FF3D200057F2DC /* EGOlibraryViewController.xib */ = {isa = PBXFileReference; fileEncoding = 4; lastKnownFileType = file.xib; name = EGOlibraryViewController.xib; path = Classes/ViewController/EGOlibraryViewController.xib; sourceTree = "<group>"; };
		FD269C4019FF3D400057F2DC /* QuickLookViewController.h */ = {isa = PBXFileReference; fileEncoding = 4; lastKnownFileType = sourcecode.c.h; name = QuickLookViewController.h; path = Classes/ViewController/QuickLookViewController.h; sourceTree = "<group>"; };
		FD269C4119FF3D400057F2DC /* QuickLookViewController.m */ = {isa = PBXFileReference; fileEncoding = 4; lastKnownFileType = sourcecode.c.objc; name = QuickLookViewController.m; path = Classes/ViewController/QuickLookViewController.m; sourceTree = "<group>"; };
		FD269C4219FF3D400057F2DC /* QuickLookViewController.xib */ = {isa = PBXFileReference; fileEncoding = 4; lastKnownFileType = file.xib; name = QuickLookViewController.xib; path = Classes/ViewController/QuickLookViewController.xib; sourceTree = "<group>"; };
		FD269C4519FF3D6D0057F2DC /* ForthViewController.h */ = {isa = PBXFileReference; fileEncoding = 4; lastKnownFileType = sourcecode.c.h; name = ForthViewController.h; path = Classes/ViewController/ForthViewController.h; sourceTree = "<group>"; };
		FD269C4619FF3D6D0057F2DC /* ForthViewController.m */ = {isa = PBXFileReference; fileEncoding = 4; lastKnownFileType = sourcecode.c.objc; name = ForthViewController.m; path = Classes/ViewController/ForthViewController.m; sourceTree = "<group>"; };
		FD269C4719FF3D6D0057F2DC /* ForthViewController.storyboard */ = {isa = PBXFileReference; fileEncoding = 4; lastKnownFileType = file.storyboard; name = ForthViewController.storyboard; path = Classes/ViewController/ForthViewController.storyboard; sourceTree = "<group>"; };
		FD269C4A19FF3DA20057F2DC /* ReMenuViewController.h */ = {isa = PBXFileReference; fileEncoding = 4; lastKnownFileType = sourcecode.c.h; name = ReMenuViewController.h; path = Classes/ViewController/ReMenuViewController.h; sourceTree = "<group>"; };
		FD269C4B19FF3DA20057F2DC /* ReMenuViewController.m */ = {isa = PBXFileReference; fileEncoding = 4; lastKnownFileType = sourcecode.c.objc; name = ReMenuViewController.m; path = Classes/ViewController/ReMenuViewController.m; sourceTree = "<group>"; };
		FD269C4C19FF3DA20057F2DC /* ReMenuViewController.xib */ = {isa = PBXFileReference; fileEncoding = 4; lastKnownFileType = file.xib; name = ReMenuViewController.xib; path = Classes/ViewController/ReMenuViewController.xib; sourceTree = "<group>"; };
		FD269C4F19FF3DBC0057F2DC /* HomeViewController.h */ = {isa = PBXFileReference; fileEncoding = 4; lastKnownFileType = sourcecode.c.h; name = HomeViewController.h; path = Classes/ViewController/HomeViewController.h; sourceTree = "<group>"; };
		FD269C5019FF3DBC0057F2DC /* HomeViewController.m */ = {isa = PBXFileReference; fileEncoding = 4; lastKnownFileType = sourcecode.c.objc; name = HomeViewController.m; path = Classes/ViewController/HomeViewController.m; sourceTree = "<group>"; };
		FD269C5119FF3DBC0057F2DC /* NavigationViewController.h */ = {isa = PBXFileReference; fileEncoding = 4; lastKnownFileType = sourcecode.c.h; name = NavigationViewController.h; path = Classes/ViewController/NavigationViewController.h; sourceTree = "<group>"; };
		FD269C5219FF3DBC0057F2DC /* NavigationViewController.m */ = {isa = PBXFileReference; fileEncoding = 4; lastKnownFileType = sourcecode.c.objc; name = NavigationViewController.m; path = Classes/ViewController/NavigationViewController.m; sourceTree = "<group>"; };
		FD269C5F19FF3F0B0057F2DC /* ActivityView.h */ = {isa = PBXFileReference; fileEncoding = 4; lastKnownFileType = sourcecode.c.h; name = ActivityView.h; path = Classes/ViewController/ActivityView.h; sourceTree = "<group>"; };
		FD269C6019FF3F0B0057F2DC /* ActivityView.m */ = {isa = PBXFileReference; fileEncoding = 4; lastKnownFileType = sourcecode.c.objc; name = ActivityView.m; path = Classes/ViewController/ActivityView.m; sourceTree = "<group>"; };
		FD269C6219FF3F1E0057F2DC /* DeleteView.h */ = {isa = PBXFileReference; fileEncoding = 4; lastKnownFileType = sourcecode.c.h; name = DeleteView.h; path = Classes/ViewController/DeleteView.h; sourceTree = "<group>"; };
		FD269C6319FF3F1E0057F2DC /* DeleteView.m */ = {isa = PBXFileReference; fileEncoding = 4; lastKnownFileType = sourcecode.c.objc; name = DeleteView.m; path = Classes/ViewController/DeleteView.m; sourceTree = "<group>"; };
		FD269C6519FF3F630057F2DC /* SnoopyViewController.h */ = {isa = PBXFileReference; fileEncoding = 4; lastKnownFileType = sourcecode.c.h; name = SnoopyViewController.h; path = Classes/ViewController/SnoopyViewController.h; sourceTree = "<group>"; };
		FD269C6619FF3F630057F2DC /* SnoopyViewController.m */ = {isa = PBXFileReference; fileEncoding = 4; lastKnownFileType = sourcecode.c.objc; name = SnoopyViewController.m; path = Classes/ViewController/SnoopyViewController.m; sourceTree = "<group>"; };
		FD269C6719FF3F630057F2DC /* SnoopyViewController.xib */ = {isa = PBXFileReference; fileEncoding = 4; lastKnownFileType = file.xib; name = SnoopyViewController.xib; path = Classes/ViewController/SnoopyViewController.xib; sourceTree = "<group>"; };
		FD269C6A19FF404E0057F2DC /* FirstFirstViewController.h */ = {isa = PBXFileReference; fileEncoding = 4; lastKnownFileType = sourcecode.c.h; name = FirstFirstViewController.h; path = Classes/ViewController/FirstFirstViewController.h; sourceTree = "<group>"; };
		FD269C6B19FF404E0057F2DC /* FirstFirstViewController.m */ = {isa = PBXFileReference; fileEncoding = 4; lastKnownFileType = sourcecode.c.objc; name = FirstFirstViewController.m; path = Classes/ViewController/FirstFirstViewController.m; sourceTree = "<group>"; };
		FD269C6C19FF404E0057F2DC /* FirstFirstViewController.xib */ = {isa = PBXFileReference; fileEncoding = 4; lastKnownFileType = file.xib; name = FirstFirstViewController.xib; path = Classes/ViewController/FirstFirstViewController.xib; sourceTree = "<group>"; };
		FD269C6F19FF40780057F2DC /* EditViewController.h */ = {isa = PBXFileReference; fileEncoding = 4; lastKnownFileType = sourcecode.c.h; name = EditViewController.h; path = Classes/ViewController/EditViewController.h; sourceTree = "<group>"; };
		FD269C7019FF40780057F2DC /* EditViewController.m */ = {isa = PBXFileReference; fileEncoding = 4; lastKnownFileType = sourcecode.c.objc; name = EditViewController.m; path = Classes/ViewController/EditViewController.m; sourceTree = "<group>"; };
		FD269C7219FF409C0057F2DC /* FirstViewController.xib */ = {isa = PBXFileReference; fileEncoding = 4; lastKnownFileType = file.xib; name = FirstViewController.xib; path = Classes/ViewController/FirstViewController.xib; sourceTree = "<group>"; };
		FD269C7419FF40E50057F2DC /* ForAlertDialog.h */ = {isa = PBXFileReference; fileEncoding = 4; lastKnownFileType = sourcecode.c.h; name = ForAlertDialog.h; path = Classes/ForAlertDialog.h; sourceTree = "<group>"; };
		FD269C7519FF41FD0057F2DC /* JASidePanelController.h */ = {isa = PBXFileReference; fileEncoding = 4; lastKnownFileType = sourcecode.c.h; name = JASidePanelController.h; path = library/Source/JASidePanelController.h; sourceTree = SOURCE_ROOT; };
		FD269C7619FF41FD0057F2DC /* JASidePanelController.m */ = {isa = PBXFileReference; fileEncoding = 4; lastKnownFileType = sourcecode.c.objc; name = JASidePanelController.m; path = library/Source/JASidePanelController.m; sourceTree = SOURCE_ROOT; };
		FD269C7719FF41FD0057F2DC /* UIViewController+JASidePanel.h */ = {isa = PBXFileReference; fileEncoding = 4; lastKnownFileType = sourcecode.c.h; name = "UIViewController+JASidePanel.h"; path = "library/Source/UIViewController+JASidePanel.h"; sourceTree = SOURCE_ROOT; };
		FD269C7819FF41FD0057F2DC /* UIViewController+JASidePanel.m */ = {isa = PBXFileReference; fileEncoding = 4; lastKnownFileType = sourcecode.c.objc; name = "UIViewController+JASidePanel.m"; path = "library/Source/UIViewController+JASidePanel.m"; sourceTree = SOURCE_ROOT; };
		FD269C8B19FF59280057F2DC /* FirstViewController.h */ = {isa = PBXFileReference; fileEncoding = 4; lastKnownFileType = sourcecode.c.h; name = FirstViewController.h; path = Classes/ViewController/FirstViewController.h; sourceTree = "<group>"; };
		FD2CE6E219EDF9D500963174 /* de */ = {isa = PBXFileReference; lastKnownFileType = file.xib; name = de; path = de.lproj/CreateFolderViewController.xib; sourceTree = "<group>"; };
		FD2CE6E319EDF9D500963174 /* de */ = {isa = PBXFileReference; lastKnownFileType = text.plist.strings; name = de; path = de.lproj/InfoPlist.strings; sourceTree = "<group>"; };
		FD2CE6E419EDF9D500963174 /* de */ = {isa = PBXFileReference; lastKnownFileType = text.plist.strings; name = de; path = de.lproj/Localizable.strings; sourceTree = "<group>"; };
		FD2CE6E519EDF9D500963174 /* de */ = {isa = PBXFileReference; lastKnownFileType = text.plist.strings; name = de; path = de.lproj/InfoPlist.strings; sourceTree = "<group>"; };
		FD9F218C19DD12010094C4A5 /* ja */ = {isa = PBXFileReference; lastKnownFileType = text.plist.strings; name = ja; path = ja.lproj/InfoPlist.strings; sourceTree = "<group>"; };
		FD9F218D19DD12010094C4A5 /* ja */ = {isa = PBXFileReference; lastKnownFileType = text.plist.strings; name = ja; path = ja.lproj/InfoPlist.strings; sourceTree = "<group>"; };
		FD9F218E19DD12130094C4A5 /* fr */ = {isa = PBXFileReference; lastKnownFileType = text.plist.strings; name = fr; path = fr.lproj/InfoPlist.strings; sourceTree = "<group>"; };
		FD9F218F19DD12130094C4A5 /* fr */ = {isa = PBXFileReference; lastKnownFileType = text.plist.strings; name = fr; path = fr.lproj/InfoPlist.strings; sourceTree = "<group>"; };
		FD9F219119DD12210094C4A5 /* en */ = {isa = PBXFileReference; lastKnownFileType = text.plist.strings; name = en; path = en.lproj/Localizable.strings; sourceTree = "<group>"; };
		FD9F219319DD12240094C4A5 /* ja */ = {isa = PBXFileReference; lastKnownFileType = text.plist.strings; name = ja; path = ja.lproj/Localizable.strings; sourceTree = "<group>"; };
		FD9F219419DD12260094C4A5 /* fr */ = {isa = PBXFileReference; lastKnownFileType = text.plist.strings; name = fr; path = fr.lproj/Localizable.strings; sourceTree = "<group>"; };
		FD9F219619DD2B950094C4A5 /* en */ = {isa = PBXFileReference; lastKnownFileType = file.xib; name = en; path = en.lproj/CreateFolderViewController.xib; sourceTree = "<group>"; };
		FD9F219819DD2B9C0094C4A5 /* ja */ = {isa = PBXFileReference; lastKnownFileType = file.xib; name = ja; path = ja.lproj/CreateFolderViewController.xib; sourceTree = "<group>"; };
		FD9F219919DD2BA60094C4A5 /* fr */ = {isa = PBXFileReference; lastKnownFileType = file.xib; name = fr; path = fr.lproj/CreateFolderViewController.xib; sourceTree = "<group>"; };
/* End PBXFileReference section */

/* Begin PBXFrameworksBuildPhase section */
		2E4ACFD019C9B932000E9726 /* Frameworks */ = {
			isa = PBXFrameworksBuildPhase;
			buildActionMask = 2147483647;
			files = (
				FD0AFDD019F5FD7000F7A41C /* QuartzCore.framework in Frameworks */,
				2E4ACFD919C9B932000E9726 /* CoreGraphics.framework in Frameworks */,
				2E4ACFDB19C9B932000E9726 /* UIKit.framework in Frameworks */,
				2E4ACFD719C9B932000E9726 /* Foundation.framework in Frameworks */,
			);
			runOnlyForDeploymentPostprocessing = 0;
		};
		2E4ACFEB19C9B933000E9726 /* Frameworks */ = {
			isa = PBXFrameworksBuildPhase;
			buildActionMask = 2147483647;
			files = (
				2E4ACFF019C9B933000E9726 /* XCTest.framework in Frameworks */,
				2E4ACFF219C9B933000E9726 /* UIKit.framework in Frameworks */,
				2E4ACFF119C9B933000E9726 /* Foundation.framework in Frameworks */,
			);
			runOnlyForDeploymentPostprocessing = 0;
		};
/* End PBXFrameworksBuildPhase section */

/* Begin PBXGroup section */
		2E4ACFCA19C9B932000E9726 = {
			isa = PBXGroup;
			children = (
				2E4ACFDC19C9B932000E9726 /* ViewMaster */,
				2E4ACFF519C9B933000E9726 /* ViewMasterTests */,
				2E4ACFD519C9B932000E9726 /* Frameworks */,
				2E4ACFD419C9B932000E9726 /* Products */,
			);
			sourceTree = "<group>";
		};
		2E4ACFD419C9B932000E9726 /* Products */ = {
			isa = PBXGroup;
			children = (
				2E4ACFD319C9B932000E9726 /* ViewMaster.app */,
				2E4ACFEE19C9B933000E9726 /* ViewMasterTests.xctest */,
			);
			name = Products;
			sourceTree = "<group>";
		};
		2E4ACFD519C9B932000E9726 /* Frameworks */ = {
			isa = PBXGroup;
			children = (
				FD0AFDCF19F5FD7000F7A41C /* QuartzCore.framework */,
				2E4ACFD619C9B932000E9726 /* Foundation.framework */,
				2E4ACFD819C9B932000E9726 /* CoreGraphics.framework */,
				2E4ACFDA19C9B932000E9726 /* UIKit.framework */,
				2E4ACFEF19C9B933000E9726 /* XCTest.framework */,
			);
			name = Frameworks;
			sourceTree = "<group>";
		};
		2E4ACFDC19C9B932000E9726 /* ViewMaster */ = {
			isa = PBXGroup;
			children = (
				FD3E804719E227EC00AB37A6 /* ViewController */,
				FD269C2219FF3C6B0057F2DC /* CommonUtil.h */,
				FD269C2319FF3C6B0057F2DC /* CommonUtil.m */,
				FD269C2419FF3C6B0057F2DC /* Define.h */,
				FD269C2519FF3C6B0057F2DC /* FileManageHelp.h */,
				FD269C2619FF3C6B0057F2DC /* FileManageHelp.m */,
				FD269C7419FF40E50057F2DC /* ForAlertDialog.h */,
				FD269C2719FF3C6B0057F2DC /* ForAlertDialog.m */,
				FD269C3019FF3CCE0057F2DC /* ViewMasterAppDelegate.h */,
				FD269C3119FF3CCE0057F2DC /* ViewMasterAppDelegate.m */,
				2E4ACFE819C9B932000E9726 /* Images.xcassets */,
				2E4ACFDD19C9B932000E9726 /* Supporting Files */,
				FD0AFE1019F645B100F7A41C /* library */,
			);
			path = ViewMaster;
			sourceTree = "<group>";
		};
		2E4ACFDD19C9B932000E9726 /* Supporting Files */ = {
			isa = PBXGroup;
			children = (
				FD66C22019D2D7AF00131A8B /* ImagePicture */,
				2E562FA319F2896B00ACEB4D /* icon_pic */,
				2E4ACFDE19C9B932000E9726 /* ViewMaster-Info.plist */,
				2E4ACFDF19C9B932000E9726 /* InfoPlist.strings */,
				2E4ACFE219C9B932000E9726 /* main.m */,
				2E4ACFE419C9B932000E9726 /* ViewMaster-Prefix.pch */,
				FD383BEC19DD2F8C00F3A678 /* Resouce */,
			);
			name = "Supporting Files";
			sourceTree = "<group>";
		};
		2E4ACFF519C9B933000E9726 /* ViewMasterTests */ = {
			isa = PBXGroup;
			children = (
				2E4ACFFB19C9B933000E9726 /* ViewMasterTests.m */,
				2E4ACFF619C9B933000E9726 /* Supporting Files */,
			);
			path = ViewMasterTests;
			sourceTree = "<group>";
		};
		2E4ACFF619C9B933000E9726 /* Supporting Files */ = {
			isa = PBXGroup;
			children = (
				2E4ACFF719C9B933000E9726 /* ViewMasterTests-Info.plist */,
				2E4ACFF819C9B933000E9726 /* InfoPlist.strings */,
			);
			name = "Supporting Files";
			sourceTree = "<group>";
		};
		2E562FA319F2896B00ACEB4D /* icon_pic */ = {
			isa = PBXGroup;
			children = (
				FD0AFD5C19F4BD5000F7A41C /* AddPage.png */,
				FD0AFD5D19F4BD5000F7A41C /* AddPage@2x.png */,
				FD0AFD5E19F4BD5000F7A41C /* Dir.png */,
				FD0AFD5F19F4BD5000F7A41C /* Dir@2x.png */,
				FD0AFD6019F4BD5000F7A41C /* jpg.png */,
				FD0AFD6119F4BD5000F7A41C /* jpg@2x.png */,
				FD0AFD6219F4BD5000F7A41C /* pdf.png */,
				FD0AFD6319F4BD5000F7A41C /* pdf@2x.png */,
				FD0AFD6419F4BD5000F7A41C /* png.png */,
				FD0AFD6519F4BD5000F7A41C /* png@2x.png */,
				FD0AFD6619F4BD5000F7A41C /* third@2x.png */,
				FD0AFD6719F4BD5000F7A41C /* Top_Settings.png */,
				FD0AFD6819F4BD5000F7A41C /* Top_Settings@2x.png */,
			);
			name = icon_pic;
			sourceTree = "<group>";
		};
		FD0AFDD619F616AF00F7A41C /* EGOTableViewPullRefresh */ = {
			isa = PBXGroup;
			children = (
				FD0AFDD719F616AF00F7A41C /* Classes */,
				FD0AFDDB19F616AF00F7A41C /* Resources */,
			);
			name = EGOTableViewPullRefresh;
			path = library/EGOTableViewPullRefresh;
			sourceTree = "<group>";
		};
		FD0AFDD719F616AF00F7A41C /* Classes */ = {
			isa = PBXGroup;
			children = (
				FD0AFDD819F616AF00F7A41C /* View */,
			);
			path = Classes;
			sourceTree = "<group>";
		};
		FD0AFDD819F616AF00F7A41C /* View */ = {
			isa = PBXGroup;
			children = (
				FD0AFDD919F616AF00F7A41C /* EGORefreshTableHeaderView.h */,
				FD0AFDDA19F616AF00F7A41C /* EGORefreshTableHeaderView.m */,
			);
			path = View;
			sourceTree = "<group>";
		};
		FD0AFDDB19F616AF00F7A41C /* Resources */ = {
			isa = PBXGroup;
			children = (
				FD0AFDDC19F616AF00F7A41C /* blackArrow.png */,
				FD0AFDDD19F616AF00F7A41C /* blackArrow@2x.png */,
				FD0AFDDE19F616AF00F7A41C /* blueArrow.png */,
				FD0AFDDF19F616AF00F7A41C /* blueArrow@2x.png */,
				FD0AFDE019F616AF00F7A41C /* grayArrow.png */,
				FD0AFDE119F616AF00F7A41C /* grayArrow@2x.png */,
				FD0AFDE219F616AF00F7A41C /* whiteArrow.png */,
				FD0AFDE319F616AF00F7A41C /* whiteArrow@2x.png */,
			);
			path = Resources;
			sourceTree = "<group>";
		};
		FD0AFE1019F645B100F7A41C /* library */ = {
			isa = PBXGroup;
			children = (
				FD0AFEF019F7997F00F7A41C /* REMenu */,
				FD0AFE3119F7460300F7A41C /* Source */,
				FD0AFDD619F616AF00F7A41C /* EGOTableViewPullRefresh */,
			);
			name = library;
			path = ..;
			sourceTree = "<group>";
		};
		FD0AFE3119F7460300F7A41C /* Source */ = {
			isa = PBXGroup;
			children = (
				FD269C7519FF41FD0057F2DC /* JASidePanelController.h */,
				FD269C7619FF41FD0057F2DC /* JASidePanelController.m */,
				FD269C7719FF41FD0057F2DC /* UIViewController+JASidePanel.h */,
				FD269C7819FF41FD0057F2DC /* UIViewController+JASidePanel.m */,
			);
			path = Source;
			sourceTree = "<group>";
		};
		FD0AFE6F19F764BF00F7A41C /* WebView */ = {
			isa = PBXGroup;
			children = (
				FD269C0E19FF39E90057F2DC /* WebViewController.h */,
				FD269C0F19FF39E90057F2DC /* WebViewController.m */,
				FD269C1019FF39E90057F2DC /* WebViewController.xib */,
				FD269C1119FF39E90057F2DC /* ZeroViewController.h */,
				FD269C1219FF39E90057F2DC /* ZeroViewController.m */,
				FD269C1319FF39E90057F2DC /* ZeroViewController.xib */,
				FD269C1819FF3A720057F2DC /* OneViewController.h */,
				FD269C1919FF3A720057F2DC /* OneViewController.m */,
				FD269C1A19FF3A720057F2DC /* OneViewController.xib */,
			);
			name = WebView;
			sourceTree = "<group>";
		};
		FD0AFE7019F764DE00F7A41C /* CreateFolderView */ = {
			isa = PBXGroup;
			children = (
				FD269C1D19FF3ABF0057F2DC /* CreateFolderViewController.h */,
				FD269C1E19FF3ABF0057F2DC /* CreateFolderViewController.m */,
				FD269C6A19FF404E0057F2DC /* FirstFirstViewController.h */,
				FD269C6B19FF404E0057F2DC /* FirstFirstViewController.m */,
				FD269C6C19FF404E0057F2DC /* FirstFirstViewController.xib */,
				FD269C6519FF3F630057F2DC /* SnoopyViewController.h */,
				FD269C6619FF3F630057F2DC /* SnoopyViewController.m */,
				FD269C6719FF3F630057F2DC /* SnoopyViewController.xib */,
				FD9F219719DD2B950094C4A5 /* CreateFolderViewController.xib */,
			);
			name = CreateFolderView;
			sourceTree = "<group>";
		};
		FD0AFE7119F7650200F7A41C /* EditView */ = {
			isa = PBXGroup;
			children = (
				FD269C6F19FF40780057F2DC /* EditViewController.h */,
				FD269C7019FF40780057F2DC /* EditViewController.m */,
			);
			name = EditView;
			sourceTree = "<group>";
		};
		FD0AFE7219F7651C00F7A41C /* StoryBoard */ = {
			isa = PBXGroup;
			children = (
				FD269C4519FF3D6D0057F2DC /* ForthViewController.h */,
				FD269C4619FF3D6D0057F2DC /* ForthViewController.m */,
				FD269C4719FF3D6D0057F2DC /* ForthViewController.storyboard */,
			);
			name = StoryBoard;
			sourceTree = "<group>";
		};
		FD0AFE7319F7653800F7A41C /* QuickLook */ = {
			isa = PBXGroup;
			children = (
				FD269C4019FF3D400057F2DC /* QuickLookViewController.h */,
				FD269C4119FF3D400057F2DC /* QuickLookViewController.m */,
				FD269C4219FF3D400057F2DC /* QuickLookViewController.xib */,
			);
			name = QuickLook;
			sourceTree = "<group>";
		};
		FD0AFE7419F7655F00F7A41C /* EgoLibraryView */ = {
			isa = PBXGroup;
			children = (
				FD269C3819FF3D200057F2DC /* EGOlibraryTableViewController.h */,
				FD269C3919FF3D200057F2DC /* EGOlibraryTableViewController.m */,
				FD269C3A19FF3D200057F2DC /* EGOlibraryViewController.h */,
				FD269C3B19FF3D200057F2DC /* EGOlibraryViewController.m */,
				FD269C3C19FF3D200057F2DC /* EGOlibraryViewController.xib */,
			);
			name = EgoLibraryView;
			sourceTree = "<group>";
		};
		FD0AFE7519F7658500F7A41C /* FaceBookMenu */ = {
			isa = PBXGroup;
			children = (
				FD269C3319FF3CF80057F2DC /* FBTableViewController.h */,
				FD269C3419FF3CF80057F2DC /* FBTableViewController.m */,
				FD269C3519FF3CF80057F2DC /* FBTableViewController.xib */,
			);
			name = FaceBookMenu;
			sourceTree = "<group>";
		};
		FD0AFEEC19F7927A00F7A41C /* ReMenuView */ = {
			isa = PBXGroup;
			children = (
				FD269C4F19FF3DBC0057F2DC /* HomeViewController.h */,
				FD269C5019FF3DBC0057F2DC /* HomeViewController.m */,
				FD269C5119FF3DBC0057F2DC /* NavigationViewController.h */,
				FD269C5219FF3DBC0057F2DC /* NavigationViewController.m */,
				FD269C4A19FF3DA20057F2DC /* ReMenuViewController.h */,
				FD269C4B19FF3DA20057F2DC /* ReMenuViewController.m */,
				FD269C4C19FF3DA20057F2DC /* ReMenuViewController.xib */,
				FD269C5F19FF3F0B0057F2DC /* ActivityView.h */,
				FD269C6019FF3F0B0057F2DC /* ActivityView.m */,
				FD269C6219FF3F1E0057F2DC /* DeleteView.h */,
				FD269C6319FF3F1E0057F2DC /* DeleteView.m */,
			);
			name = ReMenuView;
			sourceTree = "<group>";
		};
		FD0AFEF019F7997F00F7A41C /* REMenu */ = {
			isa = PBXGroup;
			children = (
				FD0AFEF119F7997F00F7A41C /* RECommonFunctions.h */,
				FD0AFEF219F7997F00F7A41C /* RECommonFunctions.m */,
				FD0AFEF319F7997F00F7A41C /* REMenu.h */,
				FD0AFEF419F7997F00F7A41C /* REMenu.m */,
				FD0AFEF519F7997F00F7A41C /* REMenuContainerView.h */,
				FD0AFEF619F7997F00F7A41C /* REMenuContainerView.m */,
				FD0AFEF719F7997F00F7A41C /* REMenuItem.h */,
				FD0AFEF819F7997F00F7A41C /* REMenuItem.m */,
				FD0AFEF919F7997F00F7A41C /* REMenuItemView.h */,
				FD0AFEFA19F7997F00F7A41C /* REMenuItemView.m */,
			);
			name = REMenu;
			path = "../★OPEN_LIBRARY/REMenu-master/REMenu";
			sourceTree = "<group>";
		};
		FD33E01919FE221800C2A16A /* SectionView */ = {
			isa = PBXGroup;
			children = (
				FD269C2B19FF3CA10057F2DC /* SectionTableViewController.h */,
				FD269C2C19FF3CA10057F2DC /* SectionTableViewController.m */,
				FD269C2D19FF3CA10057F2DC /* SectionTableViewController.xib */,
			);
			name = SectionView;
			sourceTree = "<group>";
		};
		FD383BEC19DD2F8C00F3A678 /* Resouce */ = {
			isa = PBXGroup;
			children = (
				FD9F219219DD12210094C4A5 /* Localizable.strings */,
			);
			name = Resouce;
			sourceTree = "<group>";
		};
		FD3E804719E227EC00AB37A6 /* ViewController */ = {
			isa = PBXGroup;
			children = (
				FD269C8B19FF59280057F2DC /* FirstViewController.h */,
				FD269C2019FF3C130057F2DC /* FirstViewController.m */,
				FD269C7219FF409C0057F2DC /* FirstViewController.xib */,
				FD0AFE6F19F764BF00F7A41C /* WebView */,
				FD0AFE7019F764DE00F7A41C /* CreateFolderView */,
				FD0AFE7119F7650200F7A41C /* EditView */,
				FD0AFE7219F7651C00F7A41C /* StoryBoard */,
				FD0AFE7319F7653800F7A41C /* QuickLook */,
				FD0AFE7419F7655F00F7A41C /* EgoLibraryView */,
				FD0AFE7519F7658500F7A41C /* FaceBookMenu */,
				FD0AFEEC19F7927A00F7A41C /* ReMenuView */,
				FD33E01919FE221800C2A16A /* SectionView */,
			);
			name = ViewController;
			sourceTree = "<group>";
		};
		FD66C22019D2D7AF00131A8B /* ImagePicture */ = {
			isa = PBXGroup;
			children = (
				FD0AFD7619F4BDC600F7A41C /* bearbrick.jpg */,
				FD0AFD7719F4BDC600F7A41C /* bearbrick1.jpg */,
				FD0AFD7819F4BDC600F7A41C /* bearbrick2.jpg */,
				FD0AFD7919F4BDC600F7A41C /* sample_3s.doc */,
				FD0AFD7A19F4BDC600F7A41C /* sample_3s.xls */,
				FD0AFD7B19F4BDC600F7A41C /* sample_pass.pdf */,
				FD0AFD7C19F4BDC600F7A41C /* sample.broken */,
				FD0AFD7D19F4BDC600F7A41C /* sample.csv */,
				FD0AFD7E19F4BDC600F7A41C /* sample.doc */,
				FD0AFD7F19F4BDC600F7A41C /* sample.docx */,
				FD0AFD8019F4BDC600F7A41C /* sample.gif */,
				FD0AFD8119F4BDC600F7A41C /* sample.html */,
				FD0AFD8219F4BDC600F7A41C /* sample.jpe */,
				FD0AFD8319F4BDC600F7A41C /* sample.jpeg */,
				FD0AFD8419F4BDC600F7A41C /* sample.jpg */,
				FD0AFD8519F4BDC600F7A41C /* sample.key */,
				FD0AFD8619F4BDC600F7A41C /* sample.key.zip */,
				FD0AFD8719F4BDC600F7A41C /* sample.pages */,
				FD0AFD8819F4BDC600F7A41C /* sample.pages.zip */,
				FD0AFD8919F4BDC600F7A41C /* sample.pdf */,
				FD0AFD8A19F4BDC600F7A41C /* sample.ppt */,
				FD0AFD8B19F4BDC600F7A41C /* sample.pptx */,
				FD0AFD8C19F4BDC600F7A41C /* sample.rtf */,
				FD0AFD8D19F4BDC600F7A41C /* sample.rtfd */,
				FD0AFD8E19F4BDC600F7A41C /* sample.rtfd.zip */,
				FD0AFD8F19F4BDC600F7A41C /* sample.tif */,
				FD0AFD9019F4BDC600F7A41C /* sample.tiff */,
				FD0AFD9119F4BDC600F7A41C /* sample.txt */,
				FD0AFD9219F4BDC600F7A41C /* sample.xls */,
				FD0AFD9319F4BDC600F7A41C /* sample.xlsx */,
				FD0AFD9419F4BDC600F7A41C /* samplea.numbers */,
				FD0AFD9519F4BDC600F7A41C /* samplea.numbers.zip */,
			);
			name = ImagePicture;
			sourceTree = "<group>";
		};
/* End PBXGroup section */

/* Begin PBXNativeTarget section */
		2E4ACFD219C9B932000E9726 /* ViewMaster */ = {
			isa = PBXNativeTarget;
			buildConfigurationList = 2E4ACFFF19C9B933000E9726 /* Build configuration list for PBXNativeTarget "ViewMaster" */;
			buildPhases = (
				2E4ACFCF19C9B932000E9726 /* Sources */,
				2E4ACFD019C9B932000E9726 /* Frameworks */,
				2E4ACFD119C9B932000E9726 /* Resources */,
			);
			buildRules = (
			);
			dependencies = (
			);
			name = ViewMaster;
			productName = ViewMaster;
			productReference = 2E4ACFD319C9B932000E9726 /* ViewMaster.app */;
			productType = "com.apple.product-type.application";
		};
		2E4ACFED19C9B933000E9726 /* ViewMasterTests */ = {
			isa = PBXNativeTarget;
			buildConfigurationList = 2E4AD00219C9B933000E9726 /* Build configuration list for PBXNativeTarget "ViewMasterTests" */;
			buildPhases = (
				2E4ACFEA19C9B933000E9726 /* Sources */,
				2E4ACFEB19C9B933000E9726 /* Frameworks */,
				2E4ACFEC19C9B933000E9726 /* Resources */,
			);
			buildRules = (
			);
			dependencies = (
				2E4ACFF419C9B933000E9726 /* PBXTargetDependency */,
			);
			name = ViewMasterTests;
			productName = ViewMasterTests;
			productReference = 2E4ACFEE19C9B933000E9726 /* ViewMasterTests.xctest */;
			productType = "com.apple.product-type.bundle.unit-test";
		};
/* End PBXNativeTarget section */

/* Begin PBXProject section */
		2E4ACFCB19C9B932000E9726 /* Project object */ = {
			isa = PBXProject;
			attributes = {
				CLASSPREFIX = ViewMaster;
				LastUpgradeCheck = 0510;
				ORGANIZATIONNAME = HiroyukiHamana;
				TargetAttributes = {
					2E4ACFD219C9B932000E9726 = {
						DevelopmentTeam = US4EK444PJ;
					};
					2E4ACFED19C9B933000E9726 = {
						TestTargetID = 2E4ACFD219C9B932000E9726;
					};
				};
			};
			buildConfigurationList = 2E4ACFCE19C9B932000E9726 /* Build configuration list for PBXProject "ViewMaster" */;
			compatibilityVersion = "Xcode 3.2";
			developmentRegion = English;
			hasScannedForEncodings = 0;
			knownRegions = (
				en,
				ja,
				fr,
				de,
			);
			mainGroup = 2E4ACFCA19C9B932000E9726;
			productRefGroup = 2E4ACFD419C9B932000E9726 /* Products */;
			projectDirPath = "";
			projectRoot = "";
			targets = (
				2E4ACFD219C9B932000E9726 /* ViewMaster */,
				2E4ACFED19C9B933000E9726 /* ViewMasterTests */,
			);
		};
/* End PBXProject section */

/* Begin PBXResourcesBuildPhase section */
		2E4ACFD119C9B932000E9726 /* Resources */ = {
			isa = PBXResourcesBuildPhase;
			buildActionMask = 2147483647;
			files = (
				FD0AFDA319F4BDC600F7A41C /* sample.jpe in Resources */,
				FD0AFD9A19F4BDC600F7A41C /* sample_3s.doc in Resources */,
				FD0AFD7119F4BD5000F7A41C /* png.png in Resources */,
				FD269C1519FF39E90057F2DC /* WebViewController.xib in Resources */,
				FD0AFD9919F4BDC600F7A41C /* bearbrick2.jpg in Resources */,
				FD0AFDE619F616AF00F7A41C /* blackArrow@2x.png in Resources */,
				FD0AFD9F19F4BDC600F7A41C /* sample.doc in Resources */,
				FD0AFDAB19F4BDC600F7A41C /* sample.ppt in Resources */,
				FD0AFDE719F616AF00F7A41C /* blueArrow.png in Resources */,
				FD0AFD9D19F4BDC600F7A41C /* sample.broken in Resources */,
				2E4ACFE119C9B932000E9726 /* InfoPlist.strings in Resources */,
				FD0AFDB219F4BDC600F7A41C /* sample.txt in Resources */,
				FD0AFDB619F4BDC600F7A41C /* samplea.numbers.zip in Resources */,
				FD269C3719FF3CF80057F2DC /* FBTableViewController.xib in Resources */,
				FD0AFDA419F4BDC600F7A41C /* sample.jpeg in Resources */,
				FD0AFD7319F4BD5000F7A41C /* third@2x.png in Resources */,
				FD0AFD9E19F4BDC600F7A41C /* sample.csv in Resources */,
				FD0AFD6D19F4BD5000F7A41C /* jpg.png in Resources */,
				FD0AFD6919F4BD5000F7A41C /* AddPage.png in Resources */,
				FD0AFDAE19F4BDC600F7A41C /* sample.rtfd in Resources */,
				FD0AFDEC19F616AF00F7A41C /* whiteArrow@2x.png in Resources */,
				FD0AFD9819F4BDC600F7A41C /* bearbrick1.jpg in Resources */,
				FD0AFD7019F4BD5000F7A41C /* pdf@2x.png in Resources */,
				FD0AFD9719F4BDC600F7A41C /* bearbrick.jpg in Resources */,
				FD269C6E19FF404E0057F2DC /* FirstFirstViewController.xib in Resources */,
				FD0AFDE819F616AF00F7A41C /* blueArrow@2x.png in Resources */,
				FD0AFDEB19F616AF00F7A41C /* whiteArrow.png in Resources */,
				FD269C1719FF39E90057F2DC /* ZeroViewController.xib in Resources */,
				FD0AFDA919F4BDC600F7A41C /* sample.pages.zip in Resources */,
				FD0AFDB519F4BDC600F7A41C /* samplea.numbers in Resources */,
				FD0AFDEA19F616AF00F7A41C /* grayArrow@2x.png in Resources */,
				FD0AFDA219F4BDC600F7A41C /* sample.html in Resources */,
				FD9F219019DD12210094C4A5 /* Localizable.strings in Resources */,
				FD0AFDA819F4BDC600F7A41C /* sample.pages in Resources */,
				FD0AFDAC19F4BDC600F7A41C /* sample.pptx in Resources */,
				FD0AFD9C19F4BDC600F7A41C /* sample_pass.pdf in Resources */,
				FD269C2F19FF3CA10057F2DC /* SectionTableViewController.xib in Resources */,
				FD9F219519DD2B950094C4A5 /* CreateFolderViewController.xib in Resources */,
				FD0AFD6F19F4BD5000F7A41C /* pdf.png in Resources */,
				FD0AFDA619F4BDC600F7A41C /* sample.key in Resources */,
				FD0AFD6C19F4BD5000F7A41C /* Dir@2x.png in Resources */,
				FD0AFDE519F616AF00F7A41C /* blackArrow.png in Resources */,
				FD0AFDB419F4BDC600F7A41C /* sample.xlsx in Resources */,
				FD269C1C19FF3A720057F2DC /* OneViewController.xib in Resources */,
				FD0AFDB319F4BDC600F7A41C /* sample.xls in Resources */,
				FD0AFDAD19F4BDC600F7A41C /* sample.rtf in Resources */,
				FD0AFD6A19F4BD5000F7A41C /* AddPage@2x.png in Resources */,
				FD0AFD6B19F4BD5000F7A41C /* Dir.png in Resources */,
				2E4ACFE919C9B932000E9726 /* Images.xcassets in Resources */,
				FD269C4919FF3D6D0057F2DC /* ForthViewController.storyboard in Resources */,
				FD269C3F19FF3D200057F2DC /* EGOlibraryViewController.xib in Resources */,
				FD0AFDAA19F4BDC600F7A41C /* sample.pdf in Resources */,
				FD269C4E19FF3DA20057F2DC /* ReMenuViewController.xib in Resources */,
				FD0AFD6E19F4BD5000F7A41C /* jpg@2x.png in Resources */,
				FD0AFDA519F4BDC600F7A41C /* sample.jpg in Resources */,
				FD269C4419FF3D400057F2DC /* QuickLookViewController.xib in Resources */,
				FD0AFDA019F4BDC600F7A41C /* sample.docx in Resources */,
				FD0AFDAF19F4BDC600F7A41C /* sample.rtfd.zip in Resources */,
				FD0AFD9B19F4BDC600F7A41C /* sample_3s.xls in Resources */,
				FD0AFD7219F4BD5000F7A41C /* png@2x.png in Resources */,
				FD269C7319FF409C0057F2DC /* FirstViewController.xib in Resources */,
				FD0AFDA119F4BDC600F7A41C /* sample.gif in Resources */,
				FD0AFDA719F4BDC600F7A41C /* sample.key.zip in Resources */,
				FD0AFDB019F4BDC600F7A41C /* sample.tif in Resources */,
				FD0AFD7419F4BD5000F7A41C /* Top_Settings.png in Resources */,
				FD269C6919FF3F630057F2DC /* SnoopyViewController.xib in Resources */,
				FD0AFDB119F4BDC600F7A41C /* sample.tiff in Resources */,
				FD0AFDE919F616AF00F7A41C /* grayArrow.png in Resources */,
				FD0AFD7519F4BD5000F7A41C /* Top_Settings@2x.png in Resources */,
			);
			runOnlyForDeploymentPostprocessing = 0;
		};
		2E4ACFEC19C9B933000E9726 /* Resources */ = {
			isa = PBXResourcesBuildPhase;
			buildActionMask = 2147483647;
			files = (
				2E4ACFFA19C9B933000E9726 /* InfoPlist.strings in Resources */,
			);
			runOnlyForDeploymentPostprocessing = 0;
		};
/* End PBXResourcesBuildPhase section */

/* Begin PBXSourcesBuildPhase section */
		2E4ACFCF19C9B932000E9726 /* Sources */ = {
			isa = PBXSourcesBuildPhase;
			buildActionMask = 2147483647;
			files = (
				FD269C1619FF39E90057F2DC /* ZeroViewController.m in Sources */,
				FD269C5419FF3DBC0057F2DC /* NavigationViewController.m in Sources */,
				FD269C6419FF3F1E0057F2DC /* DeleteView.m in Sources */,
				FD269C6D19FF404E0057F2DC /* FirstFirstViewController.m in Sources */,
				2E4ACFE319C9B932000E9726 /* main.m in Sources */,
				FD269C7919FF41FD0057F2DC /* JASidePanelController.m in Sources */,
				FD0AFEFF19F7997F00F7A41C /* REMenuItemView.m in Sources */,
				FD269C4319FF3D400057F2DC /* QuickLookViewController.m in Sources */,
				FD269C3E19FF3D200057F2DC /* EGOlibraryViewController.m in Sources */,
				FD0AFEFB19F7997F00F7A41C /* RECommonFunctions.m in Sources */,
				FD0AFEFC19F7997F00F7A41C /* REMenu.m in Sources */,
				FD269C4D19FF3DA20057F2DC /* ReMenuViewController.m in Sources */,
				FD269C7A19FF41FD0057F2DC /* UIViewController+JASidePanel.m in Sources */,
				FD269C1419FF39E90057F2DC /* WebViewController.m in Sources */,
				FD269C3219FF3CCE0057F2DC /* ViewMasterAppDelegate.m in Sources */,
				FD0AFEFE19F7997F00F7A41C /* REMenuItem.m in Sources */,
				FD269C3D19FF3D200057F2DC /* EGOlibraryTableViewController.m in Sources */,
				FD0AFEFD19F7997F00F7A41C /* REMenuContainerView.m in Sources */,
				FD269C2919FF3C6B0057F2DC /* FileManageHelp.m in Sources */,
				FD269C3619FF3CF80057F2DC /* FBTableViewController.m in Sources */,
				FD269C7119FF40780057F2DC /* EditViewController.m in Sources */,
				FD269C2119FF3C130057F2DC /* FirstViewController.m in Sources */,
				FD269C1B19FF3A720057F2DC /* OneViewController.m in Sources */,
				FD0AFDE419F616AF00F7A41C /* EGORefreshTableHeaderView.m in Sources */,
				FD269C6119FF3F0B0057F2DC /* ActivityView.m in Sources */,
				FD269C5319FF3DBC0057F2DC /* HomeViewController.m in Sources */,
				FD269C1F19FF3ABF0057F2DC /* CreateFolderViewController.m in Sources */,
				FD269C2A19FF3C6B0057F2DC /* ForAlertDialog.m in Sources */,
				FD269C2819FF3C6B0057F2DC /* CommonUtil.m in Sources */,
				FD269C2E19FF3CA10057F2DC /* SectionTableViewController.m in Sources */,
				FD269C6819FF3F630057F2DC /* SnoopyViewController.m in Sources */,
				FD269C4819FF3D6D0057F2DC /* ForthViewController.m in Sources */,
			);
			runOnlyForDeploymentPostprocessing = 0;
		};
		2E4ACFEA19C9B933000E9726 /* Sources */ = {
			isa = PBXSourcesBuildPhase;
			buildActionMask = 2147483647;
			files = (
				2E4ACFFC19C9B933000E9726 /* ViewMasterTests.m in Sources */,
			);
			runOnlyForDeploymentPostprocessing = 0;
		};
/* End PBXSourcesBuildPhase section */

/* Begin PBXTargetDependency section */
		2E4ACFF419C9B933000E9726 /* PBXTargetDependency */ = {
			isa = PBXTargetDependency;
			target = 2E4ACFD219C9B932000E9726 /* ViewMaster */;
			targetProxy = 2E4ACFF319C9B933000E9726 /* PBXContainerItemProxy */;
		};
/* End PBXTargetDependency section */

/* Begin PBXVariantGroup section */
		2E4ACFDF19C9B932000E9726 /* InfoPlist.strings */ = {
			isa = PBXVariantGroup;
			children = (
				2E4ACFE019C9B932000E9726 /* en */,
				FD9F218C19DD12010094C4A5 /* ja */,
				FD9F218E19DD12130094C4A5 /* fr */,
				FD2CE6E319EDF9D500963174 /* de */,
			);
			name = InfoPlist.strings;
			sourceTree = "<group>";
		};
		2E4ACFF819C9B933000E9726 /* InfoPlist.strings */ = {
			isa = PBXVariantGroup;
			children = (
				2E4ACFF919C9B933000E9726 /* en */,
				FD9F218D19DD12010094C4A5 /* ja */,
				FD9F218F19DD12130094C4A5 /* fr */,
				FD2CE6E519EDF9D500963174 /* de */,
			);
			name = InfoPlist.strings;
			sourceTree = "<group>";
		};
		FD9F219219DD12210094C4A5 /* Localizable.strings */ = {
			isa = PBXVariantGroup;
			children = (
				FD9F219119DD12210094C4A5 /* en */,
				FD9F219319DD12240094C4A5 /* ja */,
				FD9F219419DD12260094C4A5 /* fr */,
				FD2CE6E419EDF9D500963174 /* de */,
			);
			name = Localizable.strings;
			sourceTree = "<group>";
		};
		FD9F219719DD2B950094C4A5 /* CreateFolderViewController.xib */ = {
			isa = PBXVariantGroup;
			children = (
				FD9F219619DD2B950094C4A5 /* en */,
				FD9F219819DD2B9C0094C4A5 /* ja */,
				FD9F219919DD2BA60094C4A5 /* fr */,
				FD2CE6E219EDF9D500963174 /* de */,
			);
			name = CreateFolderViewController.xib;
			sourceTree = "<group>";
		};
/* End PBXVariantGroup section */

/* Begin XCBuildConfiguration section */
		2E4ACFFD19C9B933000E9726 /* Debug */ = {
			isa = XCBuildConfiguration;
			buildSettings = {
				ALWAYS_SEARCH_USER_PATHS = NO;
				CLANG_CXX_LANGUAGE_STANDARD = "gnu++0x";
				CLANG_CXX_LIBRARY = "libc++";
				CLANG_ENABLE_MODULES = YES;
				CLANG_ENABLE_OBJC_ARC = YES;
				CLANG_WARN_BOOL_CONVERSION = YES;
				CLANG_WARN_CONSTANT_CONVERSION = YES;
				CLANG_WARN_DIRECT_OBJC_ISA_USAGE = YES_ERROR;
				CLANG_WARN_EMPTY_BODY = YES;
				CLANG_WARN_ENUM_CONVERSION = YES;
				CLANG_WARN_INT_CONVERSION = YES;
				CLANG_WARN_OBJC_ROOT_CLASS = YES_ERROR;
				CLANG_WARN__DUPLICATE_METHOD_MATCH = YES;
				"CODE_SIGN_IDENTITY[sdk=iphoneos*]" = "iPhone Developer";
				COPY_PHASE_STRIP = NO;
				GCC_C_LANGUAGE_STANDARD = gnu99;
				GCC_DYNAMIC_NO_PIC = NO;
				GCC_OPTIMIZATION_LEVEL = 0;
				GCC_PREPROCESSOR_DEFINITIONS = (
					"DEBUG=1",
					"$(inherited)",
				);
				GCC_SYMBOLS_PRIVATE_EXTERN = NO;
				GCC_WARN_64_TO_32_BIT_CONVERSION = YES;
				GCC_WARN_ABOUT_RETURN_TYPE = YES_ERROR;
				GCC_WARN_UNDECLARED_SELECTOR = YES;
				GCC_WARN_UNINITIALIZED_AUTOS = YES_AGGRESSIVE;
				GCC_WARN_UNUSED_FUNCTION = YES;
				GCC_WARN_UNUSED_VARIABLE = YES;
				IPHONEOS_DEPLOYMENT_TARGET = 7.0;
				ONLY_ACTIVE_ARCH = YES;
				SDKROOT = iphoneos;
			};
			name = Debug;
		};
		2E4ACFFE19C9B933000E9726 /* Release */ = {
			isa = XCBuildConfiguration;
			buildSettings = {
				ALWAYS_SEARCH_USER_PATHS = NO;
				CLANG_CXX_LANGUAGE_STANDARD = "gnu++0x";
				CLANG_CXX_LIBRARY = "libc++";
				CLANG_ENABLE_MODULES = YES;
				CLANG_ENABLE_OBJC_ARC = YES;
				CLANG_WARN_BOOL_CONVERSION = YES;
				CLANG_WARN_CONSTANT_CONVERSION = YES;
				CLANG_WARN_DIRECT_OBJC_ISA_USAGE = YES_ERROR;
				CLANG_WARN_EMPTY_BODY = YES;
				CLANG_WARN_ENUM_CONVERSION = YES;
				CLANG_WARN_INT_CONVERSION = YES;
				CLANG_WARN_OBJC_ROOT_CLASS = YES_ERROR;
				CLANG_WARN__DUPLICATE_METHOD_MATCH = YES;
				"CODE_SIGN_IDENTITY[sdk=iphoneos*]" = "iPhone Developer";
				COPY_PHASE_STRIP = YES;
				ENABLE_NS_ASSERTIONS = NO;
				GCC_C_LANGUAGE_STANDARD = gnu99;
				GCC_WARN_64_TO_32_BIT_CONVERSION = YES;
				GCC_WARN_ABOUT_RETURN_TYPE = YES_ERROR;
				GCC_WARN_UNDECLARED_SELECTOR = YES;
				GCC_WARN_UNINITIALIZED_AUTOS = YES_AGGRESSIVE;
				GCC_WARN_UNUSED_FUNCTION = YES;
				GCC_WARN_UNUSED_VARIABLE = YES;
				IPHONEOS_DEPLOYMENT_TARGET = 7.0;
				SDKROOT = iphoneos;
				VALIDATE_PRODUCT = YES;
			};
			name = Release;
		};
		2E4AD00019C9B933000E9726 /* Debug */ = {
			isa = XCBuildConfiguration;
			buildSettings = {
				ASSETCATALOG_COMPILER_APPICON_NAME = AppIcon;
				ASSETCATALOG_COMPILER_LAUNCHIMAGE_NAME = LaunchImage;
				CODE_SIGN_IDENTITY = "iPhone Developer";
				"CODE_SIGN_IDENTITY[sdk=iphoneos*]" = "iPhone Developer";
				GCC_PRECOMPILE_PREFIX_HEADER = YES;
				GCC_PREFIX_HEADER = "ViewMaster/ViewMaster-Prefix.pch";
				INFOPLIST_FILE = "ViewMaster/ViewMaster-Info.plist";
				IPHONEOS_DEPLOYMENT_TARGET = 7.0;
				PRODUCT_NAME = "$(TARGET_NAME)";
				PROVISIONING_PROFILE = "";
				WRAPPER_EXTENSION = app;
			};
			name = Debug;
		};
		2E4AD00119C9B933000E9726 /* Release */ = {
			isa = XCBuildConfiguration;
			buildSettings = {
				ASSETCATALOG_COMPILER_APPICON_NAME = AppIcon;
				ASSETCATALOG_COMPILER_LAUNCHIMAGE_NAME = LaunchImage;
				CODE_SIGN_IDENTITY = "iPhone Developer";
				"CODE_SIGN_IDENTITY[sdk=iphoneos*]" = "iPhone Developer";
				GCC_PRECOMPILE_PREFIX_HEADER = YES;
				GCC_PREFIX_HEADER = "ViewMaster/ViewMaster-Prefix.pch";
				INFOPLIST_FILE = "ViewMaster/ViewMaster-Info.plist";
				IPHONEOS_DEPLOYMENT_TARGET = 7.0;
				PRODUCT_NAME = "$(TARGET_NAME)";
				PROVISIONING_PROFILE = "";
				WRAPPER_EXTENSION = app;
			};
			name = Release;
		};
		2E4AD00319C9B933000E9726 /* Debug */ = {
			isa = XCBuildConfiguration;
			buildSettings = {
				BUNDLE_LOADER = "$(BUILT_PRODUCTS_DIR)/ViewMaster.app/ViewMaster";
				FRAMEWORK_SEARCH_PATHS = (
					"$(SDKROOT)/Developer/Library/Frameworks",
					"$(inherited)",
					"$(DEVELOPER_FRAMEWORKS_DIR)",
				);
				GCC_PRECOMPILE_PREFIX_HEADER = YES;
				GCC_PREFIX_HEADER = "ViewMaster/ViewMaster-Prefix.pch";
				GCC_PREPROCESSOR_DEFINITIONS = (
					"DEBUG=1",
					"$(inherited)",
				);
				INFOPLIST_FILE = "ViewMasterTests/ViewMasterTests-Info.plist";
				PRODUCT_NAME = "$(TARGET_NAME)";
				TEST_HOST = "$(BUNDLE_LOADER)";
				WRAPPER_EXTENSION = xctest;
			};
			name = Debug;
		};
		2E4AD00419C9B933000E9726 /* Release */ = {
			isa = XCBuildConfiguration;
			buildSettings = {
				BUNDLE_LOADER = "$(BUILT_PRODUCTS_DIR)/ViewMaster.app/ViewMaster";
				FRAMEWORK_SEARCH_PATHS = (
					"$(SDKROOT)/Developer/Library/Frameworks",
					"$(inherited)",
					"$(DEVELOPER_FRAMEWORKS_DIR)",
				);
				GCC_PRECOMPILE_PREFIX_HEADER = YES;
				GCC_PREFIX_HEADER = "ViewMaster/ViewMaster-Prefix.pch";
				INFOPLIST_FILE = "ViewMasterTests/ViewMasterTests-Info.plist";
				PRODUCT_NAME = "$(TARGET_NAME)";
				TEST_HOST = "$(BUNDLE_LOADER)";
				WRAPPER_EXTENSION = xctest;
			};
			name = Release;
		};
/* End XCBuildConfiguration section */

/* Begin XCConfigurationList section */
		2E4ACFCE19C9B932000E9726 /* Build configuration list for PBXProject "ViewMaster" */ = {
			isa = XCConfigurationList;
			buildConfigurations = (
				2E4ACFFD19C9B933000E9726 /* Debug */,
				2E4ACFFE19C9B933000E9726 /* Release */,
			);
			defaultConfigurationIsVisible = 0;
			defaultConfigurationName = Release;
		};
		2E4ACFFF19C9B933000E9726 /* Build configuration list for PBXNativeTarget "ViewMaster" */ = {
			isa = XCConfigurationList;
			buildConfigurations = (
				2E4AD00019C9B933000E9726 /* Debug */,
				2E4AD00119C9B933000E9726 /* Release */,
			);
			defaultConfigurationIsVisible = 0;
			defaultConfigurationName = Release;
		};
		2E4AD00219C9B933000E9726 /* Build configuration list for PBXNativeTarget "ViewMasterTests" */ = {
			isa = XCConfigurationList;
			buildConfigurations = (
				2E4AD00319C9B933000E9726 /* Debug */,
				2E4AD00419C9B933000E9726 /* Release */,
			);
			defaultConfigurationIsVisible = 0;
			defaultConfigurationName = Release;
		};
/* End XCConfigurationList section */
	};
	rootObject = 2E4ACFCB19C9B932000E9726 /* Project object */;
}
